PODS:
  - Alamofire (4.0.1)
  - Kingfisher (3.2.0)
  - Reachability (3.2)
  - SnapKit (3.0.2)
  - SQLite.swift (0.11.0):
    - SQLite.swift/standard (= 0.11.0)
  - SQLite.swift/standard (0.11.0)
  - SVProgressHUD (2.0.3)

DEPENDENCIES:
  - Alamofire
  - Kingfisher
  - Reachability
  - SnapKit (~> 3.0)
  - SQLite.swift
  - SVProgressHUD

SPEC CHECKSUMS:
  Alamofire: 7682d43245de14874acd142ec137b144aa1dd335
  Kingfisher: 50407d1d5dbc34965009d425a286342ff36a84ea
  Reachability: 33e18b67625424e47b6cde6d202dce689ad7af96
  SnapKit: 2e456761aa92d4d4067a7a5594c18769d451a8ad
  SQLite.swift: 9a26273607d3077a2e5a8d33486e9989f8404c7d
  SVProgressHUD: b0830714205bea1317ea1a2ebc71e5633af334d4

PODFILE CHECKSUM: 48ea284c9519a48ac67c078d155ffbbcb5928c18

COCOAPODS: 1.0.0
