// !$*UTF8*$!
{
	archiveVersion = 1;
	classes = {
	};
	objectVersion = 46;
	objects = {

/* Begin PBXBuildFile section */
		0C0CAE252058AAE0005D913A /* ZAppDelegate.swift in Sources */ = {isa = PBXBuildFile; fileRef = 0C0CADA32058AAE0005D913A /* ZAppDelegate.swift */; };
		0C0CAE262058AAE0005D913A /* UINavigationController+Extends.m in Sources */ = {isa = PBXBuildFile; fileRef = 0C0CADA72058AAE0005D913A /* UINavigationController+Extends.m */; };
		0C0CAE272058AAE0005D913A /* BaseViewController.swift in Sources */ = {isa = PBXBuildFile; fileRef = 0C0CADA92058AAE0005D913A /* BaseViewController.swift */; };
		0C0CAE282058AAE0005D913A /* ZNavigationController.swift in Sources */ = {isa = PBXBuildFile; fileRef = 0C0CADAA2058AAE0005D913A /* ZNavigationController.swift */; };
		0C0CAE292058AAE0005D913A /* AddressPickView.swift in Sources */ = {isa = PBXBuildFile; fileRef = 0C0CADAC2058AAE0005D913A /* AddressPickView.swift */; };
		0C0CAE2A2058AAE0005D913A /* CCMAMapView.swift in Sources */ = {isa = PBXBuildFile; fileRef = 0C0CADAD2058AAE0005D913A /* CCMAMapView.swift */; };
		0C0CAE2B2058AAE0005D913A /* PopMenu.swift in Sources */ = {isa = PBXBuildFile; fileRef = 0C0CADAE2058AAE0005D913A /* PopMenu.swift */; };
		0C0CAE2C2058AAE0005D913A /* PresentNaBarView.swift in Sources */ = {isa = PBXBuildFile; fileRef = 0C0CADAF2058AAE0005D913A /* PresentNaBarView.swift */; };
		0C0CAE2D2058AAE0005D913A /* Search.swift in Sources */ = {isa = PBXBuildFile; fileRef = 0C0CADB02058AAE0005D913A /* Search.swift */; };
		0C0CAE2E2058AAE0005D913A /* SettingsTable.swift in Sources */ = {isa = PBXBuildFile; fileRef = 0C0CADB12058AAE0005D913A /* SettingsTable.swift */; };
		0C0CAE2F2058AAE0005D913A /* UIView+Extension.swift in Sources */ = {isa = PBXBuildFile; fileRef = 0C0CADB22058AAE0005D913A /* UIView+Extension.swift */; };
		0C0CAE302058AAE0005D913A /* ZLabel.swift in Sources */ = {isa = PBXBuildFile; fileRef = 0C0CADB32058AAE0005D913A /* ZLabel.swift */; };
		0C0CAE312058AAE0005D913A /* FinishBlockHelper.swift in Sources */ = {isa = PBXBuildFile; fileRef = 0C0CADB52058AAE0005D913A /* FinishBlockHelper.swift */; };
		0C0CAE322058AAE0005D913A /* FinishBlockHelper.temp_caseinsensitive_rename.swift in Sources */ = {isa = PBXBuildFile; fileRef = 0C0CADB62058AAE0005D913A /* FinishBlockHelper.temp_caseinsensitive_rename.swift */; };
		0C0CAE332058AAE0005D913A /* GlobalVariables.swift in Sources */ = {isa = PBXBuildFile; fileRef = 0C0CADB72058AAE0005D913A /* GlobalVariables.swift */; };
		0C0CAE342058AAE0005D913A /* CCLocationManager.swift in Sources */ = {isa = PBXBuildFile; fileRef = 0C0CADB92058AAE0005D913A /* CCLocationManager.swift */; };
		0C0CAE352058AAE0005D913A /* CCSingleton.swift in Sources */ = {isa = PBXBuildFile; fileRef = 0C0CADBA2058AAE0005D913A /* CCSingleton.swift */; };
		0C0CAE362058AAE0005D913A /* ReturnLocationHelper.swift in Sources */ = {isa = PBXBuildFile; fileRef = 0C0CADBB2058AAE0005D913A /* ReturnLocationHelper.swift */; };
		0C0CAE372058AAE0005D913A /* SavaImgHelper.swift in Sources */ = {isa = PBXBuildFile; fileRef = 0C0CADBD2058AAE0005D913A /* SavaImgHelper.swift */; };
		0C0CAE382058AAE0005D913A /* SaveUserImageHelper.swift in Sources */ = {isa = PBXBuildFile; fileRef = 0C0CADBE2058AAE0005D913A /* SaveUserImageHelper.swift */; };
		0C0CAE392058AAE0005D913A /* SQLiteManager.swift in Sources */ = {isa = PBXBuildFile; fileRef = 0C0CADBF2058AAE0005D913A /* SQLiteManager.swift */; };
		0C0CAE3A2058AAE0005D913A /* LoadingVC.swift in Sources */ = {isa = PBXBuildFile; fileRef = 0C0CADC22058AAE0005D913A /* LoadingVC.swift */; };
		0C0CAE3B2058AAE0005D913A /* Main.storyboard in Resources */ = {isa = PBXBuildFile; fileRef = 0C0CADC32058AAE0005D913A /* Main.storyboard */; };
		0C0CAE3C2058AAE0005D913A /* UserGuideVC.swift in Sources */ = {isa = PBXBuildFile; fileRef = 0C0CADC42058AAE0005D913A /* UserGuideVC.swift */; };
		0C0CAE3D2058AAE0005D913A /* ZTabBarController.swift in Sources */ = {isa = PBXBuildFile; fileRef = 0C0CADC52058AAE0005D913A /* ZTabBarController.swift */; };
		0C0CAE3E2058AAE0005D913A /* noticeMusic.caf in Resources */ = {isa = PBXBuildFile; fileRef = 0C0CADC92058AAE0005D913A /* noticeMusic.caf */; };
		0C0CAE3F2058AAE0005D913A /* Detection.storyboard in Resources */ = {isa = PBXBuildFile; fileRef = 0C0CADCD2058AAE0005D913A /* Detection.storyboard */; };
		0C0CAE402058AAE0005D913A /* DetectionVC.swift in Sources */ = {isa = PBXBuildFile; fileRef = 0C0CADCE2058AAE0005D913A /* DetectionVC.swift */; };
		0C0CAE412058AAE0005D913A /* DetectionModel.swift in Sources */ = {isa = PBXBuildFile; fileRef = 0C0CADD02058AAE0005D913A /* DetectionModel.swift */; };
		0C0CAE422058AAE0005D913A /* DetectionCell.swift in Sources */ = {isa = PBXBuildFile; fileRef = 0C0CADD22058AAE0005D913A /* DetectionCell.swift */; };
		0C0CAE432058AAE0005D913A /* AlbumViewController.swift in Sources */ = {isa = PBXBuildFile; fileRef = 0C0CADD52058AAE0005D913A /* AlbumViewController.swift */; };
		0C0CAE442058AAE0005D913A /* CustomCameraViC.swift in Sources */ = {isa = PBXBuildFile; fileRef = 0C0CADD62058AAE0005D913A /* CustomCameraViC.swift */; };
		0C0CAE452058AAE0005D913A /* PageNavigation.storyboard in Resources */ = {isa = PBXBuildFile; fileRef = 0C0CADD72058AAE0005D913A /* PageNavigation.storyboard */; };
		0C0CAE462058AAE0005D913A /* PageNavigationVC.swift in Sources */ = {isa = PBXBuildFile; fileRef = 0C0CADD82058AAE0005D913A /* PageNavigationVC.swift */; };
		0C0CAE472058AAE0005D913A /* DCCameraAlbum.swift in Sources */ = {isa = PBXBuildFile; fileRef = 0C0CADDA2058AAE0005D913A /* DCCameraAlbum.swift */; };
		0C0CAE482058AAE0005D913A /* UIImage-Extension.swift in Sources */ = {isa = PBXBuildFile; fileRef = 0C0CADDB2058AAE0005D913A /* UIImage-Extension.swift */; };
		0C0CAE492058AAE0005D913A /* AlbumCollectionView.swift in Sources */ = {isa = PBXBuildFile; fileRef = 0C0CADDD2058AAE0005D913A /* AlbumCollectionView.swift */; };
		0C0CAE4A2058AAE0005D913A /* AlbumCollectionViewCell.swift in Sources */ = {isa = PBXBuildFile; fileRef = 0C0CADDE2058AAE0005D913A /* AlbumCollectionViewCell.swift */; };
		0C0CAE4B2058AAE0005D913A /* PicListCell.swift in Sources */ = {isa = PBXBuildFile; fileRef = 0C0CADDF2058AAE0005D913A /* PicListCell.swift */; };
		0C0CAE4C2058AAE0005D913A /* PicListCollectionView.swift in Sources */ = {isa = PBXBuildFile; fileRef = 0C0CADE02058AAE0005D913A /* PicListCollectionView.swift */; };
		0C0CAE4D2058AAE0005D913A /* TopBar.swift in Sources */ = {isa = PBXBuildFile; fileRef = 0C0CADE12058AAE0005D913A /* TopBar.swift */; };
		0C0CAE4E2058AAE0005D913A /* GenderVC.swift in Sources */ = {isa = PBXBuildFile; fileRef = 0C0CADE42058AAE0005D913A /* GenderVC.swift */; };
		0C0CAE4F2058AAE0005D913A /* LocationVC.swift in Sources */ = {isa = PBXBuildFile; fileRef = 0C0CADE52058AAE0005D913A /* LocationVC.swift */; };
		0C0CAE502058AAE0005D913A /* LoginViewController.swift in Sources */ = {isa = PBXBuildFile; fileRef = 0C0CADE62058AAE0005D913A /* LoginViewController.swift */; };
		0C0CAE512058AAE0005D913A /* MyQRCodeVC.swift in Sources */ = {isa = PBXBuildFile; fileRef = 0C0CADE72058AAE0005D913A /* MyQRCodeVC.swift */; };
		0C0CAE522058AAE0005D913A /* RegisterViewController.swift in Sources */ = {isa = PBXBuildFile; fileRef = 0C0CADE82058AAE0005D913A /* RegisterViewController.swift */; };
		0C0CAE532058AAE0005D913A /* ScanCodeResultVC.swift in Sources */ = {isa = PBXBuildFile; fileRef = 0C0CADE92058AAE0005D913A /* ScanCodeResultVC.swift */; };
		0C0CAE542058AAE0005D913A /* ScanCodeVC.swift in Sources */ = {isa = PBXBuildFile; fileRef = 0C0CADEA2058AAE0005D913A /* ScanCodeVC.swift */; };
		0C0CAE552058AAE0005D913A /* UpDateAddressVC.swift in Sources */ = {isa = PBXBuildFile; fileRef = 0C0CADEB2058AAE0005D913A /* UpDateAddressVC.swift */; };
		0C0CAE562058AAE0005D913A /* UserAddressVC.swift in Sources */ = {isa = PBXBuildFile; fileRef = 0C0CADEC2058AAE0005D913A /* UserAddressVC.swift */; };
		0C0CAE572058AAE0005D913A /* UserCenter.storyboard in Resources */ = {isa = PBXBuildFile; fileRef = 0C0CADED2058AAE0005D913A /* UserCenter.storyboard */; };
		0C0CAE582058AAE0005D913A /* UserCenterVC.swift in Sources */ = {isa = PBXBuildFile; fileRef = 0C0CADEE2058AAE0005D913A /* UserCenterVC.swift */; };
		0C0CAE592058AAE0005D913A /* UserInfoVC.swift in Sources */ = {isa = PBXBuildFile; fileRef = 0C0CADEF2058AAE0005D913A /* UserInfoVC.swift */; };
		0C0CAE5A2058AAE0005D913A /* UserNameVC.swift in Sources */ = {isa = PBXBuildFile; fileRef = 0C0CADF02058AAE0005D913A /* UserNameVC.swift */; };
		0C0CAE5B2058AAE0005D913A /* UserPhotoVC.swift in Sources */ = {isa = PBXBuildFile; fileRef = 0C0CADF12058AAE0005D913A /* UserPhotoVC.swift */; };
		0C0CAE5C2058AAE0005D913A /* ScanCodeTool.swift in Sources */ = {isa = PBXBuildFile; fileRef = 0C0CADF42058AAE0005D913A /* ScanCodeTool.swift */; };
		0C0CAE5D2058AAE0005D913A /* String+QRCode.swift in Sources */ = {isa = PBXBuildFile; fileRef = 0C0CADF52058AAE0005D913A /* String+QRCode.swift */; };
		0C0CAE5E2058AAE0005D913A /* UIImage+QRCode.swift in Sources */ = {isa = PBXBuildFile; fileRef = 0C0CADF62058AAE0005D913A /* UIImage+QRCode.swift */; };
		0C0CAE5F2058AAE0005D913A /* AddressDetailCell.swift in Sources */ = {isa = PBXBuildFile; fileRef = 0C0CADF82058AAE0005D913A /* AddressDetailCell.swift */; };
		0C0CAE602058AAE0005D913A /* AddressDetailCell.xib in Resources */ = {isa = PBXBuildFile; fileRef = 0C0CADF92058AAE0005D913A /* AddressDetailCell.xib */; };
		0C0CAE612058AAE0005D913A /* EditAddressCommonCell.swift in Sources */ = {isa = PBXBuildFile; fileRef = 0C0CADFA2058AAE0005D913A /* EditAddressCommonCell.swift */; };
		0C0CAE622058AAE0005D913A /* EditAddressCommonCell.xib in Resources */ = {isa = PBXBuildFile; fileRef = 0C0CADFB2058AAE0005D913A /* EditAddressCommonCell.xib */; };
		0C0CAE632058AAE0005D913A /* GenderCell.swift in Sources */ = {isa = PBXBuildFile; fileRef = 0C0CADFC2058AAE0005D913A /* GenderCell.swift */; };
		0C0CAE642058AAE0005D913A /* GenderCell.xib in Resources */ = {isa = PBXBuildFile; fileRef = 0C0CADFD2058AAE0005D913A /* GenderCell.xib */; };
		0C0CAE652058AAE0005D913A /* LocationCell.swift in Sources */ = {isa = PBXBuildFile; fileRef = 0C0CADFE2058AAE0005D913A /* LocationCell.swift */; };
		0C0CAE662058AAE0005D913A /* LocationCell.xib in Resources */ = {isa = PBXBuildFile; fileRef = 0C0CADFF2058AAE0005D913A /* LocationCell.xib */; };
		0C0CAE672058AAE0005D913A /* LocationSearch.swift in Sources */ = {isa = PBXBuildFile; fileRef = 0C0CAE002058AAE0005D913A /* LocationSearch.swift */; };
		0C0CAE682058AAE0005D913A /* NewlyAddedAddressCell.swift in Sources */ = {isa = PBXBuildFile; fileRef = 0C0CAE012058AAE0005D913A /* NewlyAddedAddressCell.swift */; };
		0C0CAE692058AAE0005D913A /* NewlyAddedAddressCell.xib in Resources */ = {isa = PBXBuildFile; fileRef = 0C0CAE022058AAE0005D913A /* NewlyAddedAddressCell.xib */; };
		0C0CAE6A2058AAE0005D913A /* ScanCodeLoadingView.swift in Sources */ = {isa = PBXBuildFile; fileRef = 0C0CAE032058AAE0005D913A /* ScanCodeLoadingView.swift */; };
		0C0CAE6B2058AAE0005D913A /* ScanCodeView.swift in Sources */ = {isa = PBXBuildFile; fileRef = 0C0CAE042058AAE0005D913A /* ScanCodeView.swift */; };
		0C0CAE6C2058AAE0005D913A /* ShowAddressCell.swift in Sources */ = {isa = PBXBuildFile; fileRef = 0C0CAE052058AAE0005D913A /* ShowAddressCell.swift */; };
		0C0CAE6D2058AAE0005D913A /* ShowAddressCell.xib in Resources */ = {isa = PBXBuildFile; fileRef = 0C0CAE062058AAE0005D913A /* ShowAddressCell.xib */; };
		0C0CAE6E2058AAE0005D913A /* TabBarView.swift in Sources */ = {isa = PBXBuildFile; fileRef = 0C0CAE072058AAE0005D913A /* TabBarView.swift */; };
		0C0CAE6F2058AAE0005D913A /* UserImgCell.swift in Sources */ = {isa = PBXBuildFile; fileRef = 0C0CAE082058AAE0005D913A /* UserImgCell.swift */; };
		0C0CAE702058AAE0005D913A /* UserImgCell.xib in Resources */ = {isa = PBXBuildFile; fileRef = 0C0CAE092058AAE0005D913A /* UserImgCell.xib */; };
		0C0CAE712058AAE0005D913A /* UserInfoCommonCell.swift in Sources */ = {isa = PBXBuildFile; fileRef = 0C0CAE0A2058AAE0005D913A /* UserInfoCommonCell.swift */; };
		0C0CAE722058AAE0005D913A /* UserInfoCommonCell.xib in Resources */ = {isa = PBXBuildFile; fileRef = 0C0CAE0B2058AAE0005D913A /* UserInfoCommonCell.xib */; };
		0C0CAE732058AAE0005D913A /* UserInfoCommonNoneCell.swift in Sources */ = {isa = PBXBuildFile; fileRef = 0C0CAE0C2058AAE0005D913A /* UserInfoCommonNoneCell.swift */; };
		0C0CAE742058AAE0005D913A /* UserInfoCommonNoneCell.xib in Resources */ = {isa = PBXBuildFile; fileRef = 0C0CAE0D2058AAE0005D913A /* UserInfoCommonNoneCell.xib */; };
		0C0CAE752058AAE0005D913A /* UserInfoPhotoCell.swift in Sources */ = {isa = PBXBuildFile; fileRef = 0C0CAE0E2058AAE0005D913A /* UserInfoPhotoCell.swift */; };
		0C0CAE762058AAE0005D913A /* UserInfoPhotoCell.xib in Resources */ = {isa = PBXBuildFile; fileRef = 0C0CAE0F2058AAE0005D913A /* UserInfoPhotoCell.xib */; };
		0C0CAE772058AAE0005D913A /* UserInfoQRCodeCell.swift in Sources */ = {isa = PBXBuildFile; fileRef = 0C0CAE102058AAE0005D913A /* UserInfoQRCodeCell.swift */; };
		0C0CAE782058AAE0005D913A /* UserInfoQRCodeCell.xib in Resources */ = {isa = PBXBuildFile; fileRef = 0C0CAE112058AAE0005D913A /* UserInfoQRCodeCell.xib */; };
		0C0CAE792058AAE0005D913A /* ZCommonCell.swift in Sources */ = {isa = PBXBuildFile; fileRef = 0C0CAE122058AAE0005D913A /* ZCommonCell.swift */; };
		0C0CAE7A2058AAE0005D913A /* ZCommonCell.xib in Resources */ = {isa = PBXBuildFile; fileRef = 0C0CAE132058AAE0005D913A /* ZCommonCell.xib */; };
		0C0CAE7B2058AAE0005D913A /* HomePage.storyboard in Resources */ = {isa = PBXBuildFile; fileRef = 0C0CAE162058AAE0005D913A /* HomePage.storyboard */; };
		0C0CAE7C2058AAE0005D913A /* HomePageVC.swift in Sources */ = {isa = PBXBuildFile; fileRef = 0C0CAE172058AAE0005D913A /* HomePageVC.swift */; };
		0C0CAE7D2058AAE0005D913A /* HomePageCell.swift in Sources */ = {isa = PBXBuildFile; fileRef = 0C0CAE192058AAE0005D913A /* HomePageCell.swift */; };
		0C0CAE7E2058AAE0005D913A /* HomePageCell.xib in Resources */ = {isa = PBXBuildFile; fileRef = 0C0CAE1A2058AAE0005D913A /* HomePageCell.xib */; };
		0C0CAE832058AAE0005D913A /* Config.swift in Sources */ = {isa = PBXBuildFile; fileRef = 0C0CAE232058AAE0005D913A /* Config.swift */; };
		0C0CAE942058AB8A005D913A /* CrashManager.swift in Sources */ = {isa = PBXBuildFile; fileRef = 0C0CAE8F2058AB8A005D913A /* CrashManager.swift */; };
		0C0CAE952058AB8A005D913A /* crashNSExceptionManager.swift in Sources */ = {isa = PBXBuildFile; fileRef = 0C0CAE902058AB8A005D913A /* crashNSExceptionManager.swift */; };
		0C0CAE962058AB8A005D913A /* crashSignalManager.swift in Sources */ = {isa = PBXBuildFile; fileRef = 0C0CAE912058AB8A005D913A /* crashSignalManager.swift */; };
		0C0CAE972058AB8A005D913A /* SlideAdressTool.m in Sources */ = {isa = PBXBuildFile; fileRef = 0C0CAE932058AB8A005D913A /* SlideAdressTool.m */; };
		86DCA0D831C89B2211EE8F5D /* Pods_LexTests.framework in Frameworks */ = {isa = PBXBuildFile; fileRef = 0F4F964113A6FCEC3396D41B /* Pods_LexTests.framework */; };
		9EA532EE9083DC7F1B960791 /* Pods_Lex.framework in Frameworks */ = {isa = PBXBuildFile; fileRef = D0EEB82FD92088A2281A975F /* Pods_Lex.framework */; };
		A566A8B21E78E06F00520B89 /* FDFullscreenPopGesture.framework in Frameworks */ = {isa = PBXBuildFile; fileRef = A566A89A1E78E06F00520B89 /* FDFullscreenPopGesture.framework */; };
		A566A8B51E78E06F00520B89 /* Kingfisher.framework in Frameworks */ = {isa = PBXBuildFile; fileRef = A566A89D1E78E06F00520B89 /* Kingfisher.framework */; };
		A566A8BB1E78E06F00520B89 /* Reachability.framework in Frameworks */ = {isa = PBXBuildFile; fileRef = A566A8A31E78E06F00520B89 /* Reachability.framework */; };
		A566A8BC1E78E06F00520B89 /* REFormattedNumberField.framework in Frameworks */ = {isa = PBXBuildFile; fileRef = A566A8A41E78E06F00520B89 /* REFormattedNumberField.framework */; };
		A566A8BD1E78E06F00520B89 /* RETableViewManager.framework in Frameworks */ = {isa = PBXBuildFile; fileRef = A566A8A51E78E06F00520B89 /* RETableViewManager.framework */; };
		A566A8C01E78E06F00520B89 /* SnapKit.framework in Frameworks */ = {isa = PBXBuildFile; fileRef = A566A8A81E78E06F00520B89 /* SnapKit.framework */; };
		A566A8C11E78E06F00520B89 /* SQLite.framework in Frameworks */ = {isa = PBXBuildFile; fileRef = A566A8A91E78E06F00520B89 /* SQLite.framework */; };
		A566A8C21E78E06F00520B89 /* SVProgressHUD.framework in Frameworks */ = {isa = PBXBuildFile; fileRef = A566A8AA1E78E06F00520B89 /* SVProgressHUD.framework */; };
		A566A8C51E78E0A100520B89 /* Photos.framework in Frameworks */ = {isa = PBXBuildFile; fileRef = A566A8C41E78E0A100520B89 /* Photos.framework */; };
		A566A8C71E78E0AF00520B89 /* AssetsLibrary.framework in Frameworks */ = {isa = PBXBuildFile; fileRef = A566A8C61E78E0AF00520B89 /* AssetsLibrary.framework */; };
		A566A8C91E78E0BB00520B89 /* AVFoundation.framework in Frameworks */ = {isa = PBXBuildFile; fileRef = A566A8C81E78E0BB00520B89 /* AVFoundation.framework */; };
		A5BBA1DC1E0CCFBD00256ED7 /* Address.plist in Resources */ = {isa = PBXBuildFile; fileRef = A5BBA1DB1E0CCFBD00256ED7 /* Address.plist */; };
		A5C4430F1E039DB400C33517 /* Assets.xcassets in Resources */ = {isa = PBXBuildFile; fileRef = A5C4430E1E039DB400C33517 /* Assets.xcassets */; };
		A5C443121E039DB400C33517 /* LaunchScreen.storyboard in Resources */ = {isa = PBXBuildFile; fileRef = A5C443101E039DB400C33517 /* LaunchScreen.storyboard */; };
		A5C4431D1E039DB500C33517 /* LexTests.swift in Sources */ = {isa = PBXBuildFile; fileRef = A5C4431C1E039DB500C33517 /* LexTests.swift */; };
		A5C443281E039DB500C33517 /* LexUITests.swift in Sources */ = {isa = PBXBuildFile; fileRef = A5C443271E039DB500C33517 /* LexUITests.swift */; };
		FB267DD2C84E39A792EF8B0D /* Pods_LexUITests.framework in Frameworks */ = {isa = PBXBuildFile; fileRef = 499767940E751928E382D833 /* Pods_LexUITests.framework */; };
/* End PBXBuildFile section */

/* Begin PBXContainerItemProxy section */
		A5C443191E039DB500C33517 /* PBXContainerItemProxy */ = {
			isa = PBXContainerItemProxy;
			containerPortal = A5C442FC1E039DB400C33517 /* Project object */;
			proxyType = 1;
			remoteGlobalIDString = A5C443031E039DB400C33517;
			remoteInfo = Lex;
		};
		A5C443241E039DB500C33517 /* PBXContainerItemProxy */ = {
			isa = PBXContainerItemProxy;
			containerPortal = A5C442FC1E039DB400C33517 /* Project object */;
			proxyType = 1;
			remoteGlobalIDString = A5C443031E039DB400C33517;
			remoteInfo = Lex;
		};
/* End PBXContainerItemProxy section */

/* Begin PBXFileReference section */
		0C0CADA32058AAE0005D913A /* ZAppDelegate.swift */ = {isa = PBXFileReference; fileEncoding = 4; lastKnownFileType = sourcecode.swift; path = ZAppDelegate.swift; sourceTree = "<group>"; };
		0C0CADA62058AAE0005D913A /* UINavigationController+Extends.h */ = {isa = PBXFileReference; fileEncoding = 4; lastKnownFileType = sourcecode.c.h; path = "UINavigationController+Extends.h"; sourceTree = "<group>"; };
		0C0CADA72058AAE0005D913A /* UINavigationController+Extends.m */ = {isa = PBXFileReference; fileEncoding = 4; lastKnownFileType = sourcecode.c.objc; path = "UINavigationController+Extends.m"; sourceTree = "<group>"; };
		0C0CADA92058AAE0005D913A /* BaseViewController.swift */ = {isa = PBXFileReference; fileEncoding = 4; lastKnownFileType = sourcecode.swift; path = BaseViewController.swift; sourceTree = "<group>"; };
		0C0CADAA2058AAE0005D913A /* ZNavigationController.swift */ = {isa = PBXFileReference; fileEncoding = 4; lastKnownFileType = sourcecode.swift; path = ZNavigationController.swift; sourceTree = "<group>"; };
		0C0CADAC2058AAE0005D913A /* AddressPickView.swift */ = {isa = PBXFileReference; fileEncoding = 4; lastKnownFileType = sourcecode.swift; path = AddressPickView.swift; sourceTree = "<group>"; };
		0C0CADAD2058AAE0005D913A /* CCMAMapView.swift */ = {isa = PBXFileReference; fileEncoding = 4; lastKnownFileType = sourcecode.swift; path = CCMAMapView.swift; sourceTree = "<group>"; };
		0C0CADAE2058AAE0005D913A /* PopMenu.swift */ = {isa = PBXFileReference; fileEncoding = 4; lastKnownFileType = sourcecode.swift; path = PopMenu.swift; sourceTree = "<group>"; };
		0C0CADAF2058AAE0005D913A /* PresentNaBarView.swift */ = {isa = PBXFileReference; fileEncoding = 4; lastKnownFileType = sourcecode.swift; path = PresentNaBarView.swift; sourceTree = "<group>"; };
		0C0CADB02058AAE0005D913A /* Search.swift */ = {isa = PBXFileReference; fileEncoding = 4; lastKnownFileType = sourcecode.swift; path = Search.swift; sourceTree = "<group>"; };
		0C0CADB12058AAE0005D913A /* SettingsTable.swift */ = {isa = PBXFileReference; fileEncoding = 4; lastKnownFileType = sourcecode.swift; path = SettingsTable.swift; sourceTree = "<group>"; };
		0C0CADB22058AAE0005D913A /* UIView+Extension.swift */ = {isa = PBXFileReference; fileEncoding = 4; lastKnownFileType = sourcecode.swift; path = "UIView+Extension.swift"; sourceTree = "<group>"; };
		0C0CADB32058AAE0005D913A /* ZLabel.swift */ = {isa = PBXFileReference; fileEncoding = 4; lastKnownFileType = sourcecode.swift; path = ZLabel.swift; sourceTree = "<group>"; };
		0C0CADB52058AAE0005D913A /* FinishBlockHelper.swift */ = {isa = PBXFileReference; fileEncoding = 4; lastKnownFileType = sourcecode.swift; path = FinishBlockHelper.swift; sourceTree = "<group>"; };
		0C0CADB62058AAE0005D913A /* FinishBlockHelper.temp_caseinsensitive_rename.swift */ = {isa = PBXFileReference; fileEncoding = 4; lastKnownFileType = sourcecode.swift; path = FinishBlockHelper.temp_caseinsensitive_rename.swift; sourceTree = "<group>"; };
		0C0CADB72058AAE0005D913A /* GlobalVariables.swift */ = {isa = PBXFileReference; fileEncoding = 4; lastKnownFileType = sourcecode.swift; path = GlobalVariables.swift; sourceTree = "<group>"; };
		0C0CADB92058AAE0005D913A /* CCLocationManager.swift */ = {isa = PBXFileReference; fileEncoding = 4; lastKnownFileType = sourcecode.swift; path = CCLocationManager.swift; sourceTree = "<group>"; };
		0C0CADBA2058AAE0005D913A /* CCSingleton.swift */ = {isa = PBXFileReference; fileEncoding = 4; lastKnownFileType = sourcecode.swift; path = CCSingleton.swift; sourceTree = "<group>"; };
		0C0CADBB2058AAE0005D913A /* ReturnLocationHelper.swift */ = {isa = PBXFileReference; fileEncoding = 4; lastKnownFileType = sourcecode.swift; path = ReturnLocationHelper.swift; sourceTree = "<group>"; };
		0C0CADBD2058AAE0005D913A /* SavaImgHelper.swift */ = {isa = PBXFileReference; fileEncoding = 4; lastKnownFileType = sourcecode.swift; path = SavaImgHelper.swift; sourceTree = "<group>"; };
		0C0CADBE2058AAE0005D913A /* SaveUserImageHelper.swift */ = {isa = PBXFileReference; fileEncoding = 4; lastKnownFileType = sourcecode.swift; path = SaveUserImageHelper.swift; sourceTree = "<group>"; };
		0C0CADBF2058AAE0005D913A /* SQLiteManager.swift */ = {isa = PBXFileReference; fileEncoding = 4; lastKnownFileType = sourcecode.swift; path = SQLiteManager.swift; sourceTree = "<group>"; };
		0C0CADC22058AAE0005D913A /* LoadingVC.swift */ = {isa = PBXFileReference; fileEncoding = 4; lastKnownFileType = sourcecode.swift; path = LoadingVC.swift; sourceTree = "<group>"; };
		0C0CADC32058AAE0005D913A /* Main.storyboard */ = {isa = PBXFileReference; fileEncoding = 4; lastKnownFileType = file.storyboard; path = Main.storyboard; sourceTree = "<group>"; };
		0C0CADC42058AAE0005D913A /* UserGuideVC.swift */ = {isa = PBXFileReference; fileEncoding = 4; lastKnownFileType = sourcecode.swift; path = UserGuideVC.swift; sourceTree = "<group>"; };
		0C0CADC52058AAE0005D913A /* ZTabBarController.swift */ = {isa = PBXFileReference; fileEncoding = 4; lastKnownFileType = sourcecode.swift; path = ZTabBarController.swift; sourceTree = "<group>"; };
		0C0CADC92058AAE0005D913A /* noticeMusic.caf */ = {isa = PBXFileReference; lastKnownFileType = file; path = noticeMusic.caf; sourceTree = "<group>"; };
		0C0CADCD2058AAE0005D913A /* Detection.storyboard */ = {isa = PBXFileReference; fileEncoding = 4; lastKnownFileType = file.storyboard; path = Detection.storyboard; sourceTree = "<group>"; };
		0C0CADCE2058AAE0005D913A /* DetectionVC.swift */ = {isa = PBXFileReference; fileEncoding = 4; lastKnownFileType = sourcecode.swift; path = DetectionVC.swift; sourceTree = "<group>"; };
		0C0CADD02058AAE0005D913A /* DetectionModel.swift */ = {isa = PBXFileReference; fileEncoding = 4; lastKnownFileType = sourcecode.swift; path = DetectionModel.swift; sourceTree = "<group>"; };
		0C0CADD22058AAE0005D913A /* DetectionCell.swift */ = {isa = PBXFileReference; fileEncoding = 4; lastKnownFileType = sourcecode.swift; path = DetectionCell.swift; sourceTree = "<group>"; };
		0C0CADD52058AAE0005D913A /* AlbumViewController.swift */ = {isa = PBXFileReference; fileEncoding = 4; lastKnownFileType = sourcecode.swift; path = AlbumViewController.swift; sourceTree = "<group>"; };
		0C0CADD62058AAE0005D913A /* CustomCameraViC.swift */ = {isa = PBXFileReference; fileEncoding = 4; lastKnownFileType = sourcecode.swift; path = CustomCameraViC.swift; sourceTree = "<group>"; };
		0C0CADD72058AAE0005D913A /* PageNavigation.storyboard */ = {isa = PBXFileReference; fileEncoding = 4; lastKnownFileType = file.storyboard; path = PageNavigation.storyboard; sourceTree = "<group>"; };
		0C0CADD82058AAE0005D913A /* PageNavigationVC.swift */ = {isa = PBXFileReference; fileEncoding = 4; lastKnownFileType = sourcecode.swift; path = PageNavigationVC.swift; sourceTree = "<group>"; };
		0C0CADDA2058AAE0005D913A /* DCCameraAlbum.swift */ = {isa = PBXFileReference; fileEncoding = 4; lastKnownFileType = sourcecode.swift; path = DCCameraAlbum.swift; sourceTree = "<group>"; };
		0C0CADDB2058AAE0005D913A /* UIImage-Extension.swift */ = {isa = PBXFileReference; fileEncoding = 4; lastKnownFileType = sourcecode.swift; path = "UIImage-Extension.swift"; sourceTree = "<group>"; };
		0C0CADDD2058AAE0005D913A /* AlbumCollectionView.swift */ = {isa = PBXFileReference; fileEncoding = 4; lastKnownFileType = sourcecode.swift; path = AlbumCollectionView.swift; sourceTree = "<group>"; };
		0C0CADDE2058AAE0005D913A /* AlbumCollectionViewCell.swift */ = {isa = PBXFileReference; fileEncoding = 4; lastKnownFileType = sourcecode.swift; path = AlbumCollectionViewCell.swift; sourceTree = "<group>"; };
		0C0CADDF2058AAE0005D913A /* PicListCell.swift */ = {isa = PBXFileReference; fileEncoding = 4; lastKnownFileType = sourcecode.swift; path = PicListCell.swift; sourceTree = "<group>"; };
		0C0CADE02058AAE0005D913A /* PicListCollectionView.swift */ = {isa = PBXFileReference; fileEncoding = 4; lastKnownFileType = sourcecode.swift; path = PicListCollectionView.swift; sourceTree = "<group>"; };
		0C0CADE12058AAE0005D913A /* TopBar.swift */ = {isa = PBXFileReference; fileEncoding = 4; lastKnownFileType = sourcecode.swift; path = TopBar.swift; sourceTree = "<group>"; };
		0C0CADE42058AAE0005D913A /* GenderVC.swift */ = {isa = PBXFileReference; fileEncoding = 4; lastKnownFileType = sourcecode.swift; path = GenderVC.swift; sourceTree = "<group>"; };
		0C0CADE52058AAE0005D913A /* LocationVC.swift */ = {isa = PBXFileReference; fileEncoding = 4; lastKnownFileType = sourcecode.swift; path = LocationVC.swift; sourceTree = "<group>"; };
		0C0CADE62058AAE0005D913A /* LoginViewController.swift */ = {isa = PBXFileReference; fileEncoding = 4; lastKnownFileType = sourcecode.swift; path = LoginViewController.swift; sourceTree = "<group>"; };
		0C0CADE72058AAE0005D913A /* MyQRCodeVC.swift */ = {isa = PBXFileReference; fileEncoding = 4; lastKnownFileType = sourcecode.swift; path = MyQRCodeVC.swift; sourceTree = "<group>"; };
		0C0CADE82058AAE0005D913A /* RegisterViewController.swift */ = {isa = PBXFileReference; fileEncoding = 4; lastKnownFileType = sourcecode.swift; path = RegisterViewController.swift; sourceTree = "<group>"; };
		0C0CADE92058AAE0005D913A /* ScanCodeResultVC.swift */ = {isa = PBXFileReference; fileEncoding = 4; lastKnownFileType = sourcecode.swift; path = ScanCodeResultVC.swift; sourceTree = "<group>"; };
		0C0CADEA2058AAE0005D913A /* ScanCodeVC.swift */ = {isa = PBXFileReference; fileEncoding = 4; lastKnownFileType = sourcecode.swift; path = ScanCodeVC.swift; sourceTree = "<group>"; };
		0C0CADEB2058AAE0005D913A /* UpDateAddressVC.swift */ = {isa = PBXFileReference; fileEncoding = 4; lastKnownFileType = sourcecode.swift; path = UpDateAddressVC.swift; sourceTree = "<group>"; };
		0C0CADEC2058AAE0005D913A /* UserAddressVC.swift */ = {isa = PBXFileReference; fileEncoding = 4; lastKnownFileType = sourcecode.swift; path = UserAddressVC.swift; sourceTree = "<group>"; };
		0C0CADED2058AAE0005D913A /* UserCenter.storyboard */ = {isa = PBXFileReference; fileEncoding = 4; lastKnownFileType = file.storyboard; path = UserCenter.storyboard; sourceTree = "<group>"; };
		0C0CADEE2058AAE0005D913A /* UserCenterVC.swift */ = {isa = PBXFileReference; fileEncoding = 4; lastKnownFileType = sourcecode.swift; path = UserCenterVC.swift; sourceTree = "<group>"; };
		0C0CADEF2058AAE0005D913A /* UserInfoVC.swift */ = {isa = PBXFileReference; fileEncoding = 4; lastKnownFileType = sourcecode.swift; path = UserInfoVC.swift; sourceTree = "<group>"; };
		0C0CADF02058AAE0005D913A /* UserNameVC.swift */ = {isa = PBXFileReference; fileEncoding = 4; lastKnownFileType = sourcecode.swift; path = UserNameVC.swift; sourceTree = "<group>"; };
		0C0CADF12058AAE0005D913A /* UserPhotoVC.swift */ = {isa = PBXFileReference; fileEncoding = 4; lastKnownFileType = sourcecode.swift; path = UserPhotoVC.swift; sourceTree = "<group>"; };
		0C0CADF42058AAE0005D913A /* ScanCodeTool.swift */ = {isa = PBXFileReference; fileEncoding = 4; lastKnownFileType = sourcecode.swift; path = ScanCodeTool.swift; sourceTree = "<group>"; };
		0C0CADF52058AAE0005D913A /* String+QRCode.swift */ = {isa = PBXFileReference; fileEncoding = 4; lastKnownFileType = sourcecode.swift; path = "String+QRCode.swift"; sourceTree = "<group>"; };
		0C0CADF62058AAE0005D913A /* UIImage+QRCode.swift */ = {isa = PBXFileReference; fileEncoding = 4; lastKnownFileType = sourcecode.swift; path = "UIImage+QRCode.swift"; sourceTree = "<group>"; };
		0C0CADF82058AAE0005D913A /* AddressDetailCell.swift */ = {isa = PBXFileReference; fileEncoding = 4; lastKnownFileType = sourcecode.swift; path = AddressDetailCell.swift; sourceTree = "<group>"; };
		0C0CADF92058AAE0005D913A /* AddressDetailCell.xib */ = {isa = PBXFileReference; fileEncoding = 4; lastKnownFileType = file.xib; path = AddressDetailCell.xib; sourceTree = "<group>"; };
		0C0CADFA2058AAE0005D913A /* EditAddressCommonCell.swift */ = {isa = PBXFileReference; fileEncoding = 4; lastKnownFileType = sourcecode.swift; path = EditAddressCommonCell.swift; sourceTree = "<group>"; };
		0C0CADFB2058AAE0005D913A /* EditAddressCommonCell.xib */ = {isa = PBXFileReference; fileEncoding = 4; lastKnownFileType = file.xib; path = EditAddressCommonCell.xib; sourceTree = "<group>"; };
		0C0CADFC2058AAE0005D913A /* GenderCell.swift */ = {isa = PBXFileReference; fileEncoding = 4; lastKnownFileType = sourcecode.swift; path = GenderCell.swift; sourceTree = "<group>"; };
		0C0CADFD2058AAE0005D913A /* GenderCell.xib */ = {isa = PBXFileReference; fileEncoding = 4; lastKnownFileType = file.xib; path = GenderCell.xib; sourceTree = "<group>"; };
		0C0CADFE2058AAE0005D913A /* LocationCell.swift */ = {isa = PBXFileReference; fileEncoding = 4; lastKnownFileType = sourcecode.swift; path = LocationCell.swift; sourceTree = "<group>"; };
		0C0CADFF2058AAE0005D913A /* LocationCell.xib */ = {isa = PBXFileReference; fileEncoding = 4; lastKnownFileType = file.xib; path = LocationCell.xib; sourceTree = "<group>"; };
		0C0CAE002058AAE0005D913A /* LocationSearch.swift */ = {isa = PBXFileReference; fileEncoding = 4; lastKnownFileType = sourcecode.swift; path = LocationSearch.swift; sourceTree = "<group>"; };
		0C0CAE012058AAE0005D913A /* NewlyAddedAddressCell.swift */ = {isa = PBXFileReference; fileEncoding = 4; lastKnownFileType = sourcecode.swift; path = NewlyAddedAddressCell.swift; sourceTree = "<group>"; };
		0C0CAE022058AAE0005D913A /* NewlyAddedAddressCell.xib */ = {isa = PBXFileReference; fileEncoding = 4; lastKnownFileType = file.xib; path = NewlyAddedAddressCell.xib; sourceTree = "<group>"; };
		0C0CAE032058AAE0005D913A /* ScanCodeLoadingView.swift */ = {isa = PBXFileReference; fileEncoding = 4; lastKnownFileType = sourcecode.swift; path = ScanCodeLoadingView.swift; sourceTree = "<group>"; };
		0C0CAE042058AAE0005D913A /* ScanCodeView.swift */ = {isa = PBXFileReference; fileEncoding = 4; lastKnownFileType = sourcecode.swift; path = ScanCodeView.swift; sourceTree = "<group>"; };
		0C0CAE052058AAE0005D913A /* ShowAddressCell.swift */ = {isa = PBXFileReference; fileEncoding = 4; lastKnownFileType = sourcecode.swift; path = ShowAddressCell.swift; sourceTree = "<group>"; };
		0C0CAE062058AAE0005D913A /* ShowAddressCell.xib */ = {isa = PBXFileReference; fileEncoding = 4; lastKnownFileType = file.xib; path = ShowAddressCell.xib; sourceTree = "<group>"; };
		0C0CAE072058AAE0005D913A /* TabBarView.swift */ = {isa = PBXFileReference; fileEncoding = 4; lastKnownFileType = sourcecode.swift; path = TabBarView.swift; sourceTree = "<group>"; };
		0C0CAE082058AAE0005D913A /* UserImgCell.swift */ = {isa = PBXFileReference; fileEncoding = 4; lastKnownFileType = sourcecode.swift; path = UserImgCell.swift; sourceTree = "<group>"; };
		0C0CAE092058AAE0005D913A /* UserImgCell.xib */ = {isa = PBXFileReference; fileEncoding = 4; lastKnownFileType = file.xib; path = UserImgCell.xib; sourceTree = "<group>"; };
		0C0CAE0A2058AAE0005D913A /* UserInfoCommonCell.swift */ = {isa = PBXFileReference; fileEncoding = 4; lastKnownFileType = sourcecode.swift; path = UserInfoCommonCell.swift; sourceTree = "<group>"; };
		0C0CAE0B2058AAE0005D913A /* UserInfoCommonCell.xib */ = {isa = PBXFileReference; fileEncoding = 4; lastKnownFileType = file.xib; path = UserInfoCommonCell.xib; sourceTree = "<group>"; };
		0C0CAE0C2058AAE0005D913A /* UserInfoCommonNoneCell.swift */ = {isa = PBXFileReference; fileEncoding = 4; lastKnownFileType = sourcecode.swift; path = UserInfoCommonNoneCell.swift; sourceTree = "<group>"; };
		0C0CAE0D2058AAE0005D913A /* UserInfoCommonNoneCell.xib */ = {isa = PBXFileReference; fileEncoding = 4; lastKnownFileType = file.xib; path = UserInfoCommonNoneCell.xib; sourceTree = "<group>"; };
		0C0CAE0E2058AAE0005D913A /* UserInfoPhotoCell.swift */ = {isa = PBXFileReference; fileEncoding = 4; lastKnownFileType = sourcecode.swift; path = UserInfoPhotoCell.swift; sourceTree = "<group>"; };
		0C0CAE0F2058AAE0005D913A /* UserInfoPhotoCell.xib */ = {isa = PBXFileReference; fileEncoding = 4; lastKnownFileType = file.xib; path = UserInfoPhotoCell.xib; sourceTree = "<group>"; };
		0C0CAE102058AAE0005D913A /* UserInfoQRCodeCell.swift */ = {isa = PBXFileReference; fileEncoding = 4; lastKnownFileType = sourcecode.swift; path = UserInfoQRCodeCell.swift; sourceTree = "<group>"; };
		0C0CAE112058AAE0005D913A /* UserInfoQRCodeCell.xib */ = {isa = PBXFileReference; fileEncoding = 4; lastKnownFileType = file.xib; path = UserInfoQRCodeCell.xib; sourceTree = "<group>"; };
		0C0CAE122058AAE0005D913A /* ZCommonCell.swift */ = {isa = PBXFileReference; fileEncoding = 4; lastKnownFileType = sourcecode.swift; path = ZCommonCell.swift; sourceTree = "<group>"; };
		0C0CAE132058AAE0005D913A /* ZCommonCell.xib */ = {isa = PBXFileReference; fileEncoding = 4; lastKnownFileType = file.xib; path = ZCommonCell.xib; sourceTree = "<group>"; };
		0C0CAE162058AAE0005D913A /* HomePage.storyboard */ = {isa = PBXFileReference; fileEncoding = 4; lastKnownFileType = file.storyboard; path = HomePage.storyboard; sourceTree = "<group>"; };
		0C0CAE172058AAE0005D913A /* HomePageVC.swift */ = {isa = PBXFileReference; fileEncoding = 4; lastKnownFileType = sourcecode.swift; path = HomePageVC.swift; sourceTree = "<group>"; };
		0C0CAE192058AAE0005D913A /* HomePageCell.swift */ = {isa = PBXFileReference; fileEncoding = 4; lastKnownFileType = sourcecode.swift; path = HomePageCell.swift; sourceTree = "<group>"; };
		0C0CAE1A2058AAE0005D913A /* HomePageCell.xib */ = {isa = PBXFileReference; fileEncoding = 4; lastKnownFileType = file.xib; path = HomePageCell.xib; sourceTree = "<group>"; };
		0C0CAE232058AAE0005D913A /* Config.swift */ = {isa = PBXFileReference; fileEncoding = 4; lastKnownFileType = sourcecode.swift; path = Config.swift; sourceTree = "<group>"; };
		0C0CAE242058AAE0005D913A /* Lex-Bridging-Header.h */ = {isa = PBXFileReference; fileEncoding = 4; lastKnownFileType = sourcecode.c.h; path = "Lex-Bridging-Header.h"; sourceTree = "<group>"; };
		0C0CAE8F2058AB8A005D913A /* CrashManager.swift */ = {isa = PBXFileReference; fileEncoding = 4; lastKnownFileType = sourcecode.swift; path = CrashManager.swift; sourceTree = "<group>"; };
		0C0CAE902058AB8A005D913A /* crashNSExceptionManager.swift */ = {isa = PBXFileReference; fileEncoding = 4; lastKnownFileType = sourcecode.swift; path = crashNSExceptionManager.swift; sourceTree = "<group>"; };
		0C0CAE912058AB8A005D913A /* crashSignalManager.swift */ = {isa = PBXFileReference; fileEncoding = 4; lastKnownFileType = sourcecode.swift; path = crashSignalManager.swift; sourceTree = "<group>"; };
		0C0CAE922058AB8A005D913A /* SlideAdressTool.h */ = {isa = PBXFileReference; fileEncoding = 4; lastKnownFileType = sourcecode.c.h; path = SlideAdressTool.h; sourceTree = "<group>"; };
		0C0CAE932058AB8A005D913A /* SlideAdressTool.m */ = {isa = PBXFileReference; fileEncoding = 4; lastKnownFileType = sourcecode.c.objc; path = SlideAdressTool.m; sourceTree = "<group>"; };
		0F4F964113A6FCEC3396D41B /* Pods_LexTests.framework */ = {isa = PBXFileReference; explicitFileType = wrapper.framework; includeInIndex = 0; path = Pods_LexTests.framework; sourceTree = BUILT_PRODUCTS_DIR; };
		499767940E751928E382D833 /* Pods_LexUITests.framework */ = {isa = PBXFileReference; explicitFileType = wrapper.framework; includeInIndex = 0; path = Pods_LexUITests.framework; sourceTree = BUILT_PRODUCTS_DIR; };
		6893F3029BE2526A3B1A76B4 /* Pods-LexUITests.debug.xcconfig */ = {isa = PBXFileReference; includeInIndex = 1; lastKnownFileType = text.xcconfig; name = "Pods-LexUITests.debug.xcconfig"; path = "Pods/Target Support Files/Pods-LexUITests/Pods-LexUITests.debug.xcconfig"; sourceTree = "<group>"; };
		6D5251EBF330E33AC88BFDEA /* Pods-LexUITests.release.xcconfig */ = {isa = PBXFileReference; includeInIndex = 1; lastKnownFileType = text.xcconfig; name = "Pods-LexUITests.release.xcconfig"; path = "Pods/Target Support Files/Pods-LexUITests/Pods-LexUITests.release.xcconfig"; sourceTree = "<group>"; };
		809B7B3FCDF73E9626E62DB8 /* Pods-LexTests.release.xcconfig */ = {isa = PBXFileReference; includeInIndex = 1; lastKnownFileType = text.xcconfig; name = "Pods-LexTests.release.xcconfig"; path = "Pods/Target Support Files/Pods-LexTests/Pods-LexTests.release.xcconfig"; sourceTree = "<group>"; };
		A542ADD91E1C7A0900187EEC /* MapKit.framework */ = {isa = PBXFileReference; lastKnownFileType = wrapper.framework; name = MapKit.framework; path = System/Library/Frameworks/MapKit.framework; sourceTree = SDKROOT; };
		A566A8941E78E06F00520B89 /* Alamofire.framework */ = {isa = PBXFileReference; lastKnownFileType = wrapper.framework; name = Alamofire.framework; path = "Pods/../build/Debug-iphoneos/Alamofire/Alamofire.framework"; sourceTree = "<group>"; };
		A566A8951E78E06F00520B89 /* AlamofireImage.framework */ = {isa = PBXFileReference; lastKnownFileType = wrapper.framework; name = AlamofireImage.framework; path = "Pods/../build/Debug-iphoneos/AlamofireImage/AlamofireImage.framework"; sourceTree = "<group>"; };
		A566A8961E78E06F00520B89 /* AlamofireNetworkActivityIndicator.framework */ = {isa = PBXFileReference; lastKnownFileType = wrapper.framework; name = AlamofireNetworkActivityIndicator.framework; path = "Pods/../build/Debug-iphoneos/AlamofireNetworkActivityIndicator/AlamofireNetworkActivityIndicator.framework"; sourceTree = "<group>"; };
		A566A8971E78E06F00520B89 /* Bolts.framework */ = {isa = PBXFileReference; lastKnownFileType = wrapper.framework; name = Bolts.framework; path = "Pods/../build/Debug-iphoneos/Bolts/Bolts.framework"; sourceTree = "<group>"; };
		A566A8981E78E06F00520B89 /* FBSDKCoreKit.framework */ = {isa = PBXFileReference; lastKnownFileType = wrapper.framework; name = FBSDKCoreKit.framework; path = "Pods/../build/Debug-iphoneos/FBSDKCoreKit/FBSDKCoreKit.framework"; sourceTree = "<group>"; };
		A566A8991E78E06F00520B89 /* FBSDKShareKit.framework */ = {isa = PBXFileReference; lastKnownFileType = wrapper.framework; name = FBSDKShareKit.framework; path = "Pods/../build/Debug-iphoneos/FBSDKShareKit/FBSDKShareKit.framework"; sourceTree = "<group>"; };
		A566A89A1E78E06F00520B89 /* FDFullscreenPopGesture.framework */ = {isa = PBXFileReference; lastKnownFileType = wrapper.framework; name = FDFullscreenPopGesture.framework; path = "../../../../Library/Developer/Xcode/DerivedData/Lex-giuiqnuwpmnwiuhhwtxhoikuasmh/Build/Products/Debug-iphoneos/FDFullscreenPopGesture/FDFullscreenPopGesture.framework"; sourceTree = "<group>"; };
		A566A89B1E78E06F00520B89 /* FLAnimatedImage.framework */ = {isa = PBXFileReference; lastKnownFileType = wrapper.framework; name = FLAnimatedImage.framework; path = "Pods/../build/Debug-iphoneos/FLAnimatedImage/FLAnimatedImage.framework"; sourceTree = "<group>"; };
		A566A89C1E78E06F00520B89 /* KeychainAccess.framework */ = {isa = PBXFileReference; lastKnownFileType = wrapper.framework; name = KeychainAccess.framework; path = "../../../../Library/Developer/Xcode/DerivedData/Lex-giuiqnuwpmnwiuhhwtxhoikuasmh/Build/Products/Debug-iphoneos/KeychainAccess/KeychainAccess.framework"; sourceTree = "<group>"; };
		A566A89D1E78E06F00520B89 /* Kingfisher.framework */ = {isa = PBXFileReference; lastKnownFileType = wrapper.framework; name = Kingfisher.framework; path = "Pods/../build/Debug-iphoneos/Kingfisher/Kingfisher.framework"; sourceTree = "<group>"; };
		A566A89E1E78E06F00520B89 /* Obfuscator.framework */ = {isa = PBXFileReference; lastKnownFileType = wrapper.framework; name = Obfuscator.framework; path = "Pods/../build/Debug-iphoneos/Obfuscator/Obfuscator.framework"; sourceTree = "<group>"; };
		A566A89F1E78E06F00520B89 /* PINCache.framework */ = {isa = PBXFileReference; lastKnownFileType = wrapper.framework; name = PINCache.framework; path = "Pods/../build/Debug-iphoneos/PINCache/PINCache.framework"; sourceTree = "<group>"; };
		A566A8A01E78E06F00520B89 /* PINRemoteImage.framework */ = {isa = PBXFileReference; lastKnownFileType = wrapper.framework; name = PINRemoteImage.framework; path = "Pods/../build/Debug-iphoneos/PINRemoteImage/PINRemoteImage.framework"; sourceTree = "<group>"; };
		A566A8A11E78E06F00520B89 /* Pods_LexTests.framework */ = {isa = PBXFileReference; lastKnownFileType = wrapper.framework; name = Pods_LexTests.framework; path = "Pods/../build/Debug-iphoneos/Pods_LexTests.framework"; sourceTree = "<group>"; };
		A566A8A21E78E06F00520B89 /* Pods_LexUITests.framework */ = {isa = PBXFileReference; lastKnownFileType = wrapper.framework; name = Pods_LexUITests.framework; path = "Pods/../build/Debug-iphoneos/Pods_LexUITests.framework"; sourceTree = "<group>"; };
		A566A8A31E78E06F00520B89 /* Reachability.framework */ = {isa = PBXFileReference; lastKnownFileType = wrapper.framework; name = Reachability.framework; path = "../../../../Library/Developer/Xcode/DerivedData/Lex-giuiqnuwpmnwiuhhwtxhoikuasmh/Build/Products/Debug-iphoneos/Reachability/Reachability.framework"; sourceTree = "<group>"; };
		A566A8A41E78E06F00520B89 /* REFormattedNumberField.framework */ = {isa = PBXFileReference; lastKnownFileType = wrapper.framework; name = REFormattedNumberField.framework; path = "../../../../Library/Developer/Xcode/DerivedData/Lex-giuiqnuwpmnwiuhhwtxhoikuasmh/Build/Products/Debug-iphoneos/REFormattedNumberField/REFormattedNumberField.framework"; sourceTree = "<group>"; };
		A566A8A51E78E06F00520B89 /* RETableViewManager.framework */ = {isa = PBXFileReference; lastKnownFileType = wrapper.framework; name = RETableViewManager.framework; path = "../../../../Library/Developer/Xcode/DerivedData/Lex-giuiqnuwpmnwiuhhwtxhoikuasmh/Build/Products/Debug-iphoneos/RETableViewManager/RETableViewManager.framework"; sourceTree = "<group>"; };
		A566A8A61E78E06F00520B89 /* REValidation.framework */ = {isa = PBXFileReference; lastKnownFileType = wrapper.framework; name = REValidation.framework; path = "../../../../Library/Developer/Xcode/DerivedData/Lex-giuiqnuwpmnwiuhhwtxhoikuasmh/Build/Products/Debug-iphoneos/REValidation/REValidation.framework"; sourceTree = "<group>"; };
		A566A8A71E78E06F00520B89 /* RHBOrientationObjC.framework */ = {isa = PBXFileReference; lastKnownFileType = wrapper.framework; name = RHBOrientationObjC.framework; path = "Pods/../build/Debug-iphoneos/RHBOrientationObjC/RHBOrientationObjC.framework"; sourceTree = "<group>"; };
		A566A8A81E78E06F00520B89 /* SnapKit.framework */ = {isa = PBXFileReference; lastKnownFileType = wrapper.framework; name = SnapKit.framework; path = "../../../../Library/Developer/Xcode/DerivedData/Lex-giuiqnuwpmnwiuhhwtxhoikuasmh/Build/Products/Debug-iphoneos/SnapKit/SnapKit.framework"; sourceTree = "<group>"; };
		A566A8A91E78E06F00520B89 /* SQLite.framework */ = {isa = PBXFileReference; lastKnownFileType = wrapper.framework; name = SQLite.framework; path = "../../../../Library/Developer/Xcode/DerivedData/Lex-giuiqnuwpmnwiuhhwtxhoikuasmh/Build/Products/Debug-iphoneos/SQLite.swift/SQLite.framework"; sourceTree = "<group>"; };
		A566A8AA1E78E06F00520B89 /* SVProgressHUD.framework */ = {isa = PBXFileReference; lastKnownFileType = wrapper.framework; name = SVProgressHUD.framework; path = "../../../../Library/Developer/Xcode/DerivedData/Lex-giuiqnuwpmnwiuhhwtxhoikuasmh/Build/Products/Debug-iphoneos/SVProgressHUD/SVProgressHUD.framework"; sourceTree = "<group>"; };
		A566A8AB1E78E06F00520B89 /* VK_ios_sdk.framework */ = {isa = PBXFileReference; lastKnownFileType = wrapper.framework; name = VK_ios_sdk.framework; path = "Pods/../build/Debug-iphoneos/VK-ios-sdk/VK_ios_sdk.framework"; sourceTree = "<group>"; };
		A566A8C41E78E0A100520B89 /* Photos.framework */ = {isa = PBXFileReference; lastKnownFileType = wrapper.framework; name = Photos.framework; path = System/Library/Frameworks/Photos.framework; sourceTree = SDKROOT; };
		A566A8C61E78E0AF00520B89 /* AssetsLibrary.framework */ = {isa = PBXFileReference; lastKnownFileType = wrapper.framework; name = AssetsLibrary.framework; path = System/Library/Frameworks/AssetsLibrary.framework; sourceTree = SDKROOT; };
		A566A8C81E78E0BB00520B89 /* AVFoundation.framework */ = {isa = PBXFileReference; lastKnownFileType = wrapper.framework; name = AVFoundation.framework; path = System/Library/Frameworks/AVFoundation.framework; sourceTree = SDKROOT; };
		A5A2EE311E1F2FBB008F64B7 /* CoreGraphics.framework */ = {isa = PBXFileReference; lastKnownFileType = wrapper.framework; name = CoreGraphics.framework; path = System/Library/Frameworks/CoreGraphics.framework; sourceTree = SDKROOT; };
		A5B50D9D1E0A80BE00660A26 /* Contacts.framework */ = {isa = PBXFileReference; lastKnownFileType = wrapper.framework; name = Contacts.framework; path = System/Library/Frameworks/Contacts.framework; sourceTree = SDKROOT; };
		A5B50D9F1E0A80C500660A26 /* ContactsUI.framework */ = {isa = PBXFileReference; lastKnownFileType = wrapper.framework; name = ContactsUI.framework; path = System/Library/Frameworks/ContactsUI.framework; sourceTree = SDKROOT; };
		A5BBA1DB1E0CCFBD00256ED7 /* Address.plist */ = {isa = PBXFileReference; fileEncoding = 4; lastKnownFileType = text.plist.xml; path = Address.plist; sourceTree = "<group>"; };
		A5C443041E039DB400C33517 /* Lex.app */ = {isa = PBXFileReference; explicitFileType = wrapper.application; includeInIndex = 0; path = Lex.app; sourceTree = BUILT_PRODUCTS_DIR; };
		A5C4430E1E039DB400C33517 /* Assets.xcassets */ = {isa = PBXFileReference; lastKnownFileType = folder.assetcatalog; path = Assets.xcassets; sourceTree = "<group>"; };
		A5C443111E039DB400C33517 /* Base */ = {isa = PBXFileReference; lastKnownFileType = file.storyboard; name = Base; path = Base.lproj/LaunchScreen.storyboard; sourceTree = "<group>"; };
		A5C443131E039DB400C33517 /* Info.plist */ = {isa = PBXFileReference; lastKnownFileType = text.plist.xml; path = Info.plist; sourceTree = "<group>"; };
		A5C443181E039DB500C33517 /* LexTests.xctest */ = {isa = PBXFileReference; explicitFileType = wrapper.cfbundle; includeInIndex = 0; path = LexTests.xctest; sourceTree = BUILT_PRODUCTS_DIR; };
		A5C4431C1E039DB500C33517 /* LexTests.swift */ = {isa = PBXFileReference; lastKnownFileType = sourcecode.swift; path = LexTests.swift; sourceTree = "<group>"; };
		A5C4431E1E039DB500C33517 /* Info.plist */ = {isa = PBXFileReference; lastKnownFileType = text.plist.xml; path = Info.plist; sourceTree = "<group>"; };
		A5C443231E039DB500C33517 /* LexUITests.xctest */ = {isa = PBXFileReference; explicitFileType = wrapper.cfbundle; includeInIndex = 0; path = LexUITests.xctest; sourceTree = BUILT_PRODUCTS_DIR; };
		A5C443271E039DB500C33517 /* LexUITests.swift */ = {isa = PBXFileReference; lastKnownFileType = sourcecode.swift; path = LexUITests.swift; sourceTree = "<group>"; };
		A5C443291E039DB500C33517 /* Info.plist */ = {isa = PBXFileReference; lastKnownFileType = text.plist.xml; path = Info.plist; sourceTree = "<group>"; };
		A5DC56C51E120112009B3C36 /* libc++.tbd */ = {isa = PBXFileReference; lastKnownFileType = "sourcecode.text-based-dylib-definition"; name = "libc++.tbd"; path = "usr/lib/libc++.tbd"; sourceTree = SDKROOT; };
		A5DC56C71E120124009B3C36 /* libc.tbd */ = {isa = PBXFileReference; lastKnownFileType = "sourcecode.text-based-dylib-definition"; name = libc.tbd; path = usr/lib/libc.tbd; sourceTree = SDKROOT; };
		A5DC56C91E12015B009B3C36 /* libz.tbd */ = {isa = PBXFileReference; lastKnownFileType = "sourcecode.text-based-dylib-definition"; name = libz.tbd; path = usr/lib/libz.tbd; sourceTree = SDKROOT; };
		A5DC56CB1E120170009B3C36 /* libstdc++.6.0.9.tbd */ = {isa = PBXFileReference; lastKnownFileType = "sourcecode.text-based-dylib-definition"; name = "libstdc++.6.0.9.tbd"; path = "usr/lib/libstdc++.6.0.9.tbd"; sourceTree = SDKROOT; };
		A5DC56CD1E120180009B3C36 /* CoreLocation.framework */ = {isa = PBXFileReference; lastKnownFileType = wrapper.framework; name = CoreLocation.framework; path = System/Library/Frameworks/CoreLocation.framework; sourceTree = SDKROOT; };
		A5DC56CF1E12018F009B3C36 /* Security.framework */ = {isa = PBXFileReference; lastKnownFileType = wrapper.framework; name = Security.framework; path = System/Library/Frameworks/Security.framework; sourceTree = SDKROOT; };
		A5DC56D11E1201B7009B3C36 /* JavaScriptCore.framework */ = {isa = PBXFileReference; lastKnownFileType = wrapper.framework; name = JavaScriptCore.framework; path = System/Library/Frameworks/JavaScriptCore.framework; sourceTree = SDKROOT; };
		A5DC56D31E1201C8009B3C36 /* SystemConfiguration.framework */ = {isa = PBXFileReference; lastKnownFileType = wrapper.framework; name = SystemConfiguration.framework; path = System/Library/Frameworks/SystemConfiguration.framework; sourceTree = SDKROOT; };
		A5DC56D51E1201D8009B3C36 /* CoreTelephony.framework */ = {isa = PBXFileReference; lastKnownFileType = wrapper.framework; name = CoreTelephony.framework; path = System/Library/Frameworks/CoreTelephony.framework; sourceTree = SDKROOT; };
		A5DC56D71E1201DF009B3C36 /* UIKit.framework */ = {isa = PBXFileReference; lastKnownFileType = wrapper.framework; name = UIKit.framework; path = System/Library/Frameworks/UIKit.framework; sourceTree = SDKROOT; };
		D0EEB82FD92088A2281A975F /* Pods_Lex.framework */ = {isa = PBXFileReference; explicitFileType = wrapper.framework; includeInIndex = 0; path = Pods_Lex.framework; sourceTree = BUILT_PRODUCTS_DIR; };
		D8B82ABC59C5715B8DD99302 /* Pods-LexTests.debug.xcconfig */ = {isa = PBXFileReference; includeInIndex = 1; lastKnownFileType = text.xcconfig; name = "Pods-LexTests.debug.xcconfig"; path = "Pods/Target Support Files/Pods-LexTests/Pods-LexTests.debug.xcconfig"; sourceTree = "<group>"; };
		E8F590628160E2B1AC023B01 /* Pods-Lex.debug.xcconfig */ = {isa = PBXFileReference; includeInIndex = 1; lastKnownFileType = text.xcconfig; name = "Pods-Lex.debug.xcconfig"; path = "Pods/Target Support Files/Pods-Lex/Pods-Lex.debug.xcconfig"; sourceTree = "<group>"; };
		E95D2E80F5D13CCCEAB83591 /* Pods-Lex.release.xcconfig */ = {isa = PBXFileReference; includeInIndex = 1; lastKnownFileType = text.xcconfig; name = "Pods-Lex.release.xcconfig"; path = "Pods/Target Support Files/Pods-Lex/Pods-Lex.release.xcconfig"; sourceTree = "<group>"; };
/* End PBXFileReference section */

/* Begin PBXFrameworksBuildPhase section */
		A5C443011E039DB400C33517 /* Frameworks */ = {
			isa = PBXFrameworksBuildPhase;
			buildActionMask = 2147483647;
			files = (
				A566A8C91E78E0BB00520B89 /* AVFoundation.framework in Frameworks */,
				A566A8C71E78E0AF00520B89 /* AssetsLibrary.framework in Frameworks */,
				A566A8C51E78E0A100520B89 /* Photos.framework in Frameworks */,
				A566A8B21E78E06F00520B89 /* FDFullscreenPopGesture.framework in Frameworks */,
				A566A8B51E78E06F00520B89 /* Kingfisher.framework in Frameworks */,
				A566A8BB1E78E06F00520B89 /* Reachability.framework in Frameworks */,
				A566A8BC1E78E06F00520B89 /* REFormattedNumberField.framework in Frameworks */,
				A566A8BD1E78E06F00520B89 /* RETableViewManager.framework in Frameworks */,
				A566A8C01E78E06F00520B89 /* SnapKit.framework in Frameworks */,
				A566A8C11E78E06F00520B89 /* SQLite.framework in Frameworks */,
				A566A8C21E78E06F00520B89 /* SVProgressHUD.framework in Frameworks */,
				9EA532EE9083DC7F1B960791 /* Pods_Lex.framework in Frameworks */,
			);
			runOnlyForDeploymentPostprocessing = 0;
		};
		A5C443151E039DB500C33517 /* Frameworks */ = {
			isa = PBXFrameworksBuildPhase;
			buildActionMask = 2147483647;
			files = (
				86DCA0D831C89B2211EE8F5D /* Pods_LexTests.framework in Frameworks */,
			);
			runOnlyForDeploymentPostprocessing = 0;
		};
		A5C443201E039DB500C33517 /* Frameworks */ = {
			isa = PBXFrameworksBuildPhase;
			buildActionMask = 2147483647;
			files = (
				FB267DD2C84E39A792EF8B0D /* Pods_LexUITests.framework in Frameworks */,
			);
			runOnlyForDeploymentPostprocessing = 0;
		};
/* End PBXFrameworksBuildPhase section */

/* Begin PBXGroup section */
		0C0CADA12058AAE0005D913A /* Class */ = {
			isa = PBXGroup;
			children = (
				0C0CADA22058AAE0005D913A /* AppDelegate */,
				0C0CADA42058AAE0005D913A /* Generals */,
				0C0CADB42058AAE0005D913A /* Helpers */,
				0C57B513205A17EB006DFAED /* Macros */,
				0C0CADC12058AAE0005D913A /* MainVC */,
				0C57B515205A17FB006DFAED /* Notification */,
				0C57B514205A17FB006DFAED /* Other */,
				0C0CADC82058AAE0005D913A /* Rescources */,
				0C0CADCA2058AAE0005D913A /* Sections */,
				0C0CAE1B2058AAE0005D913A /* Vender */,
				0C0CAE222058AAE0005D913A /* Config */,
			);
			path = Class;
			sourceTree = "<group>";
		};
		0C0CADA22058AAE0005D913A /* AppDelegate */ = {
			isa = PBXGroup;
			children = (
				0C0CADA32058AAE0005D913A /* ZAppDelegate.swift */,
			);
			path = AppDelegate;
			sourceTree = "<group>";
		};
		0C0CADA42058AAE0005D913A /* Generals */ = {
			isa = PBXGroup;
			children = (
				0C0CADA52058AAE0005D913A /* Category */,
				0C0CADA82058AAE0005D913A /* Controllers */,
				0C0CADAB2058AAE0005D913A /* Views */,
			);
			path = Generals;
			sourceTree = "<group>";
		};
		0C0CADA52058AAE0005D913A /* Category */ = {
			isa = PBXGroup;
			children = (
				0C0CADA62058AAE0005D913A /* UINavigationController+Extends.h */,
				0C0CADA72058AAE0005D913A /* UINavigationController+Extends.m */,
			);
			path = Category;
			sourceTree = "<group>";
		};
		0C0CADA82058AAE0005D913A /* Controllers */ = {
			isa = PBXGroup;
			children = (
				0C0CADA92058AAE0005D913A /* BaseViewController.swift */,
				0C0CADAA2058AAE0005D913A /* ZNavigationController.swift */,
			);
			path = Controllers;
			sourceTree = "<group>";
		};
		0C0CADAB2058AAE0005D913A /* Views */ = {
			isa = PBXGroup;
			children = (
				0C0CADAC2058AAE0005D913A /* AddressPickView.swift */,
				0C0CADAD2058AAE0005D913A /* CCMAMapView.swift */,
				0C0CADAE2058AAE0005D913A /* PopMenu.swift */,
				0C0CADAF2058AAE0005D913A /* PresentNaBarView.swift */,
				0C0CADB02058AAE0005D913A /* Search.swift */,
				0C0CADB12058AAE0005D913A /* SettingsTable.swift */,
				0C0CADB22058AAE0005D913A /* UIView+Extension.swift */,
				0C0CADB32058AAE0005D913A /* ZLabel.swift */,
			);
			path = Views;
			sourceTree = "<group>";
		};
		0C0CADB42058AAE0005D913A /* Helpers */ = {
			isa = PBXGroup;
			children = (
				0C0CADB52058AAE0005D913A /* FinishBlockHelper.swift */,
				0C0CADB62058AAE0005D913A /* FinishBlockHelper.temp_caseinsensitive_rename.swift */,
				0C0CADB72058AAE0005D913A /* GlobalVariables.swift */,
				0C0CAE8E2058AB8A005D913A /* CrashManager */,
				0C0CADB82058AAE0005D913A /* Loction */,
				0C0CADBC2058AAE0005D913A /* SaveImg */,
			);
			path = Helpers;
			sourceTree = "<group>";
		};
		0C0CADB82058AAE0005D913A /* Loction */ = {
			isa = PBXGroup;
			children = (
				0C0CADB92058AAE0005D913A /* CCLocationManager.swift */,
				0C0CADBA2058AAE0005D913A /* CCSingleton.swift */,
				0C0CADBB2058AAE0005D913A /* ReturnLocationHelper.swift */,
			);
			path = Loction;
			sourceTree = "<group>";
		};
		0C0CADBC2058AAE0005D913A /* SaveImg */ = {
			isa = PBXGroup;
			children = (
				0C0CADBD2058AAE0005D913A /* SavaImgHelper.swift */,
				0C0CADBE2058AAE0005D913A /* SaveUserImageHelper.swift */,
				0C0CADBF2058AAE0005D913A /* SQLiteManager.swift */,
			);
			path = SaveImg;
			sourceTree = "<group>";
		};
		0C0CADC12058AAE0005D913A /* MainVC */ = {
			isa = PBXGroup;
			children = (
				0C0CADC22058AAE0005D913A /* LoadingVC.swift */,
				0C0CADC32058AAE0005D913A /* Main.storyboard */,
				0C0CADC42058AAE0005D913A /* UserGuideVC.swift */,
				0C0CADC52058AAE0005D913A /* ZTabBarController.swift */,
			);
			path = MainVC;
			sourceTree = "<group>";
		};
		0C0CADC82058AAE0005D913A /* Rescources */ = {
			isa = PBXGroup;
			children = (
				0C0CADC92058AAE0005D913A /* noticeMusic.caf */,
			);
			path = Rescources;
			sourceTree = "<group>";
		};
		0C0CADCA2058AAE0005D913A /* Sections */ = {
			isa = PBXGroup;
			children = (
				0C0CADCB2058AAE0005D913A /* 发现 */,
				0C0CADD32058AAE0005D913A /* 导航 */,
				0C0CADE22058AAE0005D913A /* 我的 */,
				0C0CAE142058AAE0005D913A /* 首页 */,
			);
			path = Sections;
			sourceTree = "<group>";
		};
		0C0CADCB2058AAE0005D913A /* 发现 */ = {
			isa = PBXGroup;
			children = (
				0C0CADCC2058AAE0005D913A /* Controller */,
				0C0CADCF2058AAE0005D913A /* Model */,
				0C0CADD12058AAE0005D913A /* View */,
			);
			path = "发现";
			sourceTree = "<group>";
		};
		0C0CADCC2058AAE0005D913A /* Controller */ = {
			isa = PBXGroup;
			children = (
				0C0CADCD2058AAE0005D913A /* Detection.storyboard */,
				0C0CADCE2058AAE0005D913A /* DetectionVC.swift */,
			);
			path = Controller;
			sourceTree = "<group>";
		};
		0C0CADCF2058AAE0005D913A /* Model */ = {
			isa = PBXGroup;
			children = (
				0C0CADD02058AAE0005D913A /* DetectionModel.swift */,
			);
			path = Model;
			sourceTree = "<group>";
		};
		0C0CADD12058AAE0005D913A /* View */ = {
			isa = PBXGroup;
			children = (
				0C0CADD22058AAE0005D913A /* DetectionCell.swift */,
			);
			path = View;
			sourceTree = "<group>";
		};
		0C0CADD32058AAE0005D913A /* 导航 */ = {
			isa = PBXGroup;
			children = (
				0C0CADD42058AAE0005D913A /* Controller */,
				0C0CADD92058AAE0005D913A /* Model */,
				0C0CADDC2058AAE0005D913A /* View */,
			);
			path = "导航";
			sourceTree = "<group>";
		};
		0C0CADD42058AAE0005D913A /* Controller */ = {
			isa = PBXGroup;
			children = (
				0C0CADD52058AAE0005D913A /* AlbumViewController.swift */,
				0C0CADD62058AAE0005D913A /* CustomCameraViC.swift */,
				0C0CADD72058AAE0005D913A /* PageNavigation.storyboard */,
				0C0CADD82058AAE0005D913A /* PageNavigationVC.swift */,
			);
			path = Controller;
			sourceTree = "<group>";
		};
		0C0CADD92058AAE0005D913A /* Model */ = {
			isa = PBXGroup;
			children = (
				0C0CADDA2058AAE0005D913A /* DCCameraAlbum.swift */,
				0C0CADDB2058AAE0005D913A /* UIImage-Extension.swift */,
			);
			path = Model;
			sourceTree = "<group>";
		};
		0C0CADDC2058AAE0005D913A /* View */ = {
			isa = PBXGroup;
			children = (
				0C0CADDD2058AAE0005D913A /* AlbumCollectionView.swift */,
				0C0CADDE2058AAE0005D913A /* AlbumCollectionViewCell.swift */,
				0C0CADDF2058AAE0005D913A /* PicListCell.swift */,
				0C0CADE02058AAE0005D913A /* PicListCollectionView.swift */,
				0C0CADE12058AAE0005D913A /* TopBar.swift */,
			);
			path = View;
			sourceTree = "<group>";
		};
		0C0CADE22058AAE0005D913A /* 我的 */ = {
			isa = PBXGroup;
			children = (
				0C0CADE32058AAE0005D913A /* Controller */,
				0C0CADF22058AAE0005D913A /* Model */,
				0C0CADF72058AAE0005D913A /* View */,
			);
			path = "我的";
			sourceTree = "<group>";
		};
		0C0CADE32058AAE0005D913A /* Controller */ = {
			isa = PBXGroup;
			children = (
				0C0CADE42058AAE0005D913A /* GenderVC.swift */,
				0C0CADE52058AAE0005D913A /* LocationVC.swift */,
				0C0CADE62058AAE0005D913A /* LoginViewController.swift */,
				0C0CADE72058AAE0005D913A /* MyQRCodeVC.swift */,
				0C0CADE82058AAE0005D913A /* RegisterViewController.swift */,
				0C0CADE92058AAE0005D913A /* ScanCodeResultVC.swift */,
				0C0CADEA2058AAE0005D913A /* ScanCodeVC.swift */,
				0C0CADEB2058AAE0005D913A /* UpDateAddressVC.swift */,
				0C0CADEC2058AAE0005D913A /* UserAddressVC.swift */,
				0C0CADED2058AAE0005D913A /* UserCenter.storyboard */,
				0C0CADEE2058AAE0005D913A /* UserCenterVC.swift */,
				0C0CADEF2058AAE0005D913A /* UserInfoVC.swift */,
				0C0CADF02058AAE0005D913A /* UserNameVC.swift */,
				0C0CADF12058AAE0005D913A /* UserPhotoVC.swift */,
			);
			path = Controller;
			sourceTree = "<group>";
		};
		0C0CADF22058AAE0005D913A /* Model */ = {
			isa = PBXGroup;
			children = (
				0C0CADF32058AAE0005D913A /* QRCode */,
			);
			path = Model;
			sourceTree = "<group>";
		};
		0C0CADF32058AAE0005D913A /* QRCode */ = {
			isa = PBXGroup;
			children = (
				0C0CADF42058AAE0005D913A /* ScanCodeTool.swift */,
				0C0CADF52058AAE0005D913A /* String+QRCode.swift */,
				0C0CADF62058AAE0005D913A /* UIImage+QRCode.swift */,
			);
			path = QRCode;
			sourceTree = "<group>";
		};
		0C0CADF72058AAE0005D913A /* View */ = {
			isa = PBXGroup;
			children = (
				0C0CADF82058AAE0005D913A /* AddressDetailCell.swift */,
				0C0CADF92058AAE0005D913A /* AddressDetailCell.xib */,
				0C0CADFA2058AAE0005D913A /* EditAddressCommonCell.swift */,
				0C0CADFB2058AAE0005D913A /* EditAddressCommonCell.xib */,
				0C0CADFC2058AAE0005D913A /* GenderCell.swift */,
				0C0CADFD2058AAE0005D913A /* GenderCell.xib */,
				0C0CADFE2058AAE0005D913A /* LocationCell.swift */,
				0C0CADFF2058AAE0005D913A /* LocationCell.xib */,
				0C0CAE002058AAE0005D913A /* LocationSearch.swift */,
				0C0CAE012058AAE0005D913A /* NewlyAddedAddressCell.swift */,
				0C0CAE022058AAE0005D913A /* NewlyAddedAddressCell.xib */,
				0C0CAE032058AAE0005D913A /* ScanCodeLoadingView.swift */,
				0C0CAE042058AAE0005D913A /* ScanCodeView.swift */,
				0C0CAE052058AAE0005D913A /* ShowAddressCell.swift */,
				0C0CAE062058AAE0005D913A /* ShowAddressCell.xib */,
				0C0CAE072058AAE0005D913A /* TabBarView.swift */,
				0C0CAE082058AAE0005D913A /* UserImgCell.swift */,
				0C0CAE092058AAE0005D913A /* UserImgCell.xib */,
				0C0CAE0A2058AAE0005D913A /* UserInfoCommonCell.swift */,
				0C0CAE0B2058AAE0005D913A /* UserInfoCommonCell.xib */,
				0C0CAE0C2058AAE0005D913A /* UserInfoCommonNoneCell.swift */,
				0C0CAE0D2058AAE0005D913A /* UserInfoCommonNoneCell.xib */,
				0C0CAE0E2058AAE0005D913A /* UserInfoPhotoCell.swift */,
				0C0CAE0F2058AAE0005D913A /* UserInfoPhotoCell.xib */,
				0C0CAE102058AAE0005D913A /* UserInfoQRCodeCell.swift */,
				0C0CAE112058AAE0005D913A /* UserInfoQRCodeCell.xib */,
				0C0CAE122058AAE0005D913A /* ZCommonCell.swift */,
				0C0CAE132058AAE0005D913A /* ZCommonCell.xib */,
			);
			path = View;
			sourceTree = "<group>";
		};
		0C0CAE142058AAE0005D913A /* 首页 */ = {
			isa = PBXGroup;
			children = (
				0C0CAE152058AAE0005D913A /* Controller */,
				0C0CAE182058AAE0005D913A /* View */,
			);
			path = "首页";
			sourceTree = "<group>";
		};
		0C0CAE152058AAE0005D913A /* Controller */ = {
			isa = PBXGroup;
			children = (
				0C0CAE162058AAE0005D913A /* HomePage.storyboard */,
				0C0CAE172058AAE0005D913A /* HomePageVC.swift */,
			);
			path = Controller;
			sourceTree = "<group>";
		};
		0C0CAE182058AAE0005D913A /* View */ = {
			isa = PBXGroup;
			children = (
				0C0CAE192058AAE0005D913A /* HomePageCell.swift */,
				0C0CAE1A2058AAE0005D913A /* HomePageCell.xib */,
			);
			path = View;
			sourceTree = "<group>";
		};
		0C0CAE1B2058AAE0005D913A /* Vender */ = {
			isa = PBXGroup;
			children = (
			);
			path = Vender;
			sourceTree = "<group>";
		};
		0C0CAE222058AAE0005D913A /* Config */ = {
			isa = PBXGroup;
			children = (
				0C0CAE232058AAE0005D913A /* Config.swift */,
				0C0CAE242058AAE0005D913A /* Lex-Bridging-Header.h */,
			);
			path = Config;
			sourceTree = "<group>";
		};
		0C0CAE8E2058AB8A005D913A /* CrashManager */ = {
			isa = PBXGroup;
			children = (
				0C0CAE8F2058AB8A005D913A /* CrashManager.swift */,
				0C0CAE902058AB8A005D913A /* crashNSExceptionManager.swift */,
				0C0CAE912058AB8A005D913A /* crashSignalManager.swift */,
				0C0CAE922058AB8A005D913A /* SlideAdressTool.h */,
				0C0CAE932058AB8A005D913A /* SlideAdressTool.m */,
			);
			path = CrashManager;
			sourceTree = "<group>";
		};
		0C57B513205A17EB006DFAED /* Macros */ = {
			isa = PBXGroup;
			children = (
			);
			path = Macros;
			sourceTree = "<group>";
		};
		0C57B514205A17FB006DFAED /* Other */ = {
			isa = PBXGroup;
			children = (
			);
			path = Other;
			sourceTree = "<group>";
		};
		0C57B515205A17FB006DFAED /* Notification */ = {
			isa = PBXGroup;
			children = (
			);
			path = Notification;
			sourceTree = "<group>";
		};
		A5C442FB1E039DB400C33517 = {
			isa = PBXGroup;
			children = (
				A5C443061E039DB400C33517 /* Lex */,
				A5C4431B1E039DB500C33517 /* LexTests */,
				A5C443261E039DB500C33517 /* LexUITests */,
				A5C443051E039DB400C33517 /* Products */,
				EA6F3B039B649300D3D435FA /* Pods */,
				A92A4BC9952F9CF59D834469 /* Frameworks */,
			);
			sourceTree = "<group>";
		};
		A5C443051E039DB400C33517 /* Products */ = {
			isa = PBXGroup;
			children = (
				A5C443041E039DB400C33517 /* Lex.app */,
				A5C443181E039DB500C33517 /* LexTests.xctest */,
				A5C443231E039DB500C33517 /* LexUITests.xctest */,
			);
			name = Products;
			sourceTree = "<group>";
		};
		A5C443061E039DB400C33517 /* Lex */ = {
			isa = PBXGroup;
			children = (
				0C0CADA12058AAE0005D913A /* Class */,
				A5C4430E1E039DB400C33517 /* Assets.xcassets */,
				A5C443101E039DB400C33517 /* LaunchScreen.storyboard */,
				A5C443131E039DB400C33517 /* Info.plist */,
				A5BBA1DB1E0CCFBD00256ED7 /* Address.plist */,
			);
			path = Lex;
			sourceTree = "<group>";
		};
		A5C4431B1E039DB500C33517 /* LexTests */ = {
			isa = PBXGroup;
			children = (
				A5C4431C1E039DB500C33517 /* LexTests.swift */,
				A5C4431E1E039DB500C33517 /* Info.plist */,
			);
			path = LexTests;
			sourceTree = "<group>";
		};
		A5C443261E039DB500C33517 /* LexUITests */ = {
			isa = PBXGroup;
			children = (
				A5C443271E039DB500C33517 /* LexUITests.swift */,
				A5C443291E039DB500C33517 /* Info.plist */,
			);
			path = LexUITests;
			sourceTree = "<group>";
		};
		A92A4BC9952F9CF59D834469 /* Frameworks */ = {
			isa = PBXGroup;
			children = (
				A566A8C81E78E0BB00520B89 /* AVFoundation.framework */,
				A566A8C61E78E0AF00520B89 /* AssetsLibrary.framework */,
				A566A8C41E78E0A100520B89 /* Photos.framework */,
				A566A8941E78E06F00520B89 /* Alamofire.framework */,
				A566A8951E78E06F00520B89 /* AlamofireImage.framework */,
				A566A8961E78E06F00520B89 /* AlamofireNetworkActivityIndicator.framework */,
				A566A8971E78E06F00520B89 /* Bolts.framework */,
				A566A8981E78E06F00520B89 /* FBSDKCoreKit.framework */,
				A566A8991E78E06F00520B89 /* FBSDKShareKit.framework */,
				A566A89A1E78E06F00520B89 /* FDFullscreenPopGesture.framework */,
				A566A89B1E78E06F00520B89 /* FLAnimatedImage.framework */,
				A566A89C1E78E06F00520B89 /* KeychainAccess.framework */,
				A566A89D1E78E06F00520B89 /* Kingfisher.framework */,
				A566A89E1E78E06F00520B89 /* Obfuscator.framework */,
				A566A89F1E78E06F00520B89 /* PINCache.framework */,
				A566A8A01E78E06F00520B89 /* PINRemoteImage.framework */,
				A566A8A11E78E06F00520B89 /* Pods_LexTests.framework */,
				A566A8A21E78E06F00520B89 /* Pods_LexUITests.framework */,
				A566A8A31E78E06F00520B89 /* Reachability.framework */,
				A566A8A41E78E06F00520B89 /* REFormattedNumberField.framework */,
				A566A8A51E78E06F00520B89 /* RETableViewManager.framework */,
				A566A8A61E78E06F00520B89 /* REValidation.framework */,
				A566A8A71E78E06F00520B89 /* RHBOrientationObjC.framework */,
				A566A8A81E78E06F00520B89 /* SnapKit.framework */,
				A566A8A91E78E06F00520B89 /* SQLite.framework */,
				A566A8AA1E78E06F00520B89 /* SVProgressHUD.framework */,
				A566A8AB1E78E06F00520B89 /* VK_ios_sdk.framework */,
				A5A2EE311E1F2FBB008F64B7 /* CoreGraphics.framework */,
				A542ADD91E1C7A0900187EEC /* MapKit.framework */,
				A5DC56CB1E120170009B3C36 /* libstdc++.6.0.9.tbd */,
				A5DC56C91E12015B009B3C36 /* libz.tbd */,
				A5DC56C71E120124009B3C36 /* libc.tbd */,
				A5DC56C51E120112009B3C36 /* libc++.tbd */,
				A5DC56D71E1201DF009B3C36 /* UIKit.framework */,
				A5DC56D51E1201D8009B3C36 /* CoreTelephony.framework */,
				A5DC56D31E1201C8009B3C36 /* SystemConfiguration.framework */,
				A5DC56D11E1201B7009B3C36 /* JavaScriptCore.framework */,
				A5DC56CF1E12018F009B3C36 /* Security.framework */,
				A5DC56CD1E120180009B3C36 /* CoreLocation.framework */,
				A5B50D9F1E0A80C500660A26 /* ContactsUI.framework */,
				A5B50D9D1E0A80BE00660A26 /* Contacts.framework */,
				D0EEB82FD92088A2281A975F /* Pods_Lex.framework */,
				0F4F964113A6FCEC3396D41B /* Pods_LexTests.framework */,
				499767940E751928E382D833 /* Pods_LexUITests.framework */,
			);
			name = Frameworks;
			sourceTree = "<group>";
		};
		EA6F3B039B649300D3D435FA /* Pods */ = {
			isa = PBXGroup;
			children = (
				E8F590628160E2B1AC023B01 /* Pods-Lex.debug.xcconfig */,
				E95D2E80F5D13CCCEAB83591 /* Pods-Lex.release.xcconfig */,
				D8B82ABC59C5715B8DD99302 /* Pods-LexTests.debug.xcconfig */,
				809B7B3FCDF73E9626E62DB8 /* Pods-LexTests.release.xcconfig */,
				6893F3029BE2526A3B1A76B4 /* Pods-LexUITests.debug.xcconfig */,
				6D5251EBF330E33AC88BFDEA /* Pods-LexUITests.release.xcconfig */,
			);
			name = Pods;
			sourceTree = "<group>";
		};
/* End PBXGroup section */

/* Begin PBXNativeTarget section */
		A5C443031E039DB400C33517 /* Lex */ = {
			isa = PBXNativeTarget;
			buildConfigurationList = A5C4432C1E039DB500C33517 /* Build configuration list for PBXNativeTarget "Lex" */;
			buildPhases = (
				4EB77F9BD6C8A5DB725E5A1A /* [CP] Check Pods Manifest.lock */,
				A5C443001E039DB400C33517 /* Sources */,
				A5C443011E039DB400C33517 /* Frameworks */,
				A5C443021E039DB400C33517 /* Resources */,
				8DA54414F5E9574274984CA3 /* [CP] Embed Pods Frameworks */,
				C59B12AD21EFE75704F5162A /* [CP] Copy Pods Resources */,
			);
			buildRules = (
			);
			dependencies = (
			);
			name = Lex;
			productName = Lex;
			productReference = A5C443041E039DB400C33517 /* Lex.app */;
			productType = "com.apple.product-type.application";
		};
		A5C443171E039DB500C33517 /* LexTests */ = {
			isa = PBXNativeTarget;
			buildConfigurationList = A5C4432F1E039DB500C33517 /* Build configuration list for PBXNativeTarget "LexTests" */;
			buildPhases = (
				CF7A5AB6E0363AB6C36B2B77 /* [CP] Check Pods Manifest.lock */,
				A5C443141E039DB500C33517 /* Sources */,
				A5C443151E039DB500C33517 /* Frameworks */,
				A5C443161E039DB500C33517 /* Resources */,
				268B33D8A07480EE62CFA96E /* [CP] Embed Pods Frameworks */,
				26FE4DDFE10105EC1F6F6746 /* [CP] Copy Pods Resources */,
			);
			buildRules = (
			);
			dependencies = (
				A5C4431A1E039DB500C33517 /* PBXTargetDependency */,
			);
			name = LexTests;
			productName = LexTests;
			productReference = A5C443181E039DB500C33517 /* LexTests.xctest */;
			productType = "com.apple.product-type.bundle.unit-test";
		};
		A5C443221E039DB500C33517 /* LexUITests */ = {
			isa = PBXNativeTarget;
			buildConfigurationList = A5C443321E039DB500C33517 /* Build configuration list for PBXNativeTarget "LexUITests" */;
			buildPhases = (
				542F20CD31EB04C273C7D07B /* [CP] Check Pods Manifest.lock */,
				A5C4431F1E039DB500C33517 /* Sources */,
				A5C443201E039DB500C33517 /* Frameworks */,
				A5C443211E039DB500C33517 /* Resources */,
				85AEF20F076C0AA7F577F0B2 /* [CP] Copy Pods Resources */,
				0A2B2B52FE385551581ACFF7 /* [CP] Embed Pods Frameworks */,
			);
			buildRules = (
			);
			dependencies = (
				A5C443251E039DB500C33517 /* PBXTargetDependency */,
			);
			name = LexUITests;
			productName = LexUITests;
			productReference = A5C443231E039DB500C33517 /* LexUITests.xctest */;
			productType = "com.apple.product-type.bundle.ui-testing";
		};
/* End PBXNativeTarget section */

/* Begin PBXProject section */
		A5C442FC1E039DB400C33517 /* Project object */ = {
			isa = PBXProject;
			attributes = {
				LastSwiftUpdateCheck = 0810;
				LastUpgradeCheck = 0910;
				ORGANIZATIONNAME = ZQC;
				TargetAttributes = {
					A5C443031E039DB400C33517 = {
						CreatedOnToolsVersion = 8.1;
						DevelopmentTeam = PU39U8DFF5;
						LastSwiftMigration = 0820;
						ProvisioningStyle = Manual;
					};
					A5C443171E039DB500C33517 = {
						CreatedOnToolsVersion = 8.1;
						DevelopmentTeam = C8X66624WA;
						LastSwiftMigration = 0820;
						ProvisioningStyle = Automatic;
						TestTargetID = A5C443031E039DB400C33517;
					};
					A5C443221E039DB500C33517 = {
						CreatedOnToolsVersion = 8.1;
						DevelopmentTeam = C8X66624WA;
						LastSwiftMigration = 0820;
						ProvisioningStyle = Automatic;
						TestTargetID = A5C443031E039DB400C33517;
					};
				};
			};
			buildConfigurationList = A5C442FF1E039DB400C33517 /* Build configuration list for PBXProject "Lex" */;
			compatibilityVersion = "Xcode 3.2";
			developmentRegion = English;
			hasScannedForEncodings = 0;
			knownRegions = (
				en,
				Base,
			);
			mainGroup = A5C442FB1E039DB400C33517;
			productRefGroup = A5C443051E039DB400C33517 /* Products */;
			projectDirPath = "";
			projectRoot = "";
			targets = (
				A5C443031E039DB400C33517 /* Lex */,
				A5C443171E039DB500C33517 /* LexTests */,
				A5C443221E039DB500C33517 /* LexUITests */,
			);
		};
/* End PBXProject section */

/* Begin PBXResourcesBuildPhase section */
		A5C443021E039DB400C33517 /* Resources */ = {
			isa = PBXResourcesBuildPhase;
			buildActionMask = 2147483647;
			files = (
				0C0CAE7B2058AAE0005D913A /* HomePage.storyboard in Resources */,
				0C0CAE452058AAE0005D913A /* PageNavigation.storyboard in Resources */,
				0C0CAE3F2058AAE0005D913A /* Detection.storyboard in Resources */,
				0C0CAE3E2058AAE0005D913A /* noticeMusic.caf in Resources */,
				0C0CAE702058AAE0005D913A /* UserImgCell.xib in Resources */,
				0C0CAE622058AAE0005D913A /* EditAddressCommonCell.xib in Resources */,
				0C0CAE662058AAE0005D913A /* LocationCell.xib in Resources */,
				0C0CAE7A2058AAE0005D913A /* ZCommonCell.xib in Resources */,
				0C0CAE602058AAE0005D913A /* AddressDetailCell.xib in Resources */,
				0C0CAE572058AAE0005D913A /* UserCenter.storyboard in Resources */,
				0C0CAE722058AAE0005D913A /* UserInfoCommonCell.xib in Resources */,
				0C0CAE6D2058AAE0005D913A /* ShowAddressCell.xib in Resources */,
				0C0CAE762058AAE0005D913A /* UserInfoPhotoCell.xib in Resources */,
				0C0CAE692058AAE0005D913A /* NewlyAddedAddressCell.xib in Resources */,
				A5BBA1DC1E0CCFBD00256ED7 /* Address.plist in Resources */,
				0C0CAE782058AAE0005D913A /* UserInfoQRCodeCell.xib in Resources */,
				0C0CAE742058AAE0005D913A /* UserInfoCommonNoneCell.xib in Resources */,
				0C0CAE3B2058AAE0005D913A /* Main.storyboard in Resources */,
				A5C443121E039DB400C33517 /* LaunchScreen.storyboard in Resources */,
				0C0CAE7E2058AAE0005D913A /* HomePageCell.xib in Resources */,
				0C0CAE642058AAE0005D913A /* GenderCell.xib in Resources */,
				A5C4430F1E039DB400C33517 /* Assets.xcassets in Resources */,
			);
			runOnlyForDeploymentPostprocessing = 0;
		};
		A5C443161E039DB500C33517 /* Resources */ = {
			isa = PBXResourcesBuildPhase;
			buildActionMask = 2147483647;
			files = (
			);
			runOnlyForDeploymentPostprocessing = 0;
		};
		A5C443211E039DB500C33517 /* Resources */ = {
			isa = PBXResourcesBuildPhase;
			buildActionMask = 2147483647;
			files = (
			);
			runOnlyForDeploymentPostprocessing = 0;
		};
/* End PBXResourcesBuildPhase section */

/* Begin PBXShellScriptBuildPhase section */
		0A2B2B52FE385551581ACFF7 /* [CP] Embed Pods Frameworks */ = {
			isa = PBXShellScriptBuildPhase;
			buildActionMask = 2147483647;
			files = (
			);
			inputPaths = (
			);
			name = "[CP] Embed Pods Frameworks";
			outputPaths = (
			);
			runOnlyForDeploymentPostprocessing = 0;
			shellPath = /bin/sh;
			shellScript = "\"${SRCROOT}/Pods/Target Support Files/Pods-LexUITests/Pods-LexUITests-frameworks.sh\"\n";
			showEnvVarsInLog = 0;
		};
		268B33D8A07480EE62CFA96E /* [CP] Embed Pods Frameworks */ = {
			isa = PBXShellScriptBuildPhase;
			buildActionMask = 2147483647;
			files = (
			);
			inputPaths = (
			);
			name = "[CP] Embed Pods Frameworks";
			outputPaths = (
			);
			runOnlyForDeploymentPostprocessing = 0;
			shellPath = /bin/sh;
			shellScript = "\"${SRCROOT}/Pods/Target Support Files/Pods-LexTests/Pods-LexTests-frameworks.sh\"\n";
			showEnvVarsInLog = 0;
		};
		26FE4DDFE10105EC1F6F6746 /* [CP] Copy Pods Resources */ = {
			isa = PBXShellScriptBuildPhase;
			buildActionMask = 2147483647;
			files = (
			);
			inputPaths = (
			);
			name = "[CP] Copy Pods Resources";
			outputPaths = (
			);
			runOnlyForDeploymentPostprocessing = 0;
			shellPath = /bin/sh;
			shellScript = "\"${SRCROOT}/Pods/Target Support Files/Pods-LexTests/Pods-LexTests-resources.sh\"\n";
			showEnvVarsInLog = 0;
		};
		4EB77F9BD6C8A5DB725E5A1A /* [CP] Check Pods Manifest.lock */ = {
			isa = PBXShellScriptBuildPhase;
			buildActionMask = 2147483647;
			files = (
			);
			inputPaths = (
			);
			name = "[CP] Check Pods Manifest.lock";
			outputPaths = (
			);
			runOnlyForDeploymentPostprocessing = 0;
			shellPath = /bin/sh;
			shellScript = "diff \"${PODS_ROOT}/../Podfile.lock\" \"${PODS_ROOT}/Manifest.lock\" > /dev/null\nif [ $? != 0 ] ; then\n    # print error to STDERR\n    echo \"error: The sandbox is not in sync with the Podfile.lock. Run 'pod install' or update your CocoaPods installation.\" >&2\n    exit 1\nfi\n";
			showEnvVarsInLog = 0;
		};
		542F20CD31EB04C273C7D07B /* [CP] Check Pods Manifest.lock */ = {
			isa = PBXShellScriptBuildPhase;
			buildActionMask = 2147483647;
			files = (
			);
			inputPaths = (
			);
			name = "[CP] Check Pods Manifest.lock";
			outputPaths = (
			);
			runOnlyForDeploymentPostprocessing = 0;
			shellPath = /bin/sh;
			shellScript = "diff \"${PODS_ROOT}/../Podfile.lock\" \"${PODS_ROOT}/Manifest.lock\" > /dev/null\nif [ $? != 0 ] ; then\n    # print error to STDERR\n    echo \"error: The sandbox is not in sync with the Podfile.lock. Run 'pod install' or update your CocoaPods installation.\" >&2\n    exit 1\nfi\n";
			showEnvVarsInLog = 0;
		};
		85AEF20F076C0AA7F577F0B2 /* [CP] Copy Pods Resources */ = {
			isa = PBXShellScriptBuildPhase;
			buildActionMask = 2147483647;
			files = (
			);
			inputPaths = (
			);
			name = "[CP] Copy Pods Resources";
			outputPaths = (
			);
			runOnlyForDeploymentPostprocessing = 0;
			shellPath = /bin/sh;
			shellScript = "\"${SRCROOT}/Pods/Target Support Files/Pods-LexUITests/Pods-LexUITests-resources.sh\"\n";
			showEnvVarsInLog = 0;
		};
		8DA54414F5E9574274984CA3 /* [CP] Embed Pods Frameworks */ = {
			isa = PBXShellScriptBuildPhase;
			buildActionMask = 2147483647;
			files = (
			);
			inputPaths = (
			);
			name = "[CP] Embed Pods Frameworks";
			outputPaths = (
			);
			runOnlyForDeploymentPostprocessing = 0;
			shellPath = /bin/sh;
			shellScript = "\"${SRCROOT}/Pods/Target Support Files/Pods-Lex/Pods-Lex-frameworks.sh\"\n";
			showEnvVarsInLog = 0;
		};
		C59B12AD21EFE75704F5162A /* [CP] Copy Pods Resources */ = {
			isa = PBXShellScriptBuildPhase;
			buildActionMask = 2147483647;
			files = (
			);
			inputPaths = (
			);
			name = "[CP] Copy Pods Resources";
			outputPaths = (
			);
			runOnlyForDeploymentPostprocessing = 0;
			shellPath = /bin/sh;
			shellScript = "\"${SRCROOT}/Pods/Target Support Files/Pods-Lex/Pods-Lex-resources.sh\"\n";
			showEnvVarsInLog = 0;
		};
		CF7A5AB6E0363AB6C36B2B77 /* [CP] Check Pods Manifest.lock */ = {
			isa = PBXShellScriptBuildPhase;
			buildActionMask = 2147483647;
			files = (
			);
			inputPaths = (
			);
			name = "[CP] Check Pods Manifest.lock";
			outputPaths = (
			);
			runOnlyForDeploymentPostprocessing = 0;
			shellPath = /bin/sh;
			shellScript = "diff \"${PODS_ROOT}/../Podfile.lock\" \"${PODS_ROOT}/Manifest.lock\" > /dev/null\nif [ $? != 0 ] ; then\n    # print error to STDERR\n    echo \"error: The sandbox is not in sync with the Podfile.lock. Run 'pod install' or update your CocoaPods installation.\" >&2\n    exit 1\nfi\n";
			showEnvVarsInLog = 0;
		};
/* End PBXShellScriptBuildPhase section */

/* Begin PBXSourcesBuildPhase section */
		A5C443001E039DB400C33517 /* Sources */ = {
			isa = PBXSourcesBuildPhase;
			buildActionMask = 2147483647;
			files = (
				0C0CAE502058AAE0005D913A /* LoginViewController.swift in Sources */,
				0C0CAE5A2058AAE0005D913A /* UserNameVC.swift in Sources */,
				0C0CAE652058AAE0005D913A /* LocationCell.swift in Sources */,
				0C0CAE472058AAE0005D913A /* DCCameraAlbum.swift in Sources */,
				0C0CAE2F2058AAE0005D913A /* UIView+Extension.swift in Sources */,
				0C0CAE3C2058AAE0005D913A /* UserGuideVC.swift in Sources */,
				0C0CAE492058AAE0005D913A /* AlbumCollectionView.swift in Sources */,
				0C0CAE5B2058AAE0005D913A /* UserPhotoVC.swift in Sources */,
				0C0CAE542058AAE0005D913A /* ScanCodeVC.swift in Sources */,
				0C0CAE2E2058AAE0005D913A /* SettingsTable.swift in Sources */,
				0C0CAE712058AAE0005D913A /* UserInfoCommonCell.swift in Sources */,
				0C0CAE6C2058AAE0005D913A /* ShowAddressCell.swift in Sources */,
				0C0CAE2B2058AAE0005D913A /* PopMenu.swift in Sources */,
				0C0CAE752058AAE0005D913A /* UserInfoPhotoCell.swift in Sources */,
				0C0CAE582058AAE0005D913A /* UserCenterVC.swift in Sources */,
				0C0CAE422058AAE0005D913A /* DetectionCell.swift in Sources */,
				0C0CAE6F2058AAE0005D913A /* UserImgCell.swift in Sources */,
				0C0CAE412058AAE0005D913A /* DetectionModel.swift in Sources */,
				0C0CAE512058AAE0005D913A /* MyQRCodeVC.swift in Sources */,
				0C0CAE2C2058AAE0005D913A /* PresentNaBarView.swift in Sources */,
				0C0CAE352058AAE0005D913A /* CCSingleton.swift in Sources */,
				0C0CAE5D2058AAE0005D913A /* String+QRCode.swift in Sources */,
				0C0CAE552058AAE0005D913A /* UpDateAddressVC.swift in Sources */,
				0C0CAE612058AAE0005D913A /* EditAddressCommonCell.swift in Sources */,
				0C0CAE772058AAE0005D913A /* UserInfoQRCodeCell.swift in Sources */,
				0C0CAE432058AAE0005D913A /* AlbumViewController.swift in Sources */,
				0C0CAE942058AB8A005D913A /* CrashManager.swift in Sources */,
				0C0CAE972058AB8A005D913A /* SlideAdressTool.m in Sources */,
				0C0CAE392058AAE0005D913A /* SQLiteManager.swift in Sources */,
				0C0CAE522058AAE0005D913A /* RegisterViewController.swift in Sources */,
				0C0CAE402058AAE0005D913A /* DetectionVC.swift in Sources */,
				0C0CAE532058AAE0005D913A /* ScanCodeResultVC.swift in Sources */,
				0C0CAE7C2058AAE0005D913A /* HomePageVC.swift in Sources */,
				0C0CAE962058AB8A005D913A /* crashSignalManager.swift in Sources */,
				0C0CAE312058AAE0005D913A /* FinishBlockHelper.swift in Sources */,
				0C0CAE4B2058AAE0005D913A /* PicListCell.swift in Sources */,
				0C0CAE5E2058AAE0005D913A /* UIImage+QRCode.swift in Sources */,
				0C0CAE462058AAE0005D913A /* PageNavigationVC.swift in Sources */,
				0C0CAE5F2058AAE0005D913A /* AddressDetailCell.swift in Sources */,
				0C0CAE302058AAE0005D913A /* ZLabel.swift in Sources */,
				0C0CAE362058AAE0005D913A /* ReturnLocationHelper.swift in Sources */,
				0C0CAE4D2058AAE0005D913A /* TopBar.swift in Sources */,
				0C0CAE4F2058AAE0005D913A /* LocationVC.swift in Sources */,
				0C0CAE562058AAE0005D913A /* UserAddressVC.swift in Sources */,
				0C0CAE4E2058AAE0005D913A /* GenderVC.swift in Sources */,
				0C0CAE4A2058AAE0005D913A /* AlbumCollectionViewCell.swift in Sources */,
				0C0CAE6E2058AAE0005D913A /* TabBarView.swift in Sources */,
				0C0CAE342058AAE0005D913A /* CCLocationManager.swift in Sources */,
				0C0CAE632058AAE0005D913A /* GenderCell.swift in Sources */,
				0C0CAE262058AAE0005D913A /* UINavigationController+Extends.m in Sources */,
				0C0CAE292058AAE0005D913A /* AddressPickView.swift in Sources */,
				0C0CAE3D2058AAE0005D913A /* ZTabBarController.swift in Sources */,
				0C0CAE252058AAE0005D913A /* ZAppDelegate.swift in Sources */,
				0C0CAE672058AAE0005D913A /* LocationSearch.swift in Sources */,
				0C0CAE792058AAE0005D913A /* ZCommonCell.swift in Sources */,
				0C0CAE282058AAE0005D913A /* ZNavigationController.swift in Sources */,
				0C0CAE5C2058AAE0005D913A /* ScanCodeTool.swift in Sources */,
				0C0CAE832058AAE0005D913A /* Config.swift in Sources */,
				0C0CAE2D2058AAE0005D913A /* Search.swift in Sources */,
				0C0CAE382058AAE0005D913A /* SaveUserImageHelper.swift in Sources */,
				0C0CAE272058AAE0005D913A /* BaseViewController.swift in Sources */,
				0C0CAE4C2058AAE0005D913A /* PicListCollectionView.swift in Sources */,
				0C0CAE442058AAE0005D913A /* CustomCameraViC.swift in Sources */,
				0C0CAE6A2058AAE0005D913A /* ScanCodeLoadingView.swift in Sources */,
				0C0CAE7D2058AAE0005D913A /* HomePageCell.swift in Sources */,
				0C0CAE2A2058AAE0005D913A /* CCMAMapView.swift in Sources */,
				0C0CAE952058AB8A005D913A /* crashNSExceptionManager.swift in Sources */,
				0C0CAE3A2058AAE0005D913A /* LoadingVC.swift in Sources */,
				0C0CAE732058AAE0005D913A /* UserInfoCommonNoneCell.swift in Sources */,
				0C0CAE592058AAE0005D913A /* UserInfoVC.swift in Sources */,
				0C0CAE682058AAE0005D913A /* NewlyAddedAddressCell.swift in Sources */,
				0C0CAE332058AAE0005D913A /* GlobalVariables.swift in Sources */,
				0C0CAE6B2058AAE0005D913A /* ScanCodeView.swift in Sources */,
				0C0CAE372058AAE0005D913A /* SavaImgHelper.swift in Sources */,
				0C0CAE322058AAE0005D913A /* FinishBlockHelper.temp_caseinsensitive_rename.swift in Sources */,
				0C0CAE482058AAE0005D913A /* UIImage-Extension.swift in Sources */,
			);
			runOnlyForDeploymentPostprocessing = 0;
		};
		A5C443141E039DB500C33517 /* Sources */ = {
			isa = PBXSourcesBuildPhase;
			buildActionMask = 2147483647;
			files = (
				A5C4431D1E039DB500C33517 /* LexTests.swift in Sources */,
			);
			runOnlyForDeploymentPostprocessing = 0;
		};
		A5C4431F1E039DB500C33517 /* Sources */ = {
			isa = PBXSourcesBuildPhase;
			buildActionMask = 2147483647;
			files = (
				A5C443281E039DB500C33517 /* LexUITests.swift in Sources */,
			);
			runOnlyForDeploymentPostprocessing = 0;
		};
/* End PBXSourcesBuildPhase section */

/* Begin PBXTargetDependency section */
		A5C4431A1E039DB500C33517 /* PBXTargetDependency */ = {
			isa = PBXTargetDependency;
			target = A5C443031E039DB400C33517 /* Lex */;
			targetProxy = A5C443191E039DB500C33517 /* PBXContainerItemProxy */;
		};
		A5C443251E039DB500C33517 /* PBXTargetDependency */ = {
			isa = PBXTargetDependency;
			target = A5C443031E039DB400C33517 /* Lex */;
			targetProxy = A5C443241E039DB500C33517 /* PBXContainerItemProxy */;
		};
/* End PBXTargetDependency section */

/* Begin PBXVariantGroup section */
		A5C443101E039DB400C33517 /* LaunchScreen.storyboard */ = {
			isa = PBXVariantGroup;
			children = (
				A5C443111E039DB400C33517 /* Base */,
			);
			name = LaunchScreen.storyboard;
			sourceTree = "<group>";
		};
/* End PBXVariantGroup section */

/* Begin XCBuildConfiguration section */
		A5C4432A1E039DB500C33517 /* Debug */ = {
			isa = XCBuildConfiguration;
			buildSettings = {
				ALWAYS_SEARCH_USER_PATHS = NO;
				CLANG_ANALYZER_NONNULL = YES;
				CLANG_CXX_LANGUAGE_STANDARD = "gnu++0x";
				CLANG_CXX_LIBRARY = "libc++";
				CLANG_ENABLE_MODULES = YES;
				CLANG_ENABLE_OBJC_ARC = YES;
				CLANG_WARN_BLOCK_CAPTURE_AUTORELEASING = YES;
				CLANG_WARN_BOOL_CONVERSION = YES;
				CLANG_WARN_COMMA = YES;
				CLANG_WARN_CONSTANT_CONVERSION = YES;
				CLANG_WARN_DIRECT_OBJC_ISA_USAGE = YES_ERROR;
				CLANG_WARN_DOCUMENTATION_COMMENTS = YES;
				CLANG_WARN_EMPTY_BODY = YES;
				CLANG_WARN_ENUM_CONVERSION = YES;
				CLANG_WARN_INFINITE_RECURSION = YES;
				CLANG_WARN_INT_CONVERSION = YES;
				CLANG_WARN_NON_LITERAL_NULL_CONVERSION = YES;
				CLANG_WARN_OBJC_LITERAL_CONVERSION = YES;
				CLANG_WARN_OBJC_ROOT_CLASS = YES_ERROR;
				CLANG_WARN_RANGE_LOOP_ANALYSIS = YES;
				CLANG_WARN_STRICT_PROTOTYPES = YES;
				CLANG_WARN_SUSPICIOUS_MOVE = YES;
				CLANG_WARN_SUSPICIOUS_MOVES = YES;
				CLANG_WARN_UNREACHABLE_CODE = YES;
				CLANG_WARN__DUPLICATE_METHOD_MATCH = YES;
				"CODE_SIGN_IDENTITY[sdk=iphoneos*]" = "iPhone Developer";
				COPY_PHASE_STRIP = NO;
				DEBUG_INFORMATION_FORMAT = dwarf;
				ENABLE_STRICT_OBJC_MSGSEND = YES;
				ENABLE_TESTABILITY = YES;
				GCC_C_LANGUAGE_STANDARD = gnu99;
				GCC_DYNAMIC_NO_PIC = NO;
				GCC_NO_COMMON_BLOCKS = YES;
				GCC_OPTIMIZATION_LEVEL = 0;
				GCC_PREPROCESSOR_DEFINITIONS = (
					"DEBUG=1",
					"$(inherited)",
				);
				GCC_WARN_64_TO_32_BIT_CONVERSION = YES;
				GCC_WARN_ABOUT_RETURN_TYPE = YES_ERROR;
				GCC_WARN_UNDECLARED_SELECTOR = YES;
				GCC_WARN_UNINITIALIZED_AUTOS = YES_AGGRESSIVE;
				GCC_WARN_UNUSED_FUNCTION = YES;
				GCC_WARN_UNUSED_VARIABLE = YES;
				IPHONEOS_DEPLOYMENT_TARGET = 10.1;
				MTL_ENABLE_DEBUG_INFO = YES;
				ONLY_ACTIVE_ARCH = YES;
				SDKROOT = iphoneos;
				SWIFT_ACTIVE_COMPILATION_CONDITIONS = DEBUG;
				SWIFT_OPTIMIZATION_LEVEL = "-Onone";
				TARGETED_DEVICE_FAMILY = "1,2";
			};
			name = Debug;
		};
		A5C4432B1E039DB500C33517 /* Release */ = {
			isa = XCBuildConfiguration;
			buildSettings = {
				ALWAYS_SEARCH_USER_PATHS = NO;
				CLANG_ANALYZER_NONNULL = YES;
				CLANG_CXX_LANGUAGE_STANDARD = "gnu++0x";
				CLANG_CXX_LIBRARY = "libc++";
				CLANG_ENABLE_MODULES = YES;
				CLANG_ENABLE_OBJC_ARC = YES;
				CLANG_WARN_BLOCK_CAPTURE_AUTORELEASING = YES;
				CLANG_WARN_BOOL_CONVERSION = YES;
				CLANG_WARN_COMMA = YES;
				CLANG_WARN_CONSTANT_CONVERSION = YES;
				CLANG_WARN_DIRECT_OBJC_ISA_USAGE = YES_ERROR;
				CLANG_WARN_DOCUMENTATION_COMMENTS = YES;
				CLANG_WARN_EMPTY_BODY = YES;
				CLANG_WARN_ENUM_CONVERSION = YES;
				CLANG_WARN_INFINITE_RECURSION = YES;
				CLANG_WARN_INT_CONVERSION = YES;
				CLANG_WARN_NON_LITERAL_NULL_CONVERSION = YES;
				CLANG_WARN_OBJC_LITERAL_CONVERSION = YES;
				CLANG_WARN_OBJC_ROOT_CLASS = YES_ERROR;
				CLANG_WARN_RANGE_LOOP_ANALYSIS = YES;
				CLANG_WARN_STRICT_PROTOTYPES = YES;
				CLANG_WARN_SUSPICIOUS_MOVE = YES;
				CLANG_WARN_SUSPICIOUS_MOVES = YES;
				CLANG_WARN_UNREACHABLE_CODE = YES;
				CLANG_WARN__DUPLICATE_METHOD_MATCH = YES;
				"CODE_SIGN_IDENTITY[sdk=iphoneos*]" = "iPhone Developer";
				COPY_PHASE_STRIP = NO;
				DEBUG_INFORMATION_FORMAT = "dwarf-with-dsym";
				ENABLE_NS_ASSERTIONS = NO;
				ENABLE_STRICT_OBJC_MSGSEND = YES;
				GCC_C_LANGUAGE_STANDARD = gnu99;
				GCC_NO_COMMON_BLOCKS = YES;
				GCC_WARN_64_TO_32_BIT_CONVERSION = YES;
				GCC_WARN_ABOUT_RETURN_TYPE = YES_ERROR;
				GCC_WARN_UNDECLARED_SELECTOR = YES;
				GCC_WARN_UNINITIALIZED_AUTOS = YES_AGGRESSIVE;
				GCC_WARN_UNUSED_FUNCTION = YES;
				GCC_WARN_UNUSED_VARIABLE = YES;
				IPHONEOS_DEPLOYMENT_TARGET = 10.1;
				MTL_ENABLE_DEBUG_INFO = NO;
				SDKROOT = iphoneos;
				SWIFT_OPTIMIZATION_LEVEL = "-Owholemodule";
				TARGETED_DEVICE_FAMILY = "1,2";
				VALIDATE_PRODUCT = YES;
			};
			name = Release;
		};
		A5C4432D1E039DB500C33517 /* Debug */ = {
			isa = XCBuildConfiguration;
			baseConfigurationReference = E8F590628160E2B1AC023B01 /* Pods-Lex.debug.xcconfig */;
			buildSettings = {
				ASSETCATALOG_COMPILER_APPICON_NAME = AppIcon;
				CODE_SIGN_IDENTITY = "iPhone Developer: Zhihao Song (5Z36TS2C63)";
				"CODE_SIGN_IDENTITY[sdk=iphoneos*]" = "iPhone Developer";
				CODE_SIGN_STYLE = Manual;
				DEVELOPMENT_TEAM = PU39U8DFF5;
				FRAMEWORK_SEARCH_PATHS = (
					"$(inherited)",
					"$(PROJECT_DIR)/Frameworks",
					"$(PROJECT_DIR)/build/Debug-iphoneos/Alamofire",
					"$(PROJECT_DIR)/build/Debug-iphoneos/AlamofireImage",
					"$(PROJECT_DIR)/build/Debug-iphoneos/AlamofireNetworkActivityIndicator",
					"$(PROJECT_DIR)/build/Debug-iphoneos/Bolts",
					"$(PROJECT_DIR)/build/Debug-iphoneos/FBSDKCoreKit",
					"$(PROJECT_DIR)/build/Debug-iphoneos/FBSDKShareKit",
					"$(PROJECT_DIR)/build/Debug-iphoneos/FLAnimatedImage",
					"$(PROJECT_DIR)/build/Debug-iphoneos/Kingfisher",
					"$(PROJECT_DIR)/build/Debug-iphoneos/Obfuscator",
					"$(PROJECT_DIR)/build/Debug-iphoneos/PINCache",
					"$(PROJECT_DIR)/build/Debug-iphoneos/PINRemoteImage",
					"$(PROJECT_DIR)/build/Debug-iphoneos",
					"$(PROJECT_DIR)/build/Debug-iphoneos/RHBOrientationObjC",
					"$(PROJECT_DIR)/build/Debug-iphoneos/VK-ios-sdk",
				);
				INFOPLIST_FILE = Lex/Info.plist;
				IPHONEOS_DEPLOYMENT_TARGET = 9.0;
				LD_RUNPATH_SEARCH_PATHS = "$(inherited) @executable_path/Frameworks";
				OTHER_SWIFT_FLAGS = "$(inherited) \"-D\" \"COCOAPODS\"";
				"OTHER_SWIFT_FLAGS[arch=*]" = "-DDEBUG";
				PRODUCT_BUNDLE_IDENTIFIER = com.nbcb.zhou.Lex;
				PRODUCT_NAME = "$(TARGET_NAME)";
				PROVISIONING_PROFILE = "18fdbc50-af37-4f73-be51-b53f37c1579b";
				PROVISIONING_PROFILE_SPECIFIER = AlexSongDev;
				SWIFT_OBJC_BRIDGING_HEADER = "Lex/Class/Config/Lex-Bridging-Header.h";
				SWIFT_VERSION = 3.0;
				TARGETED_DEVICE_FAMILY = 1;
			};
			name = Debug;
		};
		A5C4432E1E039DB500C33517 /* Release */ = {
			isa = XCBuildConfiguration;
			baseConfigurationReference = E95D2E80F5D13CCCEAB83591 /* Pods-Lex.release.xcconfig */;
			buildSettings = {
				ASSETCATALOG_COMPILER_APPICON_NAME = AppIcon;
				CODE_SIGN_IDENTITY = "iPhone Developer: Zhihao Song (5Z36TS2C63)";
				"CODE_SIGN_IDENTITY[sdk=iphoneos*]" = "iPhone Developer";
				CODE_SIGN_STYLE = Manual;
				DEVELOPMENT_TEAM = "";
				FRAMEWORK_SEARCH_PATHS = (
					"$(inherited)",
					"$(PROJECT_DIR)/Frameworks",
					"$(PROJECT_DIR)/build/Debug-iphoneos/Alamofire",
					"$(PROJECT_DIR)/build/Debug-iphoneos/AlamofireImage",
					"$(PROJECT_DIR)/build/Debug-iphoneos/AlamofireNetworkActivityIndicator",
					"$(PROJECT_DIR)/build/Debug-iphoneos/Bolts",
					"$(PROJECT_DIR)/build/Debug-iphoneos/FBSDKCoreKit",
					"$(PROJECT_DIR)/build/Debug-iphoneos/FBSDKShareKit",
					"$(PROJECT_DIR)/build/Debug-iphoneos/FLAnimatedImage",
					"$(PROJECT_DIR)/build/Debug-iphoneos/Kingfisher",
					"$(PROJECT_DIR)/build/Debug-iphoneos/Obfuscator",
					"$(PROJECT_DIR)/build/Debug-iphoneos/PINCache",
					"$(PROJECT_DIR)/build/Debug-iphoneos/PINRemoteImage",
					"$(PROJECT_DIR)/build/Debug-iphoneos",
					"$(PROJECT_DIR)/build/Debug-iphoneos/RHBOrientationObjC",
					"$(PROJECT_DIR)/build/Debug-iphoneos/VK-ios-sdk",
				);
				INFOPLIST_FILE = Lex/Info.plist;
				IPHONEOS_DEPLOYMENT_TARGET = 9.0;
				LD_RUNPATH_SEARCH_PATHS = "$(inherited) @executable_path/Frameworks";
				OTHER_SWIFT_FLAGS = "$(inherited) \"-D\" \"COCOAPODS\"";
				"OTHER_SWIFT_FLAGS[arch=*]" = " -DRELEASE";
				PRODUCT_BUNDLE_IDENTIFIER = com.nbcb.zhou.Lex;
				PRODUCT_NAME = "$(TARGET_NAME)";
				PROVISIONING_PROFILE = "";
				PROVISIONING_PROFILE_SPECIFIER = "";
				SWIFT_OBJC_BRIDGING_HEADER = "Lex/Class/Config/Lex-Bridging-Header.h";
				SWIFT_VERSION = 3.0;
				TARGETED_DEVICE_FAMILY = 1;
			};
			name = Release;
		};
		A5C443301E039DB500C33517 /* Debug */ = {
			isa = XCBuildConfiguration;
			baseConfigurationReference = D8B82ABC59C5715B8DD99302 /* Pods-LexTests.debug.xcconfig */;
			buildSettings = {
				ALWAYS_EMBED_SWIFT_STANDARD_LIBRARIES = YES;
				BUNDLE_LOADER = "$(TEST_HOST)";
				DEVELOPMENT_TEAM = C8X66624WA;
				INFOPLIST_FILE = LexTests/Info.plist;
				LD_RUNPATH_SEARCH_PATHS = "$(inherited) @executable_path/Frameworks @loader_path/Frameworks";
				PRODUCT_BUNDLE_IDENTIFIER = com.nbcb.mobilebank.LexTests;
				PRODUCT_NAME = "$(TARGET_NAME)";
				SWIFT_VERSION = 3.0;
				TEST_HOST = "$(BUILT_PRODUCTS_DIR)/Lex.app/Lex";
			};
			name = Debug;
		};
		A5C443311E039DB500C33517 /* Release */ = {
			isa = XCBuildConfiguration;
			baseConfigurationReference = 809B7B3FCDF73E9626E62DB8 /* Pods-LexTests.release.xcconfig */;
			buildSettings = {
				ALWAYS_EMBED_SWIFT_STANDARD_LIBRARIES = YES;
				BUNDLE_LOADER = "$(TEST_HOST)";
				DEVELOPMENT_TEAM = C8X66624WA;
				INFOPLIST_FILE = LexTests/Info.plist;
				LD_RUNPATH_SEARCH_PATHS = "$(inherited) @executable_path/Frameworks @loader_path/Frameworks";
				PRODUCT_BUNDLE_IDENTIFIER = com.nbcb.mobilebank.LexTests;
				PRODUCT_NAME = "$(TARGET_NAME)";
				SWIFT_VERSION = 3.0;
				TEST_HOST = "$(BUILT_PRODUCTS_DIR)/Lex.app/Lex";
			};
			name = Release;
		};
		A5C443331E039DB500C33517 /* Debug */ = {
			isa = XCBuildConfiguration;
			baseConfigurationReference = 6893F3029BE2526A3B1A76B4 /* Pods-LexUITests.debug.xcconfig */;
			buildSettings = {
				ALWAYS_EMBED_SWIFT_STANDARD_LIBRARIES = YES;
				DEVELOPMENT_TEAM = C8X66624WA;
				INFOPLIST_FILE = LexUITests/Info.plist;
				LD_RUNPATH_SEARCH_PATHS = "$(inherited) @executable_path/Frameworks @loader_path/Frameworks";
				PRODUCT_BUNDLE_IDENTIFIER = com.nbcb.mobilebank.LexUITests;
				PRODUCT_NAME = "$(TARGET_NAME)";
				SWIFT_VERSION = 3.0;
				TEST_TARGET_NAME = Lex;
			};
			name = Debug;
		};
		A5C443341E039DB500C33517 /* Release */ = {
			isa = XCBuildConfiguration;
			baseConfigurationReference = 6D5251EBF330E33AC88BFDEA /* Pods-LexUITests.release.xcconfig */;
			buildSettings = {
				ALWAYS_EMBED_SWIFT_STANDARD_LIBRARIES = YES;
				DEVELOPMENT_TEAM = C8X66624WA;
				INFOPLIST_FILE = LexUITests/Info.plist;
				LD_RUNPATH_SEARCH_PATHS = "$(inherited) @executable_path/Frameworks @loader_path/Frameworks";
				PRODUCT_BUNDLE_IDENTIFIER = com.nbcb.mobilebank.LexUITests;
				PRODUCT_NAME = "$(TARGET_NAME)";
				SWIFT_VERSION = 3.0;
				TEST_TARGET_NAME = Lex;
			};
			name = Release;
		};
/* End XCBuildConfiguration section */

/* Begin XCConfigurationList section */
		A5C442FF1E039DB400C33517 /* Build configuration list for PBXProject "Lex" */ = {
			isa = XCConfigurationList;
			buildConfigurations = (
				A5C4432A1E039DB500C33517 /* Debug */,
				A5C4432B1E039DB500C33517 /* Release */,
			);
			defaultConfigurationIsVisible = 0;
			defaultConfigurationName = Release;
		};
		A5C4432C1E039DB500C33517 /* Build configuration list for PBXNativeTarget "Lex" */ = {
			isa = XCConfigurationList;
			buildConfigurations = (
				A5C4432D1E039DB500C33517 /* Debug */,
				A5C4432E1E039DB500C33517 /* Release */,
			);
			defaultConfigurationIsVisible = 0;
			defaultConfigurationName = Release;
		};
		A5C4432F1E039DB500C33517 /* Build configuration list for PBXNativeTarget "LexTests" */ = {
			isa = XCConfigurationList;
			buildConfigurations = (
				A5C443301E039DB500C33517 /* Debug */,
				A5C443311E039DB500C33517 /* Release */,
			);
			defaultConfigurationIsVisible = 0;
			defaultConfigurationName = Release;
		};
		A5C443321E039DB500C33517 /* Build configuration list for PBXNativeTarget "LexUITests" */ = {
			isa = XCConfigurationList;
			buildConfigurations = (
				A5C443331E039DB500C33517 /* Debug */,
				A5C443341E039DB500C33517 /* Release */,
			);
			defaultConfigurationIsVisible = 0;
			defaultConfigurationName = Release;
		};
/* End XCConfigurationList section */
	};
	rootObject = A5C442FC1E039DB400C33517 /* Project object */;
}
