// !$*UTF8*$!
{
	archiveVersion = 1;
	classes = {
	};
	objectVersion = 46;
	objects = {

/* Begin PBXBuildFile section */
		42DEE5CF1DE5E1FA000A2693 /* SQLiteManager.swift in Sources */ = {isa = PBXBuildFile; fileRef = 42DEE5CE1DE5E1FA000A2693 /* SQLiteManager.swift */; };
		663B7FB6572524891A3DBB79 /* Pods_LexUITests.framework in Frameworks */ = {isa = PBXBuildFile; fileRef = B13BC0B8A2D05ABC725B0793 /* Pods_LexUITests.framework */; };
		8F2B4D66BE9B748FC3A23322 /* Pods_LexTests.framework in Frameworks */ = {isa = PBXBuildFile; fileRef = 87127CB891849E081AEBD3F3 /* Pods_LexTests.framework */; };
		A52238831DE544B10037A5BB /* Lex.xcdatamodeld in Sources */ = {isa = PBXBuildFile; fileRef = A52238811DE544B10037A5BB /* Lex.xcdatamodeld */; };
		A52238851DE544B10037A5BB /* Assets.xcassets in Resources */ = {isa = PBXBuildFile; fileRef = A52238841DE544B10037A5BB /* Assets.xcassets */; };
		A52238881DE544B10037A5BB /* LaunchScreen.storyboard in Resources */ = {isa = PBXBuildFile; fileRef = A52238861DE544B10037A5BB /* LaunchScreen.storyboard */; };
		A52238931DE544B10037A5BB /* LexTests.swift in Sources */ = {isa = PBXBuildFile; fileRef = A52238921DE544B10037A5BB /* LexTests.swift */; };
		A522389E1DE544B10037A5BB /* LexUITests.swift in Sources */ = {isa = PBXBuildFile; fileRef = A522389D1DE544B10037A5BB /* LexUITests.swift */; };
		A52239131DE545350037A5BB /* ZAppDelegate.swift in Sources */ = {isa = PBXBuildFile; fileRef = A52238B61DE545350037A5BB /* ZAppDelegate.swift */; };
		A52239141DE545350037A5BB /* UINavigationController+Extends.m in Sources */ = {isa = PBXBuildFile; fileRef = A52238BA1DE545350037A5BB /* UINavigationController+Extends.m */; };
		A52239151DE545350037A5BB /* RootViewController.swift in Sources */ = {isa = PBXBuildFile; fileRef = A52238BC1DE545350037A5BB /* RootViewController.swift */; };
		A52239161DE545350037A5BB /* ZNavigationController.swift in Sources */ = {isa = PBXBuildFile; fileRef = A52238BD1DE545350037A5BB /* ZNavigationController.swift */; };
		A52239171DE545350037A5BB /* UIView+Extension.swift in Sources */ = {isa = PBXBuildFile; fileRef = A52238C11DE545350037A5BB /* UIView+Extension.swift */; };
		A52239181DE545350037A5BB /* ZButton.swift in Sources */ = {isa = PBXBuildFile; fileRef = A52238C21DE545350037A5BB /* ZButton.swift */; };
		A52239191DE545350037A5BB /* ZCanvasView.swift in Sources */ = {isa = PBXBuildFile; fileRef = A52238C31DE545350037A5BB /* ZCanvasView.swift */; };
		A522391A1DE545350037A5BB /* ZLabel.swift in Sources */ = {isa = PBXBuildFile; fileRef = A52238C41DE545350037A5BB /* ZLabel.swift */; };
		A522391B1DE545350037A5BB /* ZSegmentedControl.swift in Sources */ = {isa = PBXBuildFile; fileRef = A52238C51DE545350037A5BB /* ZSegmentedControl.swift */; };
		A522391C1DE545350037A5BB /* ZSlider.swift in Sources */ = {isa = PBXBuildFile; fileRef = A52238C61DE545350037A5BB /* ZSlider.swift */; };
		A522391D1DE545350037A5BB /* ZTableViewCell.swift in Sources */ = {isa = PBXBuildFile; fileRef = A52238C71DE545350037A5BB /* ZTableViewCell.swift */; };
		A522391E1DE545350037A5BB /* ZTableViewCell.xib in Resources */ = {isa = PBXBuildFile; fileRef = A52238C81DE545350037A5BB /* ZTableViewCell.xib */; };
		A522391F1DE545350037A5BB /* ZView.swift in Sources */ = {isa = PBXBuildFile; fileRef = A52238C91DE545350037A5BB /* ZView.swift */; };
		A52239201DE545350037A5BB /* CCLocationManager.swift in Sources */ = {isa = PBXBuildFile; fileRef = A52238CB1DE545350037A5BB /* CCLocationManager.swift */; };
		A52239211DE545350037A5BB /* CCSingleton.swift in Sources */ = {isa = PBXBuildFile; fileRef = A52238CC1DE545350037A5BB /* CCSingleton.swift */; };
		A52239221DE545350037A5BB /* SaveUserImageHelper.swift in Sources */ = {isa = PBXBuildFile; fileRef = A52238CD1DE545350037A5BB /* SaveUserImageHelper.swift */; };
		A52239231DE545350037A5BB /* ZTabBarController.swift in Sources */ = {isa = PBXBuildFile; fileRef = A52238D11DE545350037A5BB /* ZTabBarController.swift */; };
		A52239241DE545350037A5BB /* DetectionViewController.swift in Sources */ = {isa = PBXBuildFile; fileRef = A52238D91DE545350037A5BB /* DetectionViewController.swift */; };
		A52239251DE545350037A5BB /* DetectionModel.swift in Sources */ = {isa = PBXBuildFile; fileRef = A52238DB1DE545350037A5BB /* DetectionModel.swift */; };
		A52239261DE545350037A5BB /* DetectionCell.swift in Sources */ = {isa = PBXBuildFile; fileRef = A52238DD1DE545350037A5BB /* DetectionCell.swift */; };
		A52239271DE545350037A5BB /* PageNavigationVC.swift in Sources */ = {isa = PBXBuildFile; fileRef = A52238E01DE545350037A5BB /* PageNavigationVC.swift */; };
		A52239281DE545350037A5BB /* UserImgCell.swift in Sources */ = {isa = PBXBuildFile; fileRef = A52238E71DE545350037A5BB /* UserImgCell.swift */; };
		A52239291DE545350037A5BB /* UserImgCell.xib in Resources */ = {isa = PBXBuildFile; fileRef = A52238E81DE545350037A5BB /* UserImgCell.xib */; };
		A522392A1DE545350037A5BB /* UserInfoCommonCell.swift in Sources */ = {isa = PBXBuildFile; fileRef = A52238E91DE545350037A5BB /* UserInfoCommonCell.swift */; };
		A522392B1DE545350037A5BB /* UserInfoCommonCell.xib in Resources */ = {isa = PBXBuildFile; fileRef = A52238EA1DE545350037A5BB /* UserInfoCommonCell.xib */; };
		A522392C1DE545350037A5BB /* UserInfoCommonNoneCell.swift in Sources */ = {isa = PBXBuildFile; fileRef = A52238EB1DE545350037A5BB /* UserInfoCommonNoneCell.swift */; };
		A522392D1DE545350037A5BB /* UserInfoCommonNoneCell.xib in Resources */ = {isa = PBXBuildFile; fileRef = A52238EC1DE545350037A5BB /* UserInfoCommonNoneCell.xib */; };
		A522392E1DE545350037A5BB /* UserInfoPhotoCell.swift in Sources */ = {isa = PBXBuildFile; fileRef = A52238ED1DE545350037A5BB /* UserInfoPhotoCell.swift */; };
		A522392F1DE545350037A5BB /* UserInfoPhotoCell.xib in Resources */ = {isa = PBXBuildFile; fileRef = A52238EE1DE545350037A5BB /* UserInfoPhotoCell.xib */; };
		A52239301DE545350037A5BB /* UserInfoQRCodeCell.swift in Sources */ = {isa = PBXBuildFile; fileRef = A52238EF1DE545350037A5BB /* UserInfoQRCodeCell.swift */; };
		A52239311DE545350037A5BB /* UserInfoQRCodeCell.xib in Resources */ = {isa = PBXBuildFile; fileRef = A52238F01DE545350037A5BB /* UserInfoQRCodeCell.xib */; };
		A52239321DE545350037A5BB /* ZCommonCell.swift in Sources */ = {isa = PBXBuildFile; fileRef = A52238F11DE545350037A5BB /* ZCommonCell.swift */; };
		A52239331DE545350037A5BB /* ZCommonCell.xib in Resources */ = {isa = PBXBuildFile; fileRef = A52238F21DE545350037A5BB /* ZCommonCell.xib */; };
		A52239431DE545350037A5BB /* HomePageVC.swift in Sources */ = {isa = PBXBuildFile; fileRef = A522390B1DE545350037A5BB /* HomePageVC.swift */; };
		A52239441DE545350037A5BB /* HomePageCell.swift in Sources */ = {isa = PBXBuildFile; fileRef = A522390D1DE545350037A5BB /* HomePageCell.swift */; };
		A52239451DE545350037A5BB /* HomePageCell.xib in Resources */ = {isa = PBXBuildFile; fileRef = A522390E1DE545350037A5BB /* HomePageCell.xib */; };
		A52239461DE545350037A5BB /* Config.swift in Sources */ = {isa = PBXBuildFile; fileRef = A52239111DE545350037A5BB /* Config.swift */; };
		A522394C1DE56E1B0037A5BB /* ScanCodeTool.swift in Sources */ = {isa = PBXBuildFile; fileRef = A52239491DE56E1B0037A5BB /* ScanCodeTool.swift */; };
		A522394D1DE56E1B0037A5BB /* String+QRCode.swift in Sources */ = {isa = PBXBuildFile; fileRef = A522394A1DE56E1B0037A5BB /* String+QRCode.swift */; };
		A522394E1DE56E1B0037A5BB /* UIImage+QRCode.swift in Sources */ = {isa = PBXBuildFile; fileRef = A522394B1DE56E1B0037A5BB /* UIImage+QRCode.swift */; };
		A52239621DE56E4E0037A5BB /* EditPhotoVC.swift in Sources */ = {isa = PBXBuildFile; fileRef = A52239501DE56E4E0037A5BB /* EditPhotoVC.swift */; };
		A52239631DE56E4E0037A5BB /* EditPhotoVC.xib in Resources */ = {isa = PBXBuildFile; fileRef = A52239511DE56E4E0037A5BB /* EditPhotoVC.xib */; };
		A52239641DE56E4E0037A5BB /* UserInfoVC.swift in Sources */ = {isa = PBXBuildFile; fileRef = A52239531DE56E4E0037A5BB /* UserInfoVC.swift */; };
		A52239651DE56E4E0037A5BB /* UserInfoVC.xib in Resources */ = {isa = PBXBuildFile; fileRef = A52239541DE56E4E0037A5BB /* UserInfoVC.xib */; };
		A52239661DE56E4E0037A5BB /* EditUserNameVC.swift in Sources */ = {isa = PBXBuildFile; fileRef = A52239561DE56E4E0037A5BB /* EditUserNameVC.swift */; };
		A52239671DE56E4E0037A5BB /* EditUserNameVC.xib in Resources */ = {isa = PBXBuildFile; fileRef = A52239571DE56E4E0037A5BB /* EditUserNameVC.xib */; };
		A52239681DE56E4E0037A5BB /* UserInfoQRCodeVC.swift in Sources */ = {isa = PBXBuildFile; fileRef = A522395A1DE56E4E0037A5BB /* UserInfoQRCodeVC.swift */; };
		A52239691DE56E4E0037A5BB /* UserInfoQRCodeVC.xib in Resources */ = {isa = PBXBuildFile; fileRef = A522395B1DE56E4E0037A5BB /* UserInfoQRCodeVC.xib */; };
		A522396A1DE56E4E0037A5BB /* ScanCodeViewController.swift in Sources */ = {isa = PBXBuildFile; fileRef = A522395D1DE56E4E0037A5BB /* ScanCodeViewController.swift */; };
		A522396B1DE56E4E0037A5BB /* ScanCodeViewController.xib in Resources */ = {isa = PBXBuildFile; fileRef = A522395E1DE56E4E0037A5BB /* ScanCodeViewController.xib */; };
		A522396C1DE56E4E0037A5BB /* UserCenterVC.swift in Sources */ = {isa = PBXBuildFile; fileRef = A52239601DE56E4E0037A5BB /* UserCenterVC.swift */; };
		A522396D1DE56E4E0037A5BB /* UserCenterVC.xib in Resources */ = {isa = PBXBuildFile; fileRef = A52239611DE56E4E0037A5BB /* UserCenterVC.xib */; };
		A52239711DE58D190037A5BB /* User.swift in Sources */ = {isa = PBXBuildFile; fileRef = A52239701DE58D190037A5BB /* User.swift */; };
		A52239761DE597940037A5BB /* SQLiteDB.swift in Sources */ = {isa = PBXBuildFile; fileRef = A52239731DE597940037A5BB /* SQLiteDB.swift */; };
		A52239771DE597940037A5BB /* SQLTable.swift in Sources */ = {isa = PBXBuildFile; fileRef = A52239741DE597940037A5BB /* SQLTable.swift */; };
		A52239781DE597940037A5BB /* String-Extras.swift in Sources */ = {isa = PBXBuildFile; fileRef = A52239751DE597940037A5BB /* String-Extras.swift */; };
		A522397A1DE597B00037A5BB /* libsqlite3.0.tbd in Frameworks */ = {isa = PBXBuildFile; fileRef = A52239791DE597B00037A5BB /* libsqlite3.0.tbd */; };
		B3F7470CC31AD98865B1EBEC /* Pods_Lex.framework in Frameworks */ = {isa = PBXBuildFile; fileRef = 047137E5694B0C4EE0C4B523 /* Pods_Lex.framework */; };
/* End PBXBuildFile section */

/* Begin PBXContainerItemProxy section */
		A522388F1DE544B10037A5BB /* PBXContainerItemProxy */ = {
			isa = PBXContainerItemProxy;
			containerPortal = A52238741DE544B10037A5BB /* Project object */;
			proxyType = 1;
			remoteGlobalIDString = A522387B1DE544B10037A5BB;
			remoteInfo = Lex;
		};
		A522389A1DE544B10037A5BB /* PBXContainerItemProxy */ = {
			isa = PBXContainerItemProxy;
			containerPortal = A52238741DE544B10037A5BB /* Project object */;
			proxyType = 1;
			remoteGlobalIDString = A522387B1DE544B10037A5BB;
			remoteInfo = Lex;
		};
/* End PBXContainerItemProxy section */

/* Begin PBXFileReference section */
		047137E5694B0C4EE0C4B523 /* Pods_Lex.framework */ = {isa = PBXFileReference; explicitFileType = wrapper.framework; includeInIndex = 0; path = Pods_Lex.framework; sourceTree = BUILT_PRODUCTS_DIR; };
		15FA35A784B9190BF80A0EC0 /* Pods-LexUITests.release.xcconfig */ = {isa = PBXFileReference; includeInIndex = 1; lastKnownFileType = text.xcconfig; name = "Pods-LexUITests.release.xcconfig"; path = "Pods/Target Support Files/Pods-LexUITests/Pods-LexUITests.release.xcconfig"; sourceTree = "<group>"; };
		1A0EF923A73B8CDF889B4B5C /* Pods-Lex.debug.xcconfig */ = {isa = PBXFileReference; includeInIndex = 1; lastKnownFileType = text.xcconfig; name = "Pods-Lex.debug.xcconfig"; path = "Pods/Target Support Files/Pods-Lex/Pods-Lex.debug.xcconfig"; sourceTree = "<group>"; };
		2EB7EBE5A30F6950BB9AFBE3 /* Pods-LexTests.debug.xcconfig */ = {isa = PBXFileReference; includeInIndex = 1; lastKnownFileType = text.xcconfig; name = "Pods-LexTests.debug.xcconfig"; path = "Pods/Target Support Files/Pods-LexTests/Pods-LexTests.debug.xcconfig"; sourceTree = "<group>"; };
		3A6C832CE54CB7E1A05ABC65 /* Pods-LexUITests.debug.xcconfig */ = {isa = PBXFileReference; includeInIndex = 1; lastKnownFileType = text.xcconfig; name = "Pods-LexUITests.debug.xcconfig"; path = "Pods/Target Support Files/Pods-LexUITests/Pods-LexUITests.debug.xcconfig"; sourceTree = "<group>"; };
		42DEE5CE1DE5E1FA000A2693 /* SQLiteManager.swift */ = {isa = PBXFileReference; fileEncoding = 4; lastKnownFileType = sourcecode.swift; path = SQLiteManager.swift; sourceTree = "<group>"; };
		6F267505429B8AA397CC999B /* Pods-LexTests.release.xcconfig */ = {isa = PBXFileReference; includeInIndex = 1; lastKnownFileType = text.xcconfig; name = "Pods-LexTests.release.xcconfig"; path = "Pods/Target Support Files/Pods-LexTests/Pods-LexTests.release.xcconfig"; sourceTree = "<group>"; };
		87127CB891849E081AEBD3F3 /* Pods_LexTests.framework */ = {isa = PBXFileReference; explicitFileType = wrapper.framework; includeInIndex = 0; path = Pods_LexTests.framework; sourceTree = BUILT_PRODUCTS_DIR; };
		A522387C1DE544B10037A5BB /* Lex.app */ = {isa = PBXFileReference; explicitFileType = wrapper.application; includeInIndex = 0; path = Lex.app; sourceTree = BUILT_PRODUCTS_DIR; };
		A52238821DE544B10037A5BB /* Lex.xcdatamodel */ = {isa = PBXFileReference; lastKnownFileType = wrapper.xcdatamodel; path = Lex.xcdatamodel; sourceTree = "<group>"; };
		A52238841DE544B10037A5BB /* Assets.xcassets */ = {isa = PBXFileReference; lastKnownFileType = folder.assetcatalog; path = Assets.xcassets; sourceTree = "<group>"; };
		A52238871DE544B10037A5BB /* Base */ = {isa = PBXFileReference; lastKnownFileType = file.storyboard; name = Base; path = Base.lproj/LaunchScreen.storyboard; sourceTree = "<group>"; };
		A52238891DE544B10037A5BB /* Info.plist */ = {isa = PBXFileReference; lastKnownFileType = text.plist.xml; path = Info.plist; sourceTree = "<group>"; };
		A522388E1DE544B10037A5BB /* LexTests.xctest */ = {isa = PBXFileReference; explicitFileType = wrapper.cfbundle; includeInIndex = 0; path = LexTests.xctest; sourceTree = BUILT_PRODUCTS_DIR; };
		A52238921DE544B10037A5BB /* LexTests.swift */ = {isa = PBXFileReference; lastKnownFileType = sourcecode.swift; path = LexTests.swift; sourceTree = "<group>"; };
		A52238941DE544B10037A5BB /* Info.plist */ = {isa = PBXFileReference; lastKnownFileType = text.plist.xml; path = Info.plist; sourceTree = "<group>"; };
		A52238991DE544B10037A5BB /* LexUITests.xctest */ = {isa = PBXFileReference; explicitFileType = wrapper.cfbundle; includeInIndex = 0; path = LexUITests.xctest; sourceTree = BUILT_PRODUCTS_DIR; };
		A522389D1DE544B10037A5BB /* LexUITests.swift */ = {isa = PBXFileReference; lastKnownFileType = sourcecode.swift; path = LexUITests.swift; sourceTree = "<group>"; };
		A522389F1DE544B10037A5BB /* Info.plist */ = {isa = PBXFileReference; lastKnownFileType = text.plist.xml; path = Info.plist; sourceTree = "<group>"; };
		A52238B61DE545350037A5BB /* ZAppDelegate.swift */ = {isa = PBXFileReference; fileEncoding = 4; lastKnownFileType = sourcecode.swift; path = ZAppDelegate.swift; sourceTree = "<group>"; };
		A52238B91DE545350037A5BB /* UINavigationController+Extends.h */ = {isa = PBXFileReference; fileEncoding = 4; lastKnownFileType = sourcecode.c.h; path = "UINavigationController+Extends.h"; sourceTree = "<group>"; };
		A52238BA1DE545350037A5BB /* UINavigationController+Extends.m */ = {isa = PBXFileReference; fileEncoding = 4; lastKnownFileType = sourcecode.c.objc; path = "UINavigationController+Extends.m"; sourceTree = "<group>"; };
		A52238BC1DE545350037A5BB /* RootViewController.swift */ = {isa = PBXFileReference; fileEncoding = 4; lastKnownFileType = sourcecode.swift; path = RootViewController.swift; sourceTree = "<group>"; };
		A52238BD1DE545350037A5BB /* ZNavigationController.swift */ = {isa = PBXFileReference; fileEncoding = 4; lastKnownFileType = sourcecode.swift; path = ZNavigationController.swift; sourceTree = "<group>"; };
		A52238C11DE545350037A5BB /* UIView+Extension.swift */ = {isa = PBXFileReference; fileEncoding = 4; lastKnownFileType = sourcecode.swift; path = "UIView+Extension.swift"; sourceTree = "<group>"; };
		A52238C21DE545350037A5BB /* ZButton.swift */ = {isa = PBXFileReference; fileEncoding = 4; lastKnownFileType = sourcecode.swift; path = ZButton.swift; sourceTree = "<group>"; };
		A52238C31DE545350037A5BB /* ZCanvasView.swift */ = {isa = PBXFileReference; fileEncoding = 4; lastKnownFileType = sourcecode.swift; path = ZCanvasView.swift; sourceTree = "<group>"; };
		A52238C41DE545350037A5BB /* ZLabel.swift */ = {isa = PBXFileReference; fileEncoding = 4; lastKnownFileType = sourcecode.swift; path = ZLabel.swift; sourceTree = "<group>"; };
		A52238C51DE545350037A5BB /* ZSegmentedControl.swift */ = {isa = PBXFileReference; fileEncoding = 4; lastKnownFileType = sourcecode.swift; path = ZSegmentedControl.swift; sourceTree = "<group>"; };
		A52238C61DE545350037A5BB /* ZSlider.swift */ = {isa = PBXFileReference; fileEncoding = 4; lastKnownFileType = sourcecode.swift; path = ZSlider.swift; sourceTree = "<group>"; };
		A52238C71DE545350037A5BB /* ZTableViewCell.swift */ = {isa = PBXFileReference; fileEncoding = 4; lastKnownFileType = sourcecode.swift; path = ZTableViewCell.swift; sourceTree = "<group>"; };
		A52238C81DE545350037A5BB /* ZTableViewCell.xib */ = {isa = PBXFileReference; fileEncoding = 4; lastKnownFileType = file.xib; path = ZTableViewCell.xib; sourceTree = "<group>"; };
		A52238C91DE545350037A5BB /* ZView.swift */ = {isa = PBXFileReference; fileEncoding = 4; lastKnownFileType = sourcecode.swift; path = ZView.swift; sourceTree = "<group>"; };
		A52238CB1DE545350037A5BB /* CCLocationManager.swift */ = {isa = PBXFileReference; fileEncoding = 4; lastKnownFileType = sourcecode.swift; path = CCLocationManager.swift; sourceTree = "<group>"; };
		A52238CC1DE545350037A5BB /* CCSingleton.swift */ = {isa = PBXFileReference; fileEncoding = 4; lastKnownFileType = sourcecode.swift; path = CCSingleton.swift; sourceTree = "<group>"; };
		A52238CD1DE545350037A5BB /* SaveUserImageHelper.swift */ = {isa = PBXFileReference; fileEncoding = 4; lastKnownFileType = sourcecode.swift; path = SaveUserImageHelper.swift; sourceTree = "<group>"; };
		A52238D11DE545350037A5BB /* ZTabBarController.swift */ = {isa = PBXFileReference; fileEncoding = 4; lastKnownFileType = sourcecode.swift; path = ZTabBarController.swift; sourceTree = "<group>"; };
		A52238D91DE545350037A5BB /* DetectionViewController.swift */ = {isa = PBXFileReference; fileEncoding = 4; lastKnownFileType = sourcecode.swift; path = DetectionViewController.swift; sourceTree = "<group>"; };
		A52238DB1DE545350037A5BB /* DetectionModel.swift */ = {isa = PBXFileReference; fileEncoding = 4; lastKnownFileType = sourcecode.swift; path = DetectionModel.swift; sourceTree = "<group>"; };
		A52238DD1DE545350037A5BB /* DetectionCell.swift */ = {isa = PBXFileReference; fileEncoding = 4; lastKnownFileType = sourcecode.swift; path = DetectionCell.swift; sourceTree = "<group>"; };
		A52238E01DE545350037A5BB /* PageNavigationVC.swift */ = {isa = PBXFileReference; fileEncoding = 4; lastKnownFileType = sourcecode.swift; path = PageNavigationVC.swift; sourceTree = "<group>"; };
		A52238E71DE545350037A5BB /* UserImgCell.swift */ = {isa = PBXFileReference; fileEncoding = 4; lastKnownFileType = sourcecode.swift; path = UserImgCell.swift; sourceTree = "<group>"; };
		A52238E81DE545350037A5BB /* UserImgCell.xib */ = {isa = PBXFileReference; fileEncoding = 4; lastKnownFileType = file.xib; path = UserImgCell.xib; sourceTree = "<group>"; };
		A52238E91DE545350037A5BB /* UserInfoCommonCell.swift */ = {isa = PBXFileReference; fileEncoding = 4; lastKnownFileType = sourcecode.swift; path = UserInfoCommonCell.swift; sourceTree = "<group>"; };
		A52238EA1DE545350037A5BB /* UserInfoCommonCell.xib */ = {isa = PBXFileReference; fileEncoding = 4; lastKnownFileType = file.xib; path = UserInfoCommonCell.xib; sourceTree = "<group>"; };
		A52238EB1DE545350037A5BB /* UserInfoCommonNoneCell.swift */ = {isa = PBXFileReference; fileEncoding = 4; lastKnownFileType = sourcecode.swift; path = UserInfoCommonNoneCell.swift; sourceTree = "<group>"; };
		A52238EC1DE545350037A5BB /* UserInfoCommonNoneCell.xib */ = {isa = PBXFileReference; fileEncoding = 4; lastKnownFileType = file.xib; path = UserInfoCommonNoneCell.xib; sourceTree = "<group>"; };
		A52238ED1DE545350037A5BB /* UserInfoPhotoCell.swift */ = {isa = PBXFileReference; fileEncoding = 4; lastKnownFileType = sourcecode.swift; path = UserInfoPhotoCell.swift; sourceTree = "<group>"; };
		A52238EE1DE545350037A5BB /* UserInfoPhotoCell.xib */ = {isa = PBXFileReference; fileEncoding = 4; lastKnownFileType = file.xib; path = UserInfoPhotoCell.xib; sourceTree = "<group>"; };
		A52238EF1DE545350037A5BB /* UserInfoQRCodeCell.swift */ = {isa = PBXFileReference; fileEncoding = 4; lastKnownFileType = sourcecode.swift; path = UserInfoQRCodeCell.swift; sourceTree = "<group>"; };
		A52238F01DE545350037A5BB /* UserInfoQRCodeCell.xib */ = {isa = PBXFileReference; fileEncoding = 4; lastKnownFileType = file.xib; path = UserInfoQRCodeCell.xib; sourceTree = "<group>"; };
		A52238F11DE545350037A5BB /* ZCommonCell.swift */ = {isa = PBXFileReference; fileEncoding = 4; lastKnownFileType = sourcecode.swift; path = ZCommonCell.swift; sourceTree = "<group>"; };
		A52238F21DE545350037A5BB /* ZCommonCell.xib */ = {isa = PBXFileReference; fileEncoding = 4; lastKnownFileType = file.xib; path = ZCommonCell.xib; sourceTree = "<group>"; };
		A522390B1DE545350037A5BB /* HomePageVC.swift */ = {isa = PBXFileReference; fileEncoding = 4; lastKnownFileType = sourcecode.swift; path = HomePageVC.swift; sourceTree = "<group>"; };
		A522390D1DE545350037A5BB /* HomePageCell.swift */ = {isa = PBXFileReference; fileEncoding = 4; lastKnownFileType = sourcecode.swift; path = HomePageCell.swift; sourceTree = "<group>"; };
		A522390E1DE545350037A5BB /* HomePageCell.xib */ = {isa = PBXFileReference; fileEncoding = 4; lastKnownFileType = file.xib; path = HomePageCell.xib; sourceTree = "<group>"; };
		A52239111DE545350037A5BB /* Config.swift */ = {isa = PBXFileReference; fileEncoding = 4; lastKnownFileType = sourcecode.swift; path = Config.swift; sourceTree = "<group>"; };
		A52239471DE545FC0037A5BB /* Lex-Bridging-Header.h */ = {isa = PBXFileReference; lastKnownFileType = sourcecode.c.h; path = "Lex-Bridging-Header.h"; sourceTree = "<group>"; };
		A52239491DE56E1B0037A5BB /* ScanCodeTool.swift */ = {isa = PBXFileReference; fileEncoding = 4; lastKnownFileType = sourcecode.swift; path = ScanCodeTool.swift; sourceTree = "<group>"; };
		A522394A1DE56E1B0037A5BB /* String+QRCode.swift */ = {isa = PBXFileReference; fileEncoding = 4; lastKnownFileType = sourcecode.swift; path = "String+QRCode.swift"; sourceTree = "<group>"; };
		A522394B1DE56E1B0037A5BB /* UIImage+QRCode.swift */ = {isa = PBXFileReference; fileEncoding = 4; lastKnownFileType = sourcecode.swift; path = "UIImage+QRCode.swift"; sourceTree = "<group>"; };
		A52239501DE56E4E0037A5BB /* EditPhotoVC.swift */ = {isa = PBXFileReference; fileEncoding = 4; lastKnownFileType = sourcecode.swift; path = EditPhotoVC.swift; sourceTree = "<group>"; };
		A52239511DE56E4E0037A5BB /* EditPhotoVC.xib */ = {isa = PBXFileReference; fileEncoding = 4; lastKnownFileType = file.xib; path = EditPhotoVC.xib; sourceTree = "<group>"; };
		A52239531DE56E4E0037A5BB /* UserInfoVC.swift */ = {isa = PBXFileReference; fileEncoding = 4; lastKnownFileType = sourcecode.swift; path = UserInfoVC.swift; sourceTree = "<group>"; };
		A52239541DE56E4E0037A5BB /* UserInfoVC.xib */ = {isa = PBXFileReference; fileEncoding = 4; lastKnownFileType = file.xib; path = UserInfoVC.xib; sourceTree = "<group>"; };
		A52239561DE56E4E0037A5BB /* EditUserNameVC.swift */ = {isa = PBXFileReference; fileEncoding = 4; lastKnownFileType = sourcecode.swift; path = EditUserNameVC.swift; sourceTree = "<group>"; };
		A52239571DE56E4E0037A5BB /* EditUserNameVC.xib */ = {isa = PBXFileReference; fileEncoding = 4; lastKnownFileType = file.xib; path = EditUserNameVC.xib; sourceTree = "<group>"; };
		A522395A1DE56E4E0037A5BB /* UserInfoQRCodeVC.swift */ = {isa = PBXFileReference; fileEncoding = 4; lastKnownFileType = sourcecode.swift; path = UserInfoQRCodeVC.swift; sourceTree = "<group>"; };
		A522395B1DE56E4E0037A5BB /* UserInfoQRCodeVC.xib */ = {isa = PBXFileReference; fileEncoding = 4; lastKnownFileType = file.xib; path = UserInfoQRCodeVC.xib; sourceTree = "<group>"; };
		A522395D1DE56E4E0037A5BB /* ScanCodeViewController.swift */ = {isa = PBXFileReference; fileEncoding = 4; lastKnownFileType = sourcecode.swift; path = ScanCodeViewController.swift; sourceTree = "<group>"; };
		A522395E1DE56E4E0037A5BB /* ScanCodeViewController.xib */ = {isa = PBXFileReference; fileEncoding = 4; lastKnownFileType = file.xib; path = ScanCodeViewController.xib; sourceTree = "<group>"; };
		A52239601DE56E4E0037A5BB /* UserCenterVC.swift */ = {isa = PBXFileReference; fileEncoding = 4; lastKnownFileType = sourcecode.swift; path = UserCenterVC.swift; sourceTree = "<group>"; };
		A52239611DE56E4E0037A5BB /* UserCenterVC.xib */ = {isa = PBXFileReference; fileEncoding = 4; lastKnownFileType = file.xib; path = UserCenterVC.xib; sourceTree = "<group>"; };
		A52239701DE58D190037A5BB /* User.swift */ = {isa = PBXFileReference; fileEncoding = 4; lastKnownFileType = sourcecode.swift; path = User.swift; sourceTree = "<group>"; };
		A52239731DE597940037A5BB /* SQLiteDB.swift */ = {isa = PBXFileReference; fileEncoding = 4; lastKnownFileType = sourcecode.swift; path = SQLiteDB.swift; sourceTree = "<group>"; };
		A52239741DE597940037A5BB /* SQLTable.swift */ = {isa = PBXFileReference; fileEncoding = 4; lastKnownFileType = sourcecode.swift; path = SQLTable.swift; sourceTree = "<group>"; };
		A52239751DE597940037A5BB /* String-Extras.swift */ = {isa = PBXFileReference; fileEncoding = 4; lastKnownFileType = sourcecode.swift; path = "String-Extras.swift"; sourceTree = "<group>"; };
		A52239791DE597B00037A5BB /* libsqlite3.0.tbd */ = {isa = PBXFileReference; lastKnownFileType = "sourcecode.text-based-dylib-definition"; name = libsqlite3.0.tbd; path = usr/lib/libsqlite3.0.tbd; sourceTree = SDKROOT; };
		B13BC0B8A2D05ABC725B0793 /* Pods_LexUITests.framework */ = {isa = PBXFileReference; explicitFileType = wrapper.framework; includeInIndex = 0; path = Pods_LexUITests.framework; sourceTree = BUILT_PRODUCTS_DIR; };
		D3388DBF3891E847B529B70B /* Pods-Lex.release.xcconfig */ = {isa = PBXFileReference; includeInIndex = 1; lastKnownFileType = text.xcconfig; name = "Pods-Lex.release.xcconfig"; path = "Pods/Target Support Files/Pods-Lex/Pods-Lex.release.xcconfig"; sourceTree = "<group>"; };
/* End PBXFileReference section */

/* Begin PBXFrameworksBuildPhase section */
		A52238791DE544B10037A5BB /* Frameworks */ = {
			isa = PBXFrameworksBuildPhase;
			buildActionMask = 2147483647;
			files = (
				A522397A1DE597B00037A5BB /* libsqlite3.0.tbd in Frameworks */,
				B3F7470CC31AD98865B1EBEC /* Pods_Lex.framework in Frameworks */,
			);
			runOnlyForDeploymentPostprocessing = 0;
		};
		A522388B1DE544B10037A5BB /* Frameworks */ = {
			isa = PBXFrameworksBuildPhase;
			buildActionMask = 2147483647;
			files = (
				8F2B4D66BE9B748FC3A23322 /* Pods_LexTests.framework in Frameworks */,
			);
			runOnlyForDeploymentPostprocessing = 0;
		};
		A52238961DE544B10037A5BB /* Frameworks */ = {
			isa = PBXFrameworksBuildPhase;
			buildActionMask = 2147483647;
			files = (
				663B7FB6572524891A3DBB79 /* Pods_LexUITests.framework in Frameworks */,
			);
			runOnlyForDeploymentPostprocessing = 0;
		};
/* End PBXFrameworksBuildPhase section */

/* Begin PBXGroup section */
		53D3FEB515EAA3B2E863264F /* Frameworks */ = {
			isa = PBXGroup;
			children = (
				A52239791DE597B00037A5BB /* libsqlite3.0.tbd */,
				047137E5694B0C4EE0C4B523 /* Pods_Lex.framework */,
				87127CB891849E081AEBD3F3 /* Pods_LexTests.framework */,
				B13BC0B8A2D05ABC725B0793 /* Pods_LexUITests.framework */,
			);
			name = Frameworks;
			sourceTree = "<group>";
		};
		9BB7049152556B87A532B025 /* Pods */ = {
			isa = PBXGroup;
			children = (
				1A0EF923A73B8CDF889B4B5C /* Pods-Lex.debug.xcconfig */,
				D3388DBF3891E847B529B70B /* Pods-Lex.release.xcconfig */,
				2EB7EBE5A30F6950BB9AFBE3 /* Pods-LexTests.debug.xcconfig */,
				6F267505429B8AA397CC999B /* Pods-LexTests.release.xcconfig */,
				3A6C832CE54CB7E1A05ABC65 /* Pods-LexUITests.debug.xcconfig */,
				15FA35A784B9190BF80A0EC0 /* Pods-LexUITests.release.xcconfig */,
			);
			name = Pods;
			sourceTree = "<group>";
		};
		A52238731DE544B10037A5BB = {
			isa = PBXGroup;
			children = (
				A522387E1DE544B10037A5BB /* Lex */,
				A52238911DE544B10037A5BB /* LexTests */,
				A522389C1DE544B10037A5BB /* LexUITests */,
				A522387D1DE544B10037A5BB /* Products */,
				9BB7049152556B87A532B025 /* Pods */,
				53D3FEB515EAA3B2E863264F /* Frameworks */,
			);
			sourceTree = "<group>";
		};
		A522387D1DE544B10037A5BB /* Products */ = {
			isa = PBXGroup;
			children = (
				A522387C1DE544B10037A5BB /* Lex.app */,
				A522388E1DE544B10037A5BB /* LexTests.xctest */,
				A52238991DE544B10037A5BB /* LexUITests.xctest */,
			);
			name = Products;
			sourceTree = "<group>";
		};
		A522387E1DE544B10037A5BB /* Lex */ = {
			isa = PBXGroup;
			children = (
				A52238B41DE545350037A5BB /* Class */,
				A52238841DE544B10037A5BB /* Assets.xcassets */,
				A52238861DE544B10037A5BB /* LaunchScreen.storyboard */,
				A52238891DE544B10037A5BB /* Info.plist */,
				A52238811DE544B10037A5BB /* Lex.xcdatamodeld */,
			);
			path = Lex;
			sourceTree = "<group>";
		};
		A52238911DE544B10037A5BB /* LexTests */ = {
			isa = PBXGroup;
			children = (
				A52238921DE544B10037A5BB /* LexTests.swift */,
				A52238941DE544B10037A5BB /* Info.plist */,
			);
			path = LexTests;
			sourceTree = "<group>";
		};
		A522389C1DE544B10037A5BB /* LexUITests */ = {
			isa = PBXGroup;
			children = (
				A522389D1DE544B10037A5BB /* LexUITests.swift */,
				A522389F1DE544B10037A5BB /* Info.plist */,
			);
			path = LexUITests;
			sourceTree = "<group>";
		};
		A52238B41DE545350037A5BB /* Class */ = {
			isa = PBXGroup;
			children = (
				A52238B51DE545350037A5BB /* AppDelegate */,
				A52238B71DE545350037A5BB /* Generals */,
				A52238CA1DE545350037A5BB /* Helpers */,
				A52238CE1DE545350037A5BB /* Launch */,
				A52238CF1DE545350037A5BB /* Macros */,
				A52238D01DE545350037A5BB /* Main */,
				A52238D21DE545350037A5BB /* Models */,
				A52238D31DE545350037A5BB /* Notification */,
				A52238D41DE545350037A5BB /* Other */,
				A52238D51DE545350037A5BB /* Rescources */,
				A52238D61DE545350037A5BB /* Sections */,
				A522390F1DE545350037A5BB /* Vender */,
				A52239101DE545350037A5BB /* 公共配置 */,
			);
			path = Class;
			sourceTree = "<group>";
		};
		A52238B51DE545350037A5BB /* AppDelegate */ = {
			isa = PBXGroup;
			children = (
				A52238B61DE545350037A5BB /* ZAppDelegate.swift */,
			);
			path = AppDelegate;
			sourceTree = "<group>";
		};
		A52238B71DE545350037A5BB /* Generals */ = {
			isa = PBXGroup;
			children = (
				A52238B81DE545350037A5BB /* Category */,
				A52238BB1DE545350037A5BB /* Controllers */,
				A52238BE1DE545350037A5BB /* Extension */,
				A52238BF1DE545350037A5BB /* Model */,
				A52238C01DE545350037A5BB /* Views */,
			);
			path = Generals;
			sourceTree = "<group>";
		};
		A52238B81DE545350037A5BB /* Category */ = {
			isa = PBXGroup;
			children = (
				A52238B91DE545350037A5BB /* UINavigationController+Extends.h */,
				A52238BA1DE545350037A5BB /* UINavigationController+Extends.m */,
			);
			path = Category;
			sourceTree = "<group>";
		};
		A52238BB1DE545350037A5BB /* Controllers */ = {
			isa = PBXGroup;
			children = (
				A52238BC1DE545350037A5BB /* RootViewController.swift */,
				A52238BD1DE545350037A5BB /* ZNavigationController.swift */,
			);
			path = Controllers;
			sourceTree = "<group>";
		};
		A52238BE1DE545350037A5BB /* Extension */ = {
			isa = PBXGroup;
			children = (
			);
			path = Extension;
			sourceTree = "<group>";
		};
		A52238BF1DE545350037A5BB /* Model */ = {
			isa = PBXGroup;
			children = (
			);
			path = Model;
			sourceTree = "<group>";
		};
		A52238C01DE545350037A5BB /* Views */ = {
			isa = PBXGroup;
			children = (
				A52238C11DE545350037A5BB /* UIView+Extension.swift */,
				A52238C21DE545350037A5BB /* ZButton.swift */,
				A52238C31DE545350037A5BB /* ZCanvasView.swift */,
				A52238C41DE545350037A5BB /* ZLabel.swift */,
				A52238C51DE545350037A5BB /* ZSegmentedControl.swift */,
				A52238C61DE545350037A5BB /* ZSlider.swift */,
				A52238C71DE545350037A5BB /* ZTableViewCell.swift */,
				A52238C81DE545350037A5BB /* ZTableViewCell.xib */,
				A52238C91DE545350037A5BB /* ZView.swift */,
			);
			path = Views;
			sourceTree = "<group>";
		};
		A52238CA1DE545350037A5BB /* Helpers */ = {
			isa = PBXGroup;
			children = (
				A52238CB1DE545350037A5BB /* CCLocationManager.swift */,
				A52238CC1DE545350037A5BB /* CCSingleton.swift */,
				A52238CD1DE545350037A5BB /* SaveUserImageHelper.swift */,
				42DEE5CE1DE5E1FA000A2693 /* SQLiteManager.swift */,
			);
			path = Helpers;
			sourceTree = "<group>";
		};
		A52238CE1DE545350037A5BB /* Launch */ = {
			isa = PBXGroup;
			children = (
			);
			path = Launch;
			sourceTree = "<group>";
		};
		A52238CF1DE545350037A5BB /* Macros */ = {
			isa = PBXGroup;
			children = (
			);
			path = Macros;
			sourceTree = "<group>";
		};
		A52238D01DE545350037A5BB /* Main */ = {
			isa = PBXGroup;
			children = (
				A52238D11DE545350037A5BB /* ZTabBarController.swift */,
			);
			path = Main;
			sourceTree = "<group>";
		};
		A52238D21DE545350037A5BB /* Models */ = {
			isa = PBXGroup;
			children = (
				A52239701DE58D190037A5BB /* User.swift */,
			);
			path = Models;
			sourceTree = "<group>";
		};
		A52238D31DE545350037A5BB /* Notification */ = {
			isa = PBXGroup;
			children = (
			);
			path = Notification;
			sourceTree = "<group>";
		};
		A52238D41DE545350037A5BB /* Other */ = {
			isa = PBXGroup;
			children = (
			);
			path = Other;
			sourceTree = "<group>";
		};
		A52238D51DE545350037A5BB /* Rescources */ = {
			isa = PBXGroup;
			children = (
			);
			path = Rescources;
			sourceTree = "<group>";
		};
		A52238D61DE545350037A5BB /* Sections */ = {
			isa = PBXGroup;
			children = (
				A52238D71DE545350037A5BB /* 发现 */,
				A52238DE1DE545350037A5BB /* 导航 */,
				A52238E31DE545350037A5BB /* 我的 */,
				A52239091DE545350037A5BB /* 首页 */,
			);
			path = Sections;
			sourceTree = "<group>";
		};
		A52238D71DE545350037A5BB /* 发现 */ = {
			isa = PBXGroup;
			children = (
				A52238D81DE545350037A5BB /* C */,
				A52238DA1DE545350037A5BB /* M */,
				A52238DC1DE545350037A5BB /* V */,
			);
			path = "发现";
			sourceTree = "<group>";
		};
		A52238D81DE545350037A5BB /* C */ = {
			isa = PBXGroup;
			children = (
				A52238D91DE545350037A5BB /* DetectionViewController.swift */,
			);
			path = C;
			sourceTree = "<group>";
		};
		A52238DA1DE545350037A5BB /* M */ = {
			isa = PBXGroup;
			children = (
				A52238DB1DE545350037A5BB /* DetectionModel.swift */,
			);
			path = M;
			sourceTree = "<group>";
		};
		A52238DC1DE545350037A5BB /* V */ = {
			isa = PBXGroup;
			children = (
				A52238DD1DE545350037A5BB /* DetectionCell.swift */,
			);
			path = V;
			sourceTree = "<group>";
		};
		A52238DE1DE545350037A5BB /* 导航 */ = {
			isa = PBXGroup;
			children = (
				A52238DF1DE545350037A5BB /* C */,
				A52238E11DE545350037A5BB /* M */,
				A52238E21DE545350037A5BB /* V */,
			);
			path = "导航";
			sourceTree = "<group>";
		};
		A52238DF1DE545350037A5BB /* C */ = {
			isa = PBXGroup;
			children = (
				A52238E01DE545350037A5BB /* PageNavigationVC.swift */,
			);
			path = C;
			sourceTree = "<group>";
		};
		A52238E11DE545350037A5BB /* M */ = {
			isa = PBXGroup;
			children = (
			);
			path = M;
			sourceTree = "<group>";
		};
		A52238E21DE545350037A5BB /* V */ = {
			isa = PBXGroup;
			children = (
			);
			path = V;
			sourceTree = "<group>";
		};
		A52238E31DE545350037A5BB /* 我的 */ = {
			isa = PBXGroup;
			children = (
				A52238E41DE545350037A5BB /* C */,
				A52238E51DE545350037A5BB /* M */,
				A52238E61DE545350037A5BB /* V */,
			);
			path = "我的";
			sourceTree = "<group>";
		};
		A52238E41DE545350037A5BB /* C */ = {
			isa = PBXGroup;
			children = (
				A522394F1DE56E4E0037A5BB /* 个人头像 */,
				A52239521DE56E4E0037A5BB /* 个人信息 */,
				A52239551DE56E4E0037A5BB /* 名字 */,
				A52239581DE56E4E0037A5BB /* 我的二维码 */,
				A522395F1DE56E4E0037A5BB /* 主页 */,
			);
			path = C;
			sourceTree = "<group>";
		};
		A52238E51DE545350037A5BB /* M */ = {
			isa = PBXGroup;
			children = (
				A52239481DE56E1B0037A5BB /* QRCode */,
			);
			path = M;
			sourceTree = "<group>";
		};
		A52238E61DE545350037A5BB /* V */ = {
			isa = PBXGroup;
			children = (
				A52238E71DE545350037A5BB /* UserImgCell.swift */,
				A52238E81DE545350037A5BB /* UserImgCell.xib */,
				A52238E91DE545350037A5BB /* UserInfoCommonCell.swift */,
				A52238EA1DE545350037A5BB /* UserInfoCommonCell.xib */,
				A52238EB1DE545350037A5BB /* UserInfoCommonNoneCell.swift */,
				A52238EC1DE545350037A5BB /* UserInfoCommonNoneCell.xib */,
				A52238ED1DE545350037A5BB /* UserInfoPhotoCell.swift */,
				A52238EE1DE545350037A5BB /* UserInfoPhotoCell.xib */,
				A52238EF1DE545350037A5BB /* UserInfoQRCodeCell.swift */,
				A52238F01DE545350037A5BB /* UserInfoQRCodeCell.xib */,
				A52238F11DE545350037A5BB /* ZCommonCell.swift */,
				A52238F21DE545350037A5BB /* ZCommonCell.xib */,
			);
			path = V;
			sourceTree = "<group>";
		};
		A52239091DE545350037A5BB /* 首页 */ = {
			isa = PBXGroup;
			children = (
				A522390A1DE545350037A5BB /* C */,
				A522390C1DE545350037A5BB /* V */,
			);
			path = "首页";
			sourceTree = "<group>";
		};
		A522390A1DE545350037A5BB /* C */ = {
			isa = PBXGroup;
			children = (
				A522390B1DE545350037A5BB /* HomePageVC.swift */,
			);
			path = C;
			sourceTree = "<group>";
		};
		A522390C1DE545350037A5BB /* V */ = {
			isa = PBXGroup;
			children = (
				A522390D1DE545350037A5BB /* HomePageCell.swift */,
				A522390E1DE545350037A5BB /* HomePageCell.xib */,
			);
			path = V;
			sourceTree = "<group>";
		};
		A522390F1DE545350037A5BB /* Vender */ = {
			isa = PBXGroup;
			children = (
				A52239721DE597940037A5BB /* SQLiteDB */,
			);
			path = Vender;
			sourceTree = "<group>";
		};
		A52239101DE545350037A5BB /* 公共配置 */ = {
			isa = PBXGroup;
			children = (
				A52239111DE545350037A5BB /* Config.swift */,
				A52239471DE545FC0037A5BB /* Lex-Bridging-Header.h */,
			);
			path = "公共配置";
			sourceTree = "<group>";
		};
		A52239481DE56E1B0037A5BB /* QRCode */ = {
			isa = PBXGroup;
			children = (
				A52239491DE56E1B0037A5BB /* ScanCodeTool.swift */,
				A522394A1DE56E1B0037A5BB /* String+QRCode.swift */,
				A522394B1DE56E1B0037A5BB /* UIImage+QRCode.swift */,
			);
			path = QRCode;
			sourceTree = "<group>";
		};
		A522394F1DE56E4E0037A5BB /* 个人头像 */ = {
			isa = PBXGroup;
			children = (
				A52239501DE56E4E0037A5BB /* EditPhotoVC.swift */,
				A52239511DE56E4E0037A5BB /* EditPhotoVC.xib */,
			);
			path = "个人头像";
			sourceTree = "<group>";
		};
		A52239521DE56E4E0037A5BB /* 个人信息 */ = {
			isa = PBXGroup;
			children = (
				A52239531DE56E4E0037A5BB /* UserInfoVC.swift */,
				A52239541DE56E4E0037A5BB /* UserInfoVC.xib */,
			);
			path = "个人信息";
			sourceTree = "<group>";
		};
		A52239551DE56E4E0037A5BB /* 名字 */ = {
			isa = PBXGroup;
			children = (
				A52239561DE56E4E0037A5BB /* EditUserNameVC.swift */,
				A52239571DE56E4E0037A5BB /* EditUserNameVC.xib */,
			);
			path = "名字";
			sourceTree = "<group>";
		};
		A52239581DE56E4E0037A5BB /* 我的二维码 */ = {
			isa = PBXGroup;
			children = (
				A52239591DE56E4E0037A5BB /* QRCode */,
				A522395A1DE56E4E0037A5BB /* UserInfoQRCodeVC.swift */,
				A522395B1DE56E4E0037A5BB /* UserInfoQRCodeVC.xib */,
				A522395C1DE56E4E0037A5BB /* 扫描二维码 */,
			);
			path = "我的二维码";
			sourceTree = "<group>";
		};
		A52239591DE56E4E0037A5BB /* QRCode */ = {
			isa = PBXGroup;
			children = (
			);
			path = QRCode;
			sourceTree = "<group>";
		};
		A522395C1DE56E4E0037A5BB /* 扫描二维码 */ = {
			isa = PBXGroup;
			children = (
				A522395D1DE56E4E0037A5BB /* ScanCodeViewController.swift */,
				A522395E1DE56E4E0037A5BB /* ScanCodeViewController.xib */,
			);
			path = "扫描二维码";
			sourceTree = "<group>";
		};
		A522395F1DE56E4E0037A5BB /* 主页 */ = {
			isa = PBXGroup;
			children = (
				A52239601DE56E4E0037A5BB /* UserCenterVC.swift */,
				A52239611DE56E4E0037A5BB /* UserCenterVC.xib */,
			);
			path = "主页";
			sourceTree = "<group>";
		};
		A52239721DE597940037A5BB /* SQLiteDB */ = {
			isa = PBXGroup;
			children = (
				A52239731DE597940037A5BB /* SQLiteDB.swift */,
				A52239741DE597940037A5BB /* SQLTable.swift */,
				A52239751DE597940037A5BB /* String-Extras.swift */,
			);
			path = SQLiteDB;
			sourceTree = "<group>";
		};
/* End PBXGroup section */

/* Begin PBXNativeTarget section */
		A522387B1DE544B10037A5BB /* Lex */ = {
			isa = PBXNativeTarget;
			buildConfigurationList = A52238A21DE544B10037A5BB /* Build configuration list for PBXNativeTarget "Lex" */;
			buildPhases = (
				7C9CEDF21DDC4916CE4EFD87 /* 📦 Check Pods Manifest.lock */,
				A52238781DE544B10037A5BB /* Sources */,
				A52238791DE544B10037A5BB /* Frameworks */,
				A522387A1DE544B10037A5BB /* Resources */,
				AE8F696B4728E42B2BA9DF7A /* 📦 Embed Pods Frameworks */,
				8D47D89ECAED8AB95B222F63 /* 📦 Copy Pods Resources */,
			);
			buildRules = (
			);
			dependencies = (
			);
			name = Lex;
			productName = Lex;
			productReference = A522387C1DE544B10037A5BB /* Lex.app */;
			productType = "com.apple.product-type.application";
		};
		A522388D1DE544B10037A5BB /* LexTests */ = {
			isa = PBXNativeTarget;
			buildConfigurationList = A52238A51DE544B10037A5BB /* Build configuration list for PBXNativeTarget "LexTests" */;
			buildPhases = (
				C9EE1C33DAC254E1ABE5DEF8 /* 📦 Check Pods Manifest.lock */,
				A522388A1DE544B10037A5BB /* Sources */,
				A522388B1DE544B10037A5BB /* Frameworks */,
				A522388C1DE544B10037A5BB /* Resources */,
				547E07AB5570656994E47E49 /* 📦 Embed Pods Frameworks */,
				3DB4E2DA30E92722FED9C27E /* 📦 Copy Pods Resources */,
			);
			buildRules = (
			);
			dependencies = (
				A52238901DE544B10037A5BB /* PBXTargetDependency */,
			);
			name = LexTests;
			productName = LexTests;
			productReference = A522388E1DE544B10037A5BB /* LexTests.xctest */;
			productType = "com.apple.product-type.bundle.unit-test";
		};
		A52238981DE544B10037A5BB /* LexUITests */ = {
			isa = PBXNativeTarget;
			buildConfigurationList = A52238A81DE544B10037A5BB /* Build configuration list for PBXNativeTarget "LexUITests" */;
			buildPhases = (
				B33989DB4E82E51A5A9F6DD8 /* 📦 Check Pods Manifest.lock */,
				A52238951DE544B10037A5BB /* Sources */,
				A52238961DE544B10037A5BB /* Frameworks */,
				A52238971DE544B10037A5BB /* Resources */,
				66CF36811C65F09CC4FAA5D8 /* 📦 Copy Pods Resources */,
			);
			buildRules = (
			);
			dependencies = (
				A522389B1DE544B10037A5BB /* PBXTargetDependency */,
			);
			name = LexUITests;
			productName = LexUITests;
			productReference = A52238991DE544B10037A5BB /* LexUITests.xctest */;
			productType = "com.apple.product-type.bundle.ui-testing";
		};
/* End PBXNativeTarget section */

/* Begin PBXProject section */
		A52238741DE544B10037A5BB /* Project object */ = {
			isa = PBXProject;
			attributes = {
				LastSwiftUpdateCheck = 0810;
				LastUpgradeCheck = 0810;
				ORGANIZATIONNAME = ZQC;
				TargetAttributes = {
					A522387B1DE544B10037A5BB = {
						CreatedOnToolsVersion = 8.1;
						DevelopmentTeam = C8X66624WA;
						LastSwiftMigration = 0810;
						ProvisioningStyle = Automatic;
					};
					A522388D1DE544B10037A5BB = {
						CreatedOnToolsVersion = 8.1;
						DevelopmentTeam = C8X66624WA;
						LastSwiftMigration = 0810;
						ProvisioningStyle = Automatic;
						TestTargetID = A522387B1DE544B10037A5BB;
					};
					A52238981DE544B10037A5BB = {
						CreatedOnToolsVersion = 8.1;
						DevelopmentTeam = C8X66624WA;
						LastSwiftMigration = 0810;
						ProvisioningStyle = Automatic;
						TestTargetID = A522387B1DE544B10037A5BB;
					};
				};
			};
			buildConfigurationList = A52238771DE544B10037A5BB /* Build configuration list for PBXProject "Lex" */;
			compatibilityVersion = "Xcode 3.2";
			developmentRegion = English;
			hasScannedForEncodings = 0;
			knownRegions = (
				en,
				Base,
			);
			mainGroup = A52238731DE544B10037A5BB;
			productRefGroup = A522387D1DE544B10037A5BB /* Products */;
			projectDirPath = "";
			projectRoot = "";
			targets = (
				A522387B1DE544B10037A5BB /* Lex */,
				A522388D1DE544B10037A5BB /* LexTests */,
				A52238981DE544B10037A5BB /* LexUITests */,
			);
		};
/* End PBXProject section */

/* Begin PBXResourcesBuildPhase section */
		A522387A1DE544B10037A5BB /* Resources */ = {
			isa = PBXResourcesBuildPhase;
			buildActionMask = 2147483647;
			files = (
				A522396D1DE56E4E0037A5BB /* UserCenterVC.xib in Resources */,
				A52239311DE545350037A5BB /* UserInfoQRCodeCell.xib in Resources */,
				A52239331DE545350037A5BB /* ZCommonCell.xib in Resources */,
				A522396B1DE56E4E0037A5BB /* ScanCodeViewController.xib in Resources */,
				A52239291DE545350037A5BB /* UserImgCell.xib in Resources */,
				A522392F1DE545350037A5BB /* UserInfoPhotoCell.xib in Resources */,
				A52239651DE56E4E0037A5BB /* UserInfoVC.xib in Resources */,
				A52239451DE545350037A5BB /* HomePageCell.xib in Resources */,
				A52239671DE56E4E0037A5BB /* EditUserNameVC.xib in Resources */,
				A52238851DE544B10037A5BB /* Assets.xcassets in Resources */,
				A52238881DE544B10037A5BB /* LaunchScreen.storyboard in Resources */,
				A522391E1DE545350037A5BB /* ZTableViewCell.xib in Resources */,
				A52239631DE56E4E0037A5BB /* EditPhotoVC.xib in Resources */,
				A522392B1DE545350037A5BB /* UserInfoCommonCell.xib in Resources */,
				A522392D1DE545350037A5BB /* UserInfoCommonNoneCell.xib in Resources */,
				A52239691DE56E4E0037A5BB /* UserInfoQRCodeVC.xib in Resources */,
			);
			runOnlyForDeploymentPostprocessing = 0;
		};
		A522388C1DE544B10037A5BB /* Resources */ = {
			isa = PBXResourcesBuildPhase;
			buildActionMask = 2147483647;
			files = (
			);
			runOnlyForDeploymentPostprocessing = 0;
		};
		A52238971DE544B10037A5BB /* Resources */ = {
			isa = PBXResourcesBuildPhase;
			buildActionMask = 2147483647;
			files = (
			);
			runOnlyForDeploymentPostprocessing = 0;
		};
/* End PBXResourcesBuildPhase section */

/* Begin PBXShellScriptBuildPhase section */
		3DB4E2DA30E92722FED9C27E /* 📦 Copy Pods Resources */ = {
			isa = PBXShellScriptBuildPhase;
			buildActionMask = 2147483647;
			files = (
			);
			inputPaths = (
			);
			name = "📦 Copy Pods Resources";
			outputPaths = (
			);
			runOnlyForDeploymentPostprocessing = 0;
			shellPath = /bin/sh;
			shellScript = "\"${SRCROOT}/Pods/Target Support Files/Pods-LexTests/Pods-LexTests-resources.sh\"\n";
			showEnvVarsInLog = 0;
		};
		547E07AB5570656994E47E49 /* 📦 Embed Pods Frameworks */ = {
			isa = PBXShellScriptBuildPhase;
			buildActionMask = 2147483647;
			files = (
			);
			inputPaths = (
			);
			name = "📦 Embed Pods Frameworks";
			outputPaths = (
			);
			runOnlyForDeploymentPostprocessing = 0;
			shellPath = /bin/sh;
			shellScript = "\"${SRCROOT}/Pods/Target Support Files/Pods-LexTests/Pods-LexTests-frameworks.sh\"\n";
			showEnvVarsInLog = 0;
		};
		66CF36811C65F09CC4FAA5D8 /* 📦 Copy Pods Resources */ = {
			isa = PBXShellScriptBuildPhase;
			buildActionMask = 2147483647;
			files = (
			);
			inputPaths = (
			);
			name = "📦 Copy Pods Resources";
			outputPaths = (
			);
			runOnlyForDeploymentPostprocessing = 0;
			shellPath = /bin/sh;
			shellScript = "\"${SRCROOT}/Pods/Target Support Files/Pods-LexUITests/Pods-LexUITests-resources.sh\"\n";
			showEnvVarsInLog = 0;
		};
		7C9CEDF21DDC4916CE4EFD87 /* 📦 Check Pods Manifest.lock */ = {
			isa = PBXShellScriptBuildPhase;
			buildActionMask = 2147483647;
			files = (
			);
			inputPaths = (
			);
			name = "📦 Check Pods Manifest.lock";
			outputPaths = (
			);
			runOnlyForDeploymentPostprocessing = 0;
			shellPath = /bin/sh;
			shellScript = "diff \"${PODS_ROOT}/../Podfile.lock\" \"${PODS_ROOT}/Manifest.lock\" > /dev/null\nif [[ $? != 0 ]] ; then\n    cat << EOM\nerror: The sandbox is not in sync with the Podfile.lock. Run 'pod install' or update your CocoaPods installation.\nEOM\n    exit 1\nfi\n";
			showEnvVarsInLog = 0;
		};
		8D47D89ECAED8AB95B222F63 /* 📦 Copy Pods Resources */ = {
			isa = PBXShellScriptBuildPhase;
			buildActionMask = 2147483647;
			files = (
			);
			inputPaths = (
			);
			name = "📦 Copy Pods Resources";
			outputPaths = (
			);
			runOnlyForDeploymentPostprocessing = 0;
			shellPath = /bin/sh;
			shellScript = "\"${SRCROOT}/Pods/Target Support Files/Pods-Lex/Pods-Lex-resources.sh\"\n";
			showEnvVarsInLog = 0;
		};
		AE8F696B4728E42B2BA9DF7A /* 📦 Embed Pods Frameworks */ = {
			isa = PBXShellScriptBuildPhase;
			buildActionMask = 2147483647;
			files = (
			);
			inputPaths = (
			);
			name = "📦 Embed Pods Frameworks";
			outputPaths = (
			);
			runOnlyForDeploymentPostprocessing = 0;
			shellPath = /bin/sh;
			shellScript = "\"${SRCROOT}/Pods/Target Support Files/Pods-Lex/Pods-Lex-frameworks.sh\"\n";
			showEnvVarsInLog = 0;
		};
		B33989DB4E82E51A5A9F6DD8 /* 📦 Check Pods Manifest.lock */ = {
			isa = PBXShellScriptBuildPhase;
			buildActionMask = 2147483647;
			files = (
			);
			inputPaths = (
			);
			name = "📦 Check Pods Manifest.lock";
			outputPaths = (
			);
			runOnlyForDeploymentPostprocessing = 0;
			shellPath = /bin/sh;
			shellScript = "diff \"${PODS_ROOT}/../Podfile.lock\" \"${PODS_ROOT}/Manifest.lock\" > /dev/null\nif [[ $? != 0 ]] ; then\n    cat << EOM\nerror: The sandbox is not in sync with the Podfile.lock. Run 'pod install' or update your CocoaPods installation.\nEOM\n    exit 1\nfi\n";
			showEnvVarsInLog = 0;
		};
		C9EE1C33DAC254E1ABE5DEF8 /* 📦 Check Pods Manifest.lock */ = {
			isa = PBXShellScriptBuildPhase;
			buildActionMask = 2147483647;
			files = (
			);
			inputPaths = (
			);
			name = "📦 Check Pods Manifest.lock";
			outputPaths = (
			);
			runOnlyForDeploymentPostprocessing = 0;
			shellPath = /bin/sh;
			shellScript = "diff \"${PODS_ROOT}/../Podfile.lock\" \"${PODS_ROOT}/Manifest.lock\" > /dev/null\nif [[ $? != 0 ]] ; then\n    cat << EOM\nerror: The sandbox is not in sync with the Podfile.lock. Run 'pod install' or update your CocoaPods installation.\nEOM\n    exit 1\nfi\n";
			showEnvVarsInLog = 0;
		};
/* End PBXShellScriptBuildPhase section */

/* Begin PBXSourcesBuildPhase section */
		A52238781DE544B10037A5BB /* Sources */ = {
			isa = PBXSourcesBuildPhase;
			buildActionMask = 2147483647;
			files = (
				A52239681DE56E4E0037A5BB /* UserInfoQRCodeVC.swift in Sources */,
				A52239241DE545350037A5BB /* DetectionViewController.swift in Sources */,
				A522396A1DE56E4E0037A5BB /* ScanCodeViewController.swift in Sources */,
				A52239231DE545350037A5BB /* ZTabBarController.swift in Sources */,
				A52239161DE545350037A5BB /* ZNavigationController.swift in Sources */,
				A52239321DE545350037A5BB /* ZCommonCell.swift in Sources */,
				A52239171DE545350037A5BB /* UIView+Extension.swift in Sources */,
				A52239621DE56E4E0037A5BB /* EditPhotoVC.swift in Sources */,
				A52239201DE545350037A5BB /* CCLocationManager.swift in Sources */,
				A52239441DE545350037A5BB /* HomePageCell.swift in Sources */,
				A522394E1DE56E1B0037A5BB /* UIImage+QRCode.swift in Sources */,
				A52239261DE545350037A5BB /* DetectionCell.swift in Sources */,
				A52239431DE545350037A5BB /* HomePageVC.swift in Sources */,
				A52239151DE545350037A5BB /* RootViewController.swift in Sources */,
				A522391A1DE545350037A5BB /* ZLabel.swift in Sources */,
				42DEE5CF1DE5E1FA000A2693 /* SQLiteManager.swift in Sources */,
				A52239281DE545350037A5BB /* UserImgCell.swift in Sources */,
				A52239781DE597940037A5BB /* String-Extras.swift in Sources */,
				A52239211DE545350037A5BB /* CCSingleton.swift in Sources */,
				A52239131DE545350037A5BB /* ZAppDelegate.swift in Sources */,
				A52239711DE58D190037A5BB /* User.swift in Sources */,
				A52239271DE545350037A5BB /* PageNavigationVC.swift in Sources */,
				A52239191DE545350037A5BB /* ZCanvasView.swift in Sources */,
				A522394D1DE56E1B0037A5BB /* String+QRCode.swift in Sources */,
				A52239661DE56E4E0037A5BB /* EditUserNameVC.swift in Sources */,
				A52239251DE545350037A5BB /* DetectionModel.swift in Sources */,
				A52239141DE545350037A5BB /* UINavigationController+Extends.m in Sources */,
				A522391B1DE545350037A5BB /* ZSegmentedControl.swift in Sources */,
				A52239221DE545350037A5BB /* SaveUserImageHelper.swift in Sources */,
				A522391C1DE545350037A5BB /* ZSlider.swift in Sources */,
				A52239181DE545350037A5BB /* ZButton.swift in Sources */,
				A52239771DE597940037A5BB /* SQLTable.swift in Sources */,
				A52239641DE56E4E0037A5BB /* UserInfoVC.swift in Sources */,
				A522391F1DE545350037A5BB /* ZView.swift in Sources */,
				A52238831DE544B10037A5BB /* Lex.xcdatamodeld in Sources */,
				A522392C1DE545350037A5BB /* UserInfoCommonNoneCell.swift in Sources */,
				A522396C1DE56E4E0037A5BB /* UserCenterVC.swift in Sources */,
				A522392E1DE545350037A5BB /* UserInfoPhotoCell.swift in Sources */,
				A522394C1DE56E1B0037A5BB /* ScanCodeTool.swift in Sources */,
				A522391D1DE545350037A5BB /* ZTableViewCell.swift in Sources */,
				A52239761DE597940037A5BB /* SQLiteDB.swift in Sources */,
				A52239461DE545350037A5BB /* Config.swift in Sources */,
				A52239301DE545350037A5BB /* UserInfoQRCodeCell.swift in Sources */,
				A522392A1DE545350037A5BB /* UserInfoCommonCell.swift in Sources */,
			);
			runOnlyForDeploymentPostprocessing = 0;
		};
		A522388A1DE544B10037A5BB /* Sources */ = {
			isa = PBXSourcesBuildPhase;
			buildActionMask = 2147483647;
			files = (
				A52238931DE544B10037A5BB /* LexTests.swift in Sources */,
			);
			runOnlyForDeploymentPostprocessing = 0;
		};
		A52238951DE544B10037A5BB /* Sources */ = {
			isa = PBXSourcesBuildPhase;
			buildActionMask = 2147483647;
			files = (
				A522389E1DE544B10037A5BB /* LexUITests.swift in Sources */,
			);
			runOnlyForDeploymentPostprocessing = 0;
		};
/* End PBXSourcesBuildPhase section */

/* Begin PBXTargetDependency section */
		A52238901DE544B10037A5BB /* PBXTargetDependency */ = {
			isa = PBXTargetDependency;
			target = A522387B1DE544B10037A5BB /* Lex */;
			targetProxy = A522388F1DE544B10037A5BB /* PBXContainerItemProxy */;
		};
		A522389B1DE544B10037A5BB /* PBXTargetDependency */ = {
			isa = PBXTargetDependency;
			target = A522387B1DE544B10037A5BB /* Lex */;
			targetProxy = A522389A1DE544B10037A5BB /* PBXContainerItemProxy */;
		};
/* End PBXTargetDependency section */

/* Begin PBXVariantGroup section */
		A52238861DE544B10037A5BB /* LaunchScreen.storyboard */ = {
			isa = PBXVariantGroup;
			children = (
				A52238871DE544B10037A5BB /* Base */,
			);
			name = LaunchScreen.storyboard;
			sourceTree = "<group>";
		};
/* End PBXVariantGroup section */

/* Begin XCBuildConfiguration section */
		A52238A01DE544B10037A5BB /* Debug */ = {
			isa = XCBuildConfiguration;
			buildSettings = {
				ALWAYS_SEARCH_USER_PATHS = NO;
				CLANG_ANALYZER_NONNULL = YES;
				CLANG_CXX_LANGUAGE_STANDARD = "gnu++0x";
				CLANG_CXX_LIBRARY = "libc++";
				CLANG_ENABLE_MODULES = YES;
				CLANG_ENABLE_OBJC_ARC = YES;
				CLANG_WARN_BOOL_CONVERSION = YES;
				CLANG_WARN_CONSTANT_CONVERSION = YES;
				CLANG_WARN_DIRECT_OBJC_ISA_USAGE = YES_ERROR;
				CLANG_WARN_DOCUMENTATION_COMMENTS = YES;
				CLANG_WARN_EMPTY_BODY = YES;
				CLANG_WARN_ENUM_CONVERSION = YES;
				CLANG_WARN_INFINITE_RECURSION = YES;
				CLANG_WARN_INT_CONVERSION = YES;
				CLANG_WARN_OBJC_ROOT_CLASS = YES_ERROR;
				CLANG_WARN_SUSPICIOUS_MOVES = YES;
				CLANG_WARN_UNREACHABLE_CODE = YES;
				CLANG_WARN__DUPLICATE_METHOD_MATCH = YES;
				"CODE_SIGN_IDENTITY[sdk=iphoneos*]" = "iPhone Developer";
				COPY_PHASE_STRIP = NO;
				DEBUG_INFORMATION_FORMAT = dwarf;
				ENABLE_STRICT_OBJC_MSGSEND = YES;
				ENABLE_TESTABILITY = YES;
				GCC_C_LANGUAGE_STANDARD = gnu99;
				GCC_DYNAMIC_NO_PIC = NO;
				GCC_NO_COMMON_BLOCKS = YES;
				GCC_OPTIMIZATION_LEVEL = 0;
				GCC_PREPROCESSOR_DEFINITIONS = (
					"DEBUG=1",
					"$(inherited)",
				);
				GCC_WARN_64_TO_32_BIT_CONVERSION = YES;
				GCC_WARN_ABOUT_RETURN_TYPE = YES_ERROR;
				GCC_WARN_UNDECLARED_SELECTOR = YES;
				GCC_WARN_UNINITIALIZED_AUTOS = YES_AGGRESSIVE;
				GCC_WARN_UNUSED_FUNCTION = YES;
				GCC_WARN_UNUSED_VARIABLE = YES;
				IPHONEOS_DEPLOYMENT_TARGET = 10.1;
				MTL_ENABLE_DEBUG_INFO = YES;
				ONLY_ACTIVE_ARCH = YES;
				SDKROOT = iphoneos;
				SWIFT_ACTIVE_COMPILATION_CONDITIONS = DEBUG;
				SWIFT_OPTIMIZATION_LEVEL = "-Onone";
				TARGETED_DEVICE_FAMILY = "1,2";
			};
			name = Debug;
		};
		A52238A11DE544B10037A5BB /* Release */ = {
			isa = XCBuildConfiguration;
			buildSettings = {
				ALWAYS_SEARCH_USER_PATHS = NO;
				CLANG_ANALYZER_NONNULL = YES;
				CLANG_CXX_LANGUAGE_STANDARD = "gnu++0x";
				CLANG_CXX_LIBRARY = "libc++";
				CLANG_ENABLE_MODULES = YES;
				CLANG_ENABLE_OBJC_ARC = YES;
				CLANG_WARN_BOOL_CONVERSION = YES;
				CLANG_WARN_CONSTANT_CONVERSION = YES;
				CLANG_WARN_DIRECT_OBJC_ISA_USAGE = YES_ERROR;
				CLANG_WARN_DOCUMENTATION_COMMENTS = YES;
				CLANG_WARN_EMPTY_BODY = YES;
				CLANG_WARN_ENUM_CONVERSION = YES;
				CLANG_WARN_INFINITE_RECURSION = YES;
				CLANG_WARN_INT_CONVERSION = YES;
				CLANG_WARN_OBJC_ROOT_CLASS = YES_ERROR;
				CLANG_WARN_SUSPICIOUS_MOVES = YES;
				CLANG_WARN_UNREACHABLE_CODE = YES;
				CLANG_WARN__DUPLICATE_METHOD_MATCH = YES;
				"CODE_SIGN_IDENTITY[sdk=iphoneos*]" = "iPhone Developer";
				COPY_PHASE_STRIP = NO;
				DEBUG_INFORMATION_FORMAT = "dwarf-with-dsym";
				ENABLE_NS_ASSERTIONS = NO;
				ENABLE_STRICT_OBJC_MSGSEND = YES;
				GCC_C_LANGUAGE_STANDARD = gnu99;
				GCC_NO_COMMON_BLOCKS = YES;
				GCC_WARN_64_TO_32_BIT_CONVERSION = YES;
				GCC_WARN_ABOUT_RETURN_TYPE = YES_ERROR;
				GCC_WARN_UNDECLARED_SELECTOR = YES;
				GCC_WARN_UNINITIALIZED_AUTOS = YES_AGGRESSIVE;
				GCC_WARN_UNUSED_FUNCTION = YES;
				GCC_WARN_UNUSED_VARIABLE = YES;
				IPHONEOS_DEPLOYMENT_TARGET = 10.1;
				MTL_ENABLE_DEBUG_INFO = NO;
				SDKROOT = iphoneos;
				SWIFT_OPTIMIZATION_LEVEL = "-Owholemodule";
				TARGETED_DEVICE_FAMILY = "1,2";
				VALIDATE_PRODUCT = YES;
			};
			name = Release;
		};
		A52238A31DE544B10037A5BB /* Debug */ = {
			isa = XCBuildConfiguration;
			baseConfigurationReference = 1A0EF923A73B8CDF889B4B5C /* Pods-Lex.debug.xcconfig */;
			buildSettings = {
				ASSETCATALOG_COMPILER_APPICON_NAME = AppIcon;
				DEVELOPMENT_TEAM = C8X66624WA;
				INFOPLIST_FILE = Lex/Info.plist;
				IPHONEOS_DEPLOYMENT_TARGET = 9.0;
				LD_RUNPATH_SEARCH_PATHS = "$(inherited) @executable_path/Frameworks";
				PRODUCT_BUNDLE_IDENTIFIER = com.mr.zhou.a;
				PRODUCT_NAME = "$(TARGET_NAME)";
				SWIFT_OBJC_BRIDGING_HEADER = "Lex/Class/公共配置/Lex-Bridging-Header.h";
				SWIFT_VERSION = 3.0;
			};
			name = Debug;
		};
		A52238A41DE544B10037A5BB /* Release */ = {
			isa = XCBuildConfiguration;
			baseConfigurationReference = D3388DBF3891E847B529B70B /* Pods-Lex.release.xcconfig */;
			buildSettings = {
				ASSETCATALOG_COMPILER_APPICON_NAME = AppIcon;
				DEVELOPMENT_TEAM = C8X66624WA;
				INFOPLIST_FILE = Lex/Info.plist;
				IPHONEOS_DEPLOYMENT_TARGET = 9.0;
				LD_RUNPATH_SEARCH_PATHS = "$(inherited) @executable_path/Frameworks";
				PRODUCT_BUNDLE_IDENTIFIER = com.mr.zhou.a;
				PRODUCT_NAME = "$(TARGET_NAME)";
				SWIFT_OBJC_BRIDGING_HEADER = "Lex/Class/公共配置/Lex-Bridging-Header.h";
				SWIFT_VERSION = 3.0;
			};
			name = Release;
		};
		A52238A61DE544B10037A5BB /* Debug */ = {
			isa = XCBuildConfiguration;
			baseConfigurationReference = 2EB7EBE5A30F6950BB9AFBE3 /* Pods-LexTests.debug.xcconfig */;
			buildSettings = {
				ALWAYS_EMBED_SWIFT_STANDARD_LIBRARIES = YES;
				BUNDLE_LOADER = "$(TEST_HOST)";
				DEVELOPMENT_TEAM = C8X66624WA;
				INFOPLIST_FILE = LexTests/Info.plist;
				LD_RUNPATH_SEARCH_PATHS = "$(inherited) @executable_path/Frameworks @loader_path/Frameworks";
				PRODUCT_BUNDLE_IDENTIFIER = com.mr.zhou.LexTests;
				PRODUCT_NAME = "$(TARGET_NAME)";
				SWIFT_VERSION = 3.0;
				TEST_HOST = "$(BUILT_PRODUCTS_DIR)/Lex.app/Lex";
			};
			name = Debug;
		};
		A52238A71DE544B10037A5BB /* Release */ = {
			isa = XCBuildConfiguration;
			baseConfigurationReference = 6F267505429B8AA397CC999B /* Pods-LexTests.release.xcconfig */;
			buildSettings = {
				ALWAYS_EMBED_SWIFT_STANDARD_LIBRARIES = YES;
				BUNDLE_LOADER = "$(TEST_HOST)";
				DEVELOPMENT_TEAM = C8X66624WA;
				INFOPLIST_FILE = LexTests/Info.plist;
				LD_RUNPATH_SEARCH_PATHS = "$(inherited) @executable_path/Frameworks @loader_path/Frameworks";
				PRODUCT_BUNDLE_IDENTIFIER = com.mr.zhou.LexTests;
				PRODUCT_NAME = "$(TARGET_NAME)";
				SWIFT_VERSION = 3.0;
				TEST_HOST = "$(BUILT_PRODUCTS_DIR)/Lex.app/Lex";
			};
			name = Release;
		};
		A52238A91DE544B10037A5BB /* Debug */ = {
			isa = XCBuildConfiguration;
			baseConfigurationReference = 3A6C832CE54CB7E1A05ABC65 /* Pods-LexUITests.debug.xcconfig */;
			buildSettings = {
				ALWAYS_EMBED_SWIFT_STANDARD_LIBRARIES = YES;
				DEVELOPMENT_TEAM = C8X66624WA;
				INFOPLIST_FILE = LexUITests/Info.plist;
				LD_RUNPATH_SEARCH_PATHS = "$(inherited) @executable_path/Frameworks @loader_path/Frameworks";
				PRODUCT_BUNDLE_IDENTIFIER = com.mr.zhou.LexUITests;
				PRODUCT_NAME = "$(TARGET_NAME)";
				SWIFT_VERSION = 3.0;
				TEST_TARGET_NAME = Lex;
			};
			name = Debug;
		};
		A52238AA1DE544B10037A5BB /* Release */ = {
			isa = XCBuildConfiguration;
			baseConfigurationReference = 15FA35A784B9190BF80A0EC0 /* Pods-LexUITests.release.xcconfig */;
			buildSettings = {
				ALWAYS_EMBED_SWIFT_STANDARD_LIBRARIES = YES;
				DEVELOPMENT_TEAM = C8X66624WA;
				INFOPLIST_FILE = LexUITests/Info.plist;
				LD_RUNPATH_SEARCH_PATHS = "$(inherited) @executable_path/Frameworks @loader_path/Frameworks";
				PRODUCT_BUNDLE_IDENTIFIER = com.mr.zhou.LexUITests;
				PRODUCT_NAME = "$(TARGET_NAME)";
				SWIFT_VERSION = 3.0;
				TEST_TARGET_NAME = Lex;
			};
			name = Release;
		};
/* End XCBuildConfiguration section */

/* Begin XCConfigurationList section */
		A52238771DE544B10037A5BB /* Build configuration list for PBXProject "Lex" */ = {
			isa = XCConfigurationList;
			buildConfigurations = (
				A52238A01DE544B10037A5BB /* Debug */,
				A52238A11DE544B10037A5BB /* Release */,
			);
			defaultConfigurationIsVisible = 0;
			defaultConfigurationName = Release;
		};
		A52238A21DE544B10037A5BB /* Build configuration list for PBXNativeTarget "Lex" */ = {
			isa = XCConfigurationList;
			buildConfigurations = (
				A52238A31DE544B10037A5BB /* Debug */,
				A52238A41DE544B10037A5BB /* Release */,
			);
			defaultConfigurationIsVisible = 0;
			defaultConfigurationName = Release;
		};
		A52238A51DE544B10037A5BB /* Build configuration list for PBXNativeTarget "LexTests" */ = {
			isa = XCConfigurationList;
			buildConfigurations = (
				A52238A61DE544B10037A5BB /* Debug */,
				A52238A71DE544B10037A5BB /* Release */,
			);
			defaultConfigurationIsVisible = 0;
			defaultConfigurationName = Release;
		};
		A52238A81DE544B10037A5BB /* Build configuration list for PBXNativeTarget "LexUITests" */ = {
			isa = XCConfigurationList;
			buildConfigurations = (
				A52238A91DE544B10037A5BB /* Debug */,
				A52238AA1DE544B10037A5BB /* Release */,
			);
			defaultConfigurationIsVisible = 0;
			defaultConfigurationName = Release;
		};
/* End XCConfigurationList section */

/* Begin XCVersionGroup section */
		A52238811DE544B10037A5BB /* Lex.xcdatamodeld */ = {
			isa = XCVersionGroup;
			children = (
				A52238821DE544B10037A5BB /* Lex.xcdatamodel */,
			);
			currentVersion = A52238821DE544B10037A5BB /* Lex.xcdatamodel */;
			path = Lex.xcdatamodeld;
			sourceTree = "<group>";
			versionGroupType = wrapper.xcdatamodel;
		};
/* End XCVersionGroup section */
	};
	rootObject = A52238741DE544B10037A5BB /* Project object */;
}
